{
  "format_version": "0.1",
  "terraform_version": "0.12.25",
  "planned_values": {
    "root_module": {
      "resources": [
        {
          "address": "google_compute_instance.default[\"\"]",
          "mode": "managed",
          "type": "google_compute_instance",
          "name": "default",
          "index": "",
          "provider_name": "google",
          "schema_version": 6,
          "values": {
            "allow_stopping_for_update": null,
            "attached_disk": [],
            "boot_disk": [
              {
                "auto_delete": true,
                "disk_encryption_key_raw": null,
                "initialize_params": [
                  {
                    "image": "debian-cloud/debian-9"
                  }
                ],
                "mode": "READ_WRITE"
              }
            ],
            "can_ip_forward": false,
            "deletion_protection": false,
            "description": null,
            "disk": [],
            "enable_display": null,
            "hostname": null,
            "labels": null,
            "machine_type": "",
            "metadata": null,
            "metadata_startup_script": null,
            "min_cpu_platform": null,
            "name": "test-",
            "network_interface": [
              {
                "access_config": [
                  {
                    "public_ptr_domain_name": null
                  }
                ],
                "alias_ip_range": [],
                "network": "default"
              }
            ],
            "scratch_disk": [],
            "service_account": [],
            "shielded_instance_config": [],
            "tags": null,
            "timeouts": null,
            "zone": "us-central1-a"
          }
        },
        {
          "address": "google_compute_instance.default[\"c2-standard-16\"]",
          "mode": "managed",
          "type": "google_compute_instance",
          "name": "default",
          "index": "c2-standard-16",
          "provider_name": "google",
          "schema_version": 6,
          "values": {
            "allow_stopping_for_update": null,
            "attached_disk": [],
            "boot_disk": [
              {
                "auto_delete": true,
                "disk_encryption_key_raw": null,
                "initialize_params": [
                  {
                    "image": "debian-cloud/debian-9"
                  }
                ],
                "mode": "READ_WRITE"
              }
            ],
            "can_ip_forward": false,
            "deletion_protection": false,
            "description": null,
            "disk": [],
            "enable_display": null,
            "hostname": null,
            "labels": null,
            "machine_type": "c2-standard-16",
            "metadata": null,
            "metadata_startup_script": null,
            "min_cpu_platform": null,
            "name": "test-c2-standard-16",
            "network_interface": [
              {
                "access_config": [
                  {
                    "public_ptr_domain_name": null
                  }
                ],
                "alias_ip_range": [],
                "network": "default"
              }
            ],
            "scratch_disk": [],
            "service_account": [],
            "shielded_instance_config": [],
            "tags": null,
            "timeouts": null,
            "zone": "us-central1-a"
          }
        },
        {
          "address": "google_compute_instance.default[\"c2-standard-30\"]",
          "mode": "managed",
          "type": "google_compute_instance",
          "name": "default",
          "index": "c2-standard-30",
          "provider_name": "google",
          "schema_version": 6,
          "values": {
            "allow_stopping_for_update": null,
            "attached_disk": [],
            "boot_disk": [
              {
                "auto_delete": true,
                "disk_encryption_key_raw": null,
                "initialize_params": [
                  {
                    "image": "debian-cloud/debian-9"
                  }
                ],
                "mode": "READ_WRITE"
              }
            ],
            "can_ip_forward": false,
            "deletion_protection": false,
            "description": null,
            "disk": [],
            "enable_display": null,
            "hostname": null,
            "labels": null,
            "machine_type": "c2-standard-30",
            "metadata": null,
            "metadata_startup_script": null,
            "min_cpu_platform": null,
            "name": "test-c2-standard-30",
            "network_interface": [
              {
                "access_config": [
                  {
                    "public_ptr_domain_name": null
                  }
                ],
                "alias_ip_range": [],
                "network": "default"
              }
            ],
            "scratch_disk": [],
            "service_account": [],
            "shielded_instance_config": [],
            "tags": null,
            "timeouts": null,
            "zone": "us-central1-a"
          }
        },
        {
          "address": "google_compute_instance.default[\"c2-standard-4\"]",
          "mode": "managed",
          "type": "google_compute_instance",
          "name": "default",
          "index": "c2-standard-4",
          "provider_name": "google",
          "schema_version": 6,
          "values": {
            "allow_stopping_for_update": null,
            "attached_disk": [],
            "boot_disk": [
              {
                "auto_delete": true,
                "disk_encryption_key_raw": null,
                "initialize_params": [
                  {
                    "image": "debian-cloud/debian-9"
                  }
                ],
                "mode": "READ_WRITE"
              }
            ],
            "can_ip_forward": false,
            "deletion_protection": false,
            "description": null,
            "disk": [],
            "enable_display": null,
            "hostname": null,
            "labels": null,
            "machine_type": "c2-standard-4",
            "metadata": null,
            "metadata_startup_script": null,
            "min_cpu_platform": null,
            "name": "test-c2-standard-4",
            "network_interface": [
              {
                "access_config": [
                  {
                    "public_ptr_domain_name": null
                  }
                ],
                "alias_ip_range": [],
                "network": "default"
              }
            ],
            "scratch_disk": [],
            "service_account": [],
            "shielded_instance_config": [],
            "tags": null,
            "timeouts": null,
            "zone": "us-central1-a"
          }
        },
        {
          "address": "google_compute_instance.default[\"c2-standard-60\"]",
          "mode": "managed",
          "type": "google_compute_instance",
          "name": "default",
          "index": "c2-standard-60",
          "provider_name": "google",
          "schema_version": 6,
          "values": {
            "allow_stopping_for_update": null,
            "attached_disk": [],
            "boot_disk": [
              {
                "auto_delete": true,
                "disk_encryption_key_raw": null,
                "initialize_params": [
                  {
                    "image": "debian-cloud/debian-9"
                  }
                ],
                "mode": "READ_WRITE"
              }
            ],
            "can_ip_forward": false,
            "deletion_protection": false,
            "description": null,
            "disk": [],
            "enable_display": null,
            "hostname": null,
            "labels": null,
            "machine_type": "c2-standard-60",
            "metadata": null,
            "metadata_startup_script": null,
            "min_cpu_platform": null,
            "name": "test-c2-standard-60",
            "network_interface": [
              {
                "access_config": [
                  {
                    "public_ptr_domain_name": null
                  }
                ],
                "alias_ip_range": [],
                "network": "default"
              }
            ],
            "scratch_disk": [],
            "service_account": [],
            "shielded_instance_config": [],
            "tags": null,
            "timeouts": null,
            "zone": "us-central1-a"
          }
        },
        {
          "address": "google_compute_instance.default[\"c2-standard-8\"]",
          "mode": "managed",
          "type": "google_compute_instance",
          "name": "default",
          "index": "c2-standard-8",
          "provider_name": "google",
          "schema_version": 6,
          "values": {
            "allow_stopping_for_update": null,
            "attached_disk": [],
            "boot_disk": [
              {
                "auto_delete": true,
                "disk_encryption_key_raw": null,
                "initialize_params": [
                  {
                    "image": "debian-cloud/debian-9"
                  }
                ],
                "mode": "READ_WRITE"
              }
            ],
            "can_ip_forward": false,
            "deletion_protection": false,
            "description": null,
            "disk": [],
            "enable_display": null,
            "hostname": null,
            "labels": null,
            "machine_type": "c2-standard-8",
            "metadata": null,
            "metadata_startup_script": null,
            "min_cpu_platform": null,
            "name": "test-c2-standard-8",
            "network_interface": [
              {
                "access_config": [
                  {
                    "public_ptr_domain_name": null
                  }
                ],
                "alias_ip_range": [],
                "network": "default"
              }
            ],
            "scratch_disk": [],
            "service_account": [],
            "shielded_instance_config": [],
            "tags": null,
            "timeouts": null,
            "zone": "us-central1-a"
          }
        },
        {
          "address": "google_compute_instance.default[\"e2-highcpu-16\"]",
          "mode": "managed",
          "type": "google_compute_instance",
          "name": "default",
          "index": "e2-highcpu-16",
          "provider_name": "google",
          "schema_version": 6,
          "values": {
            "allow_stopping_for_update": null,
            "attached_disk": [],
            "boot_disk": [
              {
                "auto_delete": true,
                "disk_encryption_key_raw": null,
                "initialize_params": [
                  {
                    "image": "debian-cloud/debian-9"
                  }
                ],
                "mode": "READ_WRITE"
              }
            ],
            "can_ip_forward": false,
            "deletion_protection": false,
            "description": null,
            "disk": [],
            "enable_display": null,
            "hostname": null,
            "labels": null,
            "machine_type": "e2-highcpu-16",
            "metadata": null,
            "metadata_startup_script": null,
            "min_cpu_platform": null,
            "name": "test-e2-highcpu-16",
            "network_interface": [
              {
                "access_config": [
                  {
                    "public_ptr_domain_name": null
                  }
                ],
                "alias_ip_range": [],
                "network": "default"
              }
            ],
            "scratch_disk": [],
            "service_account": [],
            "shielded_instance_config": [],
            "tags": null,
            "timeouts": null,
            "zone": "us-central1-a"
          }
        },
        {
          "address": "google_compute_instance.default[\"e2-highcpu-2\"]",
          "mode": "managed",
          "type": "google_compute_instance",
          "name": "default",
          "index": "e2-highcpu-2",
          "provider_name": "google",
          "schema_version": 6,
          "values": {
            "allow_stopping_for_update": null,
            "attached_disk": [],
            "boot_disk": [
              {
                "auto_delete": true,
                "disk_encryption_key_raw": null,
                "initialize_params": [
                  {
                    "image": "debian-cloud/debian-9"
                  }
                ],
                "mode": "READ_WRITE"
              }
            ],
            "can_ip_forward": false,
            "deletion_protection": false,
            "description": null,
            "disk": [],
            "enable_display": null,
            "hostname": null,
            "labels": null,
            "machine_type": "e2-highcpu-2",
            "metadata": null,
            "metadata_startup_script": null,
            "min_cpu_platform": null,
            "name": "test-e2-highcpu-2",
            "network_interface": [
              {
                "access_config": [
                  {
                    "public_ptr_domain_name": null
                  }
                ],
                "alias_ip_range": [],
                "network": "default"
              }
            ],
            "scratch_disk": [],
            "service_account": [],
            "shielded_instance_config": [],
            "tags": null,
            "timeouts": null,
            "zone": "us-central1-a"
          }
        },
        {
          "address": "google_compute_instance.default[\"e2-highcpu-32\"]",
          "mode": "managed",
          "type": "google_compute_instance",
          "name": "default",
          "index": "e2-highcpu-32",
          "provider_name": "google",
          "schema_version": 6,
          "values": {
            "allow_stopping_for_update": null,
            "attached_disk": [],
            "boot_disk": [
              {
                "auto_delete": true,
                "disk_encryption_key_raw": null,
                "initialize_params": [
                  {
                    "image": "debian-cloud/debian-9"
                  }
                ],
                "mode": "READ_WRITE"
              }
            ],
            "can_ip_forward": false,
            "deletion_protection": false,
            "description": null,
            "disk": [],
            "enable_display": null,
            "hostname": null,
            "labels": null,
            "machine_type": "e2-highcpu-32",
            "metadata": null,
            "metadata_startup_script": null,
            "min_cpu_platform": null,
            "name": "test-e2-highcpu-32",
            "network_interface": [
              {
                "access_config": [
                  {
                    "public_ptr_domain_name": null
                  }
                ],
                "alias_ip_range": [],
                "network": "default"
              }
            ],
            "scratch_disk": [],
            "service_account": [],
            "shielded_instance_config": [],
            "tags": null,
            "timeouts": null,
            "zone": "us-central1-a"
          }
        },
        {
          "address": "google_compute_instance.default[\"e2-highcpu-4\"]",
          "mode": "managed",
          "type": "google_compute_instance",
          "name": "default",
          "index": "e2-highcpu-4",
          "provider_name": "google",
          "schema_version": 6,
          "values": {
            "allow_stopping_for_update": null,
            "attached_disk": [],
            "boot_disk": [
              {
                "auto_delete": true,
                "disk_encryption_key_raw": null,
                "initialize_params": [
                  {
                    "image": "debian-cloud/debian-9"
                  }
                ],
                "mode": "READ_WRITE"
              }
            ],
            "can_ip_forward": false,
            "deletion_protection": false,
            "description": null,
            "disk": [],
            "enable_display": null,
            "hostname": null,
            "labels": null,
            "machine_type": "e2-highcpu-4",
            "metadata": null,
            "metadata_startup_script": null,
            "min_cpu_platform": null,
            "name": "test-e2-highcpu-4",
            "network_interface": [
              {
                "access_config": [
                  {
                    "public_ptr_domain_name": null
                  }
                ],
                "alias_ip_range": [],
                "network": "default"
              }
            ],
            "scratch_disk": [],
            "service_account": [],
            "shielded_instance_config": [],
            "tags": null,
            "timeouts": null,
            "zone": "us-central1-a"
          }
        },
        {
          "address": "google_compute_instance.default[\"e2-highcpu-8\"]",
          "mode": "managed",
          "type": "google_compute_instance",
          "name": "default",
          "index": "e2-highcpu-8",
          "provider_name": "google",
          "schema_version": 6,
          "values": {
            "allow_stopping_for_update": null,
            "attached_disk": [],
            "boot_disk": [
              {
                "auto_delete": true,
                "disk_encryption_key_raw": null,
                "initialize_params": [
                  {
                    "image": "debian-cloud/debian-9"
                  }
                ],
                "mode": "READ_WRITE"
              }
            ],
            "can_ip_forward": false,
            "deletion_protection": false,
            "description": null,
            "disk": [],
            "enable_display": null,
            "hostname": null,
            "labels": null,
            "machine_type": "e2-highcpu-8",
            "metadata": null,
            "metadata_startup_script": null,
            "min_cpu_platform": null,
            "name": "test-e2-highcpu-8",
            "network_interface": [
              {
                "access_config": [
                  {
                    "public_ptr_domain_name": null
                  }
                ],
                "alias_ip_range": [],
                "network": "default"
              }
            ],
            "scratch_disk": [],
            "service_account": [],
            "shielded_instance_config": [],
            "tags": null,
            "timeouts": null,
            "zone": "us-central1-a"
          }
        },
        {
          "address": "google_compute_instance.default[\"e2-highmem-16\"]",
          "mode": "managed",
          "type": "google_compute_instance",
          "name": "default",
          "index": "e2-highmem-16",
          "provider_name": "google",
          "schema_version": 6,
          "values": {
            "allow_stopping_for_update": null,
            "attached_disk": [],
            "boot_disk": [
              {
                "auto_delete": true,
                "disk_encryption_key_raw": null,
                "initialize_params": [
                  {
                    "image": "debian-cloud/debian-9"
                  }
                ],
                "mode": "READ_WRITE"
              }
            ],
            "can_ip_forward": false,
            "deletion_protection": false,
            "description": null,
            "disk": [],
            "enable_display": null,
            "hostname": null,
            "labels": null,
            "machine_type": "e2-highmem-16",
            "metadata": null,
            "metadata_startup_script": null,
            "min_cpu_platform": null,
            "name": "test-e2-highmem-16",
            "network_interface": [
              {
                "access_config": [
                  {
                    "public_ptr_domain_name": null
                  }
                ],
                "alias_ip_range": [],
                "network": "default"
              }
            ],
            "scratch_disk": [],
            "service_account": [],
            "shielded_instance_config": [],
            "tags": null,
            "timeouts": null,
            "zone": "us-central1-a"
          }
        },
        {
          "address": "google_compute_instance.default[\"e2-highmem-2\"]",
          "mode": "managed",
          "type": "google_compute_instance",
          "name": "default",
          "index": "e2-highmem-2",
          "provider_name": "google",
          "schema_version": 6,
          "values": {
            "allow_stopping_for_update": null,
            "attached_disk": [],
            "boot_disk": [
              {
                "auto_delete": true,
                "disk_encryption_key_raw": null,
                "initialize_params": [
                  {
                    "image": "debian-cloud/debian-9"
                  }
                ],
                "mode": "READ_WRITE"
              }
            ],
            "can_ip_forward": false,
            "deletion_protection": false,
            "description": null,
            "disk": [],
            "enable_display": null,
            "hostname": null,
            "labels": null,
            "machine_type": "e2-highmem-2",
            "metadata": null,
            "metadata_startup_script": null,
            "min_cpu_platform": null,
            "name": "test-e2-highmem-2",
            "network_interface": [
              {
                "access_config": [
                  {
                    "public_ptr_domain_name": null
                  }
                ],
                "alias_ip_range": [],
                "network": "default"
              }
            ],
            "scratch_disk": [],
            "service_account": [],
            "shielded_instance_config": [],
            "tags": null,
            "timeouts": null,
            "zone": "us-central1-a"
          }
        },
        {
          "address": "google_compute_instance.default[\"e2-highmem-4\"]",
          "mode": "managed",
          "type": "google_compute_instance",
          "name": "default",
          "index": "e2-highmem-4",
          "provider_name": "google",
          "schema_version": 6,
          "values": {
            "allow_stopping_for_update": null,
            "attached_disk": [],
            "boot_disk": [
              {
                "auto_delete": true,
                "disk_encryption_key_raw": null,
                "initialize_params": [
                  {
                    "image": "debian-cloud/debian-9"
                  }
                ],
                "mode": "READ_WRITE"
              }
            ],
            "can_ip_forward": false,
            "deletion_protection": false,
            "description": null,
            "disk": [],
            "enable_display": null,
            "hostname": null,
            "labels": null,
            "machine_type": "e2-highmem-4",
            "metadata": null,
            "metadata_startup_script": null,
            "min_cpu_platform": null,
            "name": "test-e2-highmem-4",
            "network_interface": [
              {
                "access_config": [
                  {
                    "public_ptr_domain_name": null
                  }
                ],
                "alias_ip_range": [],
                "network": "default"
              }
            ],
            "scratch_disk": [],
            "service_account": [],
            "shielded_instance_config": [],
            "tags": null,
            "timeouts": null,
            "zone": "us-central1-a"
          }
        },
        {
          "address": "google_compute_instance.default[\"e2-highmem-8\"]",
          "mode": "managed",
          "type": "google_compute_instance",
          "name": "default",
          "index": "e2-highmem-8",
          "provider_name": "google",
          "schema_version": 6,
          "values": {
            "allow_stopping_for_update": null,
            "attached_disk": [],
            "boot_disk": [
              {
                "auto_delete": true,
                "disk_encryption_key_raw": null,
                "initialize_params": [
                  {
                    "image": "debian-cloud/debian-9"
                  }
                ],
                "mode": "READ_WRITE"
              }
            ],
            "can_ip_forward": false,
            "deletion_protection": false,
            "description": null,
            "disk": [],
            "enable_display": null,
            "hostname": null,
            "labels": null,
            "machine_type": "e2-highmem-8",
            "metadata": null,
            "metadata_startup_script": null,
            "min_cpu_platform": null,
            "name": "test-e2-highmem-8",
            "network_interface": [
              {
                "access_config": [
                  {
                    "public_ptr_domain_name": null
                  }
                ],
                "alias_ip_range": [],
                "network": "default"
              }
            ],
            "scratch_disk": [],
            "service_account": [],
            "shielded_instance_config": [],
            "tags": null,
            "timeouts": null,
            "zone": "us-central1-a"
          }
        },
        {
          "address": "google_compute_instance.default[\"e2-medium\"]",
          "mode": "managed",
          "type": "google_compute_instance",
          "name": "default",
          "index": "e2-medium",
          "provider_name": "google",
          "schema_version": 6,
          "values": {
            "allow_stopping_for_update": null,
            "attached_disk": [],
            "boot_disk": [
              {
                "auto_delete": true,
                "disk_encryption_key_raw": null,
                "initialize_params": [
                  {
                    "image": "debian-cloud/debian-9"
                  }
                ],
                "mode": "READ_WRITE"
              }
            ],
            "can_ip_forward": false,
            "deletion_protection": false,
            "description": null,
            "disk": [],
            "enable_display": null,
            "hostname": null,
            "labels": null,
            "machine_type": "e2-medium",
            "metadata": null,
            "metadata_startup_script": null,
            "min_cpu_platform": null,
            "name": "test-e2-medium",
            "network_interface": [
              {
                "access_config": [
                  {
                    "public_ptr_domain_name": null
                  }
                ],
                "alias_ip_range": [],
                "network": "default"
              }
            ],
            "scratch_disk": [],
            "service_account": [],
            "shielded_instance_config": [],
            "tags": null,
            "timeouts": null,
            "zone": "us-central1-a"
          }
        },
        {
          "address": "google_compute_instance.default[\"e2-micro\"]",
          "mode": "managed",
          "type": "google_compute_instance",
          "name": "default",
          "index": "e2-micro",
          "provider_name": "google",
          "schema_version": 6,
          "values": {
            "allow_stopping_for_update": null,
            "attached_disk": [],
            "boot_disk": [
              {
                "auto_delete": true,
                "disk_encryption_key_raw": null,
                "initialize_params": [
                  {
                    "image": "debian-cloud/debian-9"
                  }
                ],
                "mode": "READ_WRITE"
              }
            ],
            "can_ip_forward": false,
            "deletion_protection": false,
            "description": null,
            "disk": [],
            "enable_display": null,
            "hostname": null,
            "labels": null,
            "machine_type": "e2-micro",
            "metadata": null,
            "metadata_startup_script": null,
            "min_cpu_platform": null,
            "name": "test-e2-micro",
            "network_interface": [
              {
                "access_config": [
                  {
                    "public_ptr_domain_name": null
                  }
                ],
                "alias_ip_range": [],
                "network": "default"
              }
            ],
            "scratch_disk": [],
            "service_account": [],
            "shielded_instance_config": [],
            "tags": null,
            "timeouts": null,
            "zone": "us-central1-a"
          }
        },
        {
          "address": "google_compute_instance.default[\"e2-small\"]",
          "mode": "managed",
          "type": "google_compute_instance",
          "name": "default",
          "index": "e2-small",
          "provider_name": "google",
          "schema_version": 6,
          "values": {
            "allow_stopping_for_update": null,
            "attached_disk": [],
            "boot_disk": [
              {
                "auto_delete": true,
                "disk_encryption_key_raw": null,
                "initialize_params": [
                  {
                    "image": "debian-cloud/debian-9"
                  }
                ],
                "mode": "READ_WRITE"
              }
            ],
            "can_ip_forward": false,
            "deletion_protection": false,
            "description": null,
            "disk": [],
            "enable_display": null,
            "hostname": null,
            "labels": null,
            "machine_type": "e2-small",
            "metadata": null,
            "metadata_startup_script": null,
            "min_cpu_platform": null,
            "name": "test-e2-small",
            "network_interface": [
              {
                "access_config": [
                  {
                    "public_ptr_domain_name": null
                  }
                ],
                "alias_ip_range": [],
                "network": "default"
              }
            ],
            "scratch_disk": [],
            "service_account": [],
            "shielded_instance_config": [],
            "tags": null,
            "timeouts": null,
            "zone": "us-central1-a"
          }
        },
        {
          "address": "google_compute_instance.default[\"e2-standard-16\"]",
          "mode": "managed",
          "type": "google_compute_instance",
          "name": "default",
          "index": "e2-standard-16",
          "provider_name": "google",
          "schema_version": 6,
          "values": {
            "allow_stopping_for_update": null,
            "attached_disk": [],
            "boot_disk": [
              {
                "auto_delete": true,
                "disk_encryption_key_raw": null,
                "initialize_params": [
                  {
                    "image": "debian-cloud/debian-9"
                  }
                ],
                "mode": "READ_WRITE"
              }
            ],
            "can_ip_forward": false,
            "deletion_protection": false,
            "description": null,
            "disk": [],
            "enable_display": null,
            "hostname": null,
            "labels": null,
            "machine_type": "e2-standard-16",
            "metadata": null,
            "metadata_startup_script": null,
            "min_cpu_platform": null,
            "name": "test-e2-standard-16",
            "network_interface": [
              {
                "access_config": [
                  {
                    "public_ptr_domain_name": null
                  }
                ],
                "alias_ip_range": [],
                "network": "default"
              }
            ],
            "scratch_disk": [],
            "service_account": [],
            "shielded_instance_config": [],
            "tags": null,
            "timeouts": null,
            "zone": "us-central1-a"
          }
        },
        {
          "address": "google_compute_instance.default[\"e2-standard-2\"]",
          "mode": "managed",
          "type": "google_compute_instance",
          "name": "default",
          "index": "e2-standard-2",
          "provider_name": "google",
          "schema_version": 6,
          "values": {
            "allow_stopping_for_update": null,
            "attached_disk": [],
            "boot_disk": [
              {
                "auto_delete": true,
                "disk_encryption_key_raw": null,
                "initialize_params": [
                  {
                    "image": "debian-cloud/debian-9"
                  }
                ],
                "mode": "READ_WRITE"
              }
            ],
            "can_ip_forward": false,
            "deletion_protection": false,
            "description": null,
            "disk": [],
            "enable_display": null,
            "hostname": null,
            "labels": null,
            "machine_type": "e2-standard-2",
            "metadata": null,
            "metadata_startup_script": null,
            "min_cpu_platform": null,
            "name": "test-e2-standard-2",
            "network_interface": [
              {
                "access_config": [
                  {
                    "public_ptr_domain_name": null
                  }
                ],
                "alias_ip_range": [],
                "network": "default"
              }
            ],
            "scratch_disk": [],
            "service_account": [],
            "shielded_instance_config": [],
            "tags": null,
            "timeouts": null,
            "zone": "us-central1-a"
          }
        },
        {
          "address": "google_compute_instance.default[\"e2-standard-32\"]",
          "mode": "managed",
          "type": "google_compute_instance",
          "name": "default",
          "index": "e2-standard-32",
          "provider_name": "google",
          "schema_version": 6,
          "values": {
            "allow_stopping_for_update": null,
            "attached_disk": [],
            "boot_disk": [
              {
                "auto_delete": true,
                "disk_encryption_key_raw": null,
                "initialize_params": [
                  {
                    "image": "debian-cloud/debian-9"
                  }
                ],
                "mode": "READ_WRITE"
              }
            ],
            "can_ip_forward": false,
            "deletion_protection": false,
            "description": null,
            "disk": [],
            "enable_display": null,
            "hostname": null,
            "labels": null,
            "machine_type": "e2-standard-32",
            "metadata": null,
            "metadata_startup_script": null,
            "min_cpu_platform": null,
            "name": "test-e2-standard-32",
            "network_interface": [
              {
                "access_config": [
                  {
                    "public_ptr_domain_name": null
                  }
                ],
                "alias_ip_range": [],
                "network": "default"
              }
            ],
            "scratch_disk": [],
            "service_account": [],
            "shielded_instance_config": [],
            "tags": null,
            "timeouts": null,
            "zone": "us-central1-a"
          }
        },
        {
          "address": "google_compute_instance.default[\"e2-standard-4\"]",
          "mode": "managed",
          "type": "google_compute_instance",
          "name": "default",
          "index": "e2-standard-4",
          "provider_name": "google",
          "schema_version": 6,
          "values": {
            "allow_stopping_for_update": null,
            "attached_disk": [],
            "boot_disk": [
              {
                "auto_delete": true,
                "disk_encryption_key_raw": null,
                "initialize_params": [
                  {
                    "image": "debian-cloud/debian-9"
                  }
                ],
                "mode": "READ_WRITE"
              }
            ],
            "can_ip_forward": false,
            "deletion_protection": false,
            "description": null,
            "disk": [],
            "enable_display": null,
            "hostname": null,
            "labels": null,
            "machine_type": "e2-standard-4",
            "metadata": null,
            "metadata_startup_script": null,
            "min_cpu_platform": null,
            "name": "test-e2-standard-4",
            "network_interface": [
              {
                "access_config": [
                  {
                    "public_ptr_domain_name": null
                  }
                ],
                "alias_ip_range": [],
                "network": "default"
              }
            ],
            "scratch_disk": [],
            "service_account": [],
            "shielded_instance_config": [],
            "tags": null,
            "timeouts": null,
            "zone": "us-central1-a"
          }
        },
        {
          "address": "google_compute_instance.default[\"e2-standard-8\"]",
          "mode": "managed",
          "type": "google_compute_instance",
          "name": "default",
          "index": "e2-standard-8",
          "provider_name": "google",
          "schema_version": 6,
          "values": {
            "allow_stopping_for_update": null,
            "attached_disk": [],
            "boot_disk": [
              {
                "auto_delete": true,
                "disk_encryption_key_raw": null,
                "initialize_params": [
                  {
                    "image": "debian-cloud/debian-9"
                  }
                ],
                "mode": "READ_WRITE"
              }
            ],
            "can_ip_forward": false,
            "deletion_protection": false,
            "description": null,
            "disk": [],
            "enable_display": null,
            "hostname": null,
            "labels": null,
            "machine_type": "e2-standard-8",
            "metadata": null,
            "metadata_startup_script": null,
            "min_cpu_platform": null,
            "name": "test-e2-standard-8",
            "network_interface": [
              {
                "access_config": [
                  {
                    "public_ptr_domain_name": null
                  }
                ],
                "alias_ip_range": [],
                "network": "default"
              }
            ],
            "scratch_disk": [],
            "service_account": [],
            "shielded_instance_config": [],
            "tags": null,
            "timeouts": null,
            "zone": "us-central1-a"
          }
        },
        {
          "address": "google_compute_instance.default[\"f1-micro\"]",
          "mode": "managed",
          "type": "google_compute_instance",
          "name": "default",
          "index": "f1-micro",
          "provider_name": "google",
          "schema_version": 6,
          "values": {
            "allow_stopping_for_update": null,
            "attached_disk": [],
            "boot_disk": [
              {
                "auto_delete": true,
                "disk_encryption_key_raw": null,
                "initialize_params": [
                  {
                    "image": "debian-cloud/debian-9"
                  }
                ],
                "mode": "READ_WRITE"
              }
            ],
            "can_ip_forward": false,
            "deletion_protection": false,
            "description": null,
            "disk": [],
            "enable_display": null,
            "hostname": null,
            "labels": null,
            "machine_type": "f1-micro",
            "metadata": null,
            "metadata_startup_script": null,
            "min_cpu_platform": null,
            "name": "test-f1-micro",
            "network_interface": [
              {
                "access_config": [
                  {
                    "public_ptr_domain_name": null
                  }
                ],
                "alias_ip_range": [],
                "network": "default"
              }
            ],
            "scratch_disk": [],
            "service_account": [],
            "shielded_instance_config": [],
            "tags": null,
            "timeouts": null,
            "zone": "us-central1-a"
          }
        },
        {
          "address": "google_compute_instance.default[\"g1-small\"]",
          "mode": "managed",
          "type": "google_compute_instance",
          "name": "default",
          "index": "g1-small",
          "provider_name": "google",
          "schema_version": 6,
          "values": {
            "allow_stopping_for_update": null,
            "attached_disk": [],
            "boot_disk": [
              {
                "auto_delete": true,
                "disk_encryption_key_raw": null,
                "initialize_params": [
                  {
                    "image": "debian-cloud/debian-9"
                  }
                ],
                "mode": "READ_WRITE"
              }
            ],
            "can_ip_forward": false,
            "deletion_protection": false,
            "description": null,
            "disk": [],
            "enable_display": null,
            "hostname": null,
            "labels": null,
            "machine_type": "g1-small",
            "metadata": null,
            "metadata_startup_script": null,
            "min_cpu_platform": null,
            "name": "test-g1-small",
            "network_interface": [
              {
                "access_config": [
                  {
                    "public_ptr_domain_name": null
                  }
                ],
                "alias_ip_range": [],
                "network": "default"
              }
            ],
            "scratch_disk": [],
            "service_account": [],
            "shielded_instance_config": [],
            "tags": null,
            "timeouts": null,
            "zone": "us-central1-a"
          }
        },
        {
          "address": "google_compute_instance.default[\"m1-megamem-96\"]",
          "mode": "managed",
          "type": "google_compute_instance",
          "name": "default",
          "index": "m1-megamem-96",
          "provider_name": "google",
          "schema_version": 6,
          "values": {
            "allow_stopping_for_update": null,
            "attached_disk": [],
            "boot_disk": [
              {
                "auto_delete": true,
                "disk_encryption_key_raw": null,
                "initialize_params": [
                  {
                    "image": "debian-cloud/debian-9"
                  }
                ],
                "mode": "READ_WRITE"
              }
            ],
            "can_ip_forward": false,
            "deletion_protection": false,
            "description": null,
            "disk": [],
            "enable_display": null,
            "hostname": null,
            "labels": null,
            "machine_type": "m1-megamem-96",
            "metadata": null,
            "metadata_startup_script": null,
            "min_cpu_platform": null,
            "name": "test-m1-megamem-96",
            "network_interface": [
              {
                "access_config": [
                  {
                    "public_ptr_domain_name": null
                  }
                ],
                "alias_ip_range": [],
                "network": "default"
              }
            ],
            "scratch_disk": [],
            "service_account": [],
            "shielded_instance_config": [],
            "tags": null,
            "timeouts": null,
            "zone": "us-central1-a"
          }
        },
        {
          "address": "google_compute_instance.default[\"m1-ultramem-160\"]",
          "mode": "managed",
          "type": "google_compute_instance",
          "name": "default",
          "index": "m1-ultramem-160",
          "provider_name": "google",
          "schema_version": 6,
          "values": {
            "allow_stopping_for_update": null,
            "attached_disk": [],
            "boot_disk": [
              {
                "auto_delete": true,
                "disk_encryption_key_raw": null,
                "initialize_params": [
                  {
                    "image": "debian-cloud/debian-9"
                  }
                ],
                "mode": "READ_WRITE"
              }
            ],
            "can_ip_forward": false,
            "deletion_protection": false,
            "description": null,
            "disk": [],
            "enable_display": null,
            "hostname": null,
            "labels": null,
            "machine_type": "m1-ultramem-160",
            "metadata": null,
            "metadata_startup_script": null,
            "min_cpu_platform": null,
            "name": "test-m1-ultramem-160",
            "network_interface": [
              {
                "access_config": [
                  {
                    "public_ptr_domain_name": null
                  }
                ],
                "alias_ip_range": [],
                "network": "default"
              }
            ],
            "scratch_disk": [],
            "service_account": [],
            "shielded_instance_config": [],
            "tags": null,
            "timeouts": null,
            "zone": "us-central1-a"
          }
        },
        {
          "address": "google_compute_instance.default[\"m1-ultramem-40\"]",
          "mode": "managed",
          "type": "google_compute_instance",
          "name": "default",
          "index": "m1-ultramem-40",
          "provider_name": "google",
          "schema_version": 6,
          "values": {
            "allow_stopping_for_update": null,
            "attached_disk": [],
            "boot_disk": [
              {
                "auto_delete": true,
                "disk_encryption_key_raw": null,
                "initialize_params": [
                  {
                    "image": "debian-cloud/debian-9"
                  }
                ],
                "mode": "READ_WRITE"
              }
            ],
            "can_ip_forward": false,
            "deletion_protection": false,
            "description": null,
            "disk": [],
            "enable_display": null,
            "hostname": null,
            "labels": null,
            "machine_type": "m1-ultramem-40",
            "metadata": null,
            "metadata_startup_script": null,
            "min_cpu_platform": null,
            "name": "test-m1-ultramem-40",
            "network_interface": [
              {
                "access_config": [
                  {
                    "public_ptr_domain_name": null
                  }
                ],
                "alias_ip_range": [],
                "network": "default"
              }
            ],
            "scratch_disk": [],
            "service_account": [],
            "shielded_instance_config": [],
            "tags": null,
            "timeouts": null,
            "zone": "us-central1-a"
          }
        },
        {
          "address": "google_compute_instance.default[\"m1-ultramem-80\"]",
          "mode": "managed",
          "type": "google_compute_instance",
          "name": "default",
          "index": "m1-ultramem-80",
          "provider_name": "google",
          "schema_version": 6,
          "values": {
            "allow_stopping_for_update": null,
            "attached_disk": [],
            "boot_disk": [
              {
                "auto_delete": true,
                "disk_encryption_key_raw": null,
                "initialize_params": [
                  {
                    "image": "debian-cloud/debian-9"
                  }
                ],
                "mode": "READ_WRITE"
              }
            ],
            "can_ip_forward": false,
            "deletion_protection": false,
            "description": null,
            "disk": [],
            "enable_display": null,
            "hostname": null,
            "labels": null,
            "machine_type": "m1-ultramem-80",
            "metadata": null,
            "metadata_startup_script": null,
            "min_cpu_platform": null,
            "name": "test-m1-ultramem-80",
            "network_interface": [
              {
                "access_config": [
                  {
                    "public_ptr_domain_name": null
                  }
                ],
                "alias_ip_range": [],
                "network": "default"
              }
            ],
            "scratch_disk": [],
            "service_account": [],
            "shielded_instance_config": [],
            "tags": null,
            "timeouts": null,
            "zone": "us-central1-a"
          }
        },
        {
          "address": "google_compute_instance.default[\"n1-highcpu-16\"]",
          "mode": "managed",
          "type": "google_compute_instance",
          "name": "default",
          "index": "n1-highcpu-16",
          "provider_name": "google",
          "schema_version": 6,
          "values": {
            "allow_stopping_for_update": null,
            "attached_disk": [],
            "boot_disk": [
              {
                "auto_delete": true,
                "disk_encryption_key_raw": null,
                "initialize_params": [
                  {
                    "image": "debian-cloud/debian-9"
                  }
                ],
                "mode": "READ_WRITE"
              }
            ],
            "can_ip_forward": false,
            "deletion_protection": false,
            "description": null,
            "disk": [],
            "enable_display": null,
            "hostname": null,
            "labels": null,
            "machine_type": "n1-highcpu-16",
            "metadata": null,
            "metadata_startup_script": null,
            "min_cpu_platform": null,
            "name": "test-n1-highcpu-16",
            "network_interface": [
              {
                "access_config": [
                  {
                    "public_ptr_domain_name": null
                  }
                ],
                "alias_ip_range": [],
                "network": "default"
              }
            ],
            "scratch_disk": [],
            "service_account": [],
            "shielded_instance_config": [],
            "tags": null,
            "timeouts": null,
            "zone": "us-central1-a"
          }
        },
        {
          "address": "google_compute_instance.default[\"n1-highcpu-2\"]",
          "mode": "managed",
          "type": "google_compute_instance",
          "name": "default",
          "index": "n1-highcpu-2",
          "provider_name": "google",
          "schema_version": 6,
          "values": {
            "allow_stopping_for_update": null,
            "attached_disk": [],
            "boot_disk": [
              {
                "auto_delete": true,
                "disk_encryption_key_raw": null,
                "initialize_params": [
                  {
                    "image": "debian-cloud/debian-9"
                  }
                ],
                "mode": "READ_WRITE"
              }
            ],
            "can_ip_forward": false,
            "deletion_protection": false,
            "description": null,
            "disk": [],
            "enable_display": null,
            "hostname": null,
            "labels": null,
            "machine_type": "n1-highcpu-2",
            "metadata": null,
            "metadata_startup_script": null,
            "min_cpu_platform": null,
            "name": "test-n1-highcpu-2",
            "network_interface": [
              {
                "access_config": [
                  {
                    "public_ptr_domain_name": null
                  }
                ],
                "alias_ip_range": [],
                "network": "default"
              }
            ],
            "scratch_disk": [],
            "service_account": [],
            "shielded_instance_config": [],
            "tags": null,
            "timeouts": null,
            "zone": "us-central1-a"
          }
        },
        {
          "address": "google_compute_instance.default[\"n1-highcpu-32\"]",
          "mode": "managed",
          "type": "google_compute_instance",
          "name": "default",
          "index": "n1-highcpu-32",
          "provider_name": "google",
          "schema_version": 6,
          "values": {
            "allow_stopping_for_update": null,
            "attached_disk": [],
            "boot_disk": [
              {
                "auto_delete": true,
                "disk_encryption_key_raw": null,
                "initialize_params": [
                  {
                    "image": "debian-cloud/debian-9"
                  }
                ],
                "mode": "READ_WRITE"
              }
            ],
            "can_ip_forward": false,
            "deletion_protection": false,
            "description": null,
            "disk": [],
            "enable_display": null,
            "hostname": null,
            "labels": null,
            "machine_type": "n1-highcpu-32",
            "metadata": null,
            "metadata_startup_script": null,
            "min_cpu_platform": null,
            "name": "test-n1-highcpu-32",
            "network_interface": [
              {
                "access_config": [
                  {
                    "public_ptr_domain_name": null
                  }
                ],
                "alias_ip_range": [],
                "network": "default"
              }
            ],
            "scratch_disk": [],
            "service_account": [],
            "shielded_instance_config": [],
            "tags": null,
            "timeouts": null,
            "zone": "us-central1-a"
          }
        },
        {
          "address": "google_compute_instance.default[\"n1-highcpu-4\"]",
          "mode": "managed",
          "type": "google_compute_instance",
          "name": "default",
          "index": "n1-highcpu-4",
          "provider_name": "google",
          "schema_version": 6,
          "values": {
            "allow_stopping_for_update": null,
            "attached_disk": [],
            "boot_disk": [
              {
                "auto_delete": true,
                "disk_encryption_key_raw": null,
                "initialize_params": [
                  {
                    "image": "debian-cloud/debian-9"
                  }
                ],
                "mode": "READ_WRITE"
              }
            ],
            "can_ip_forward": false,
            "deletion_protection": false,
            "description": null,
            "disk": [],
            "enable_display": null,
            "hostname": null,
            "labels": null,
            "machine_type": "n1-highcpu-4",
            "metadata": null,
            "metadata_startup_script": null,
            "min_cpu_platform": null,
            "name": "test-n1-highcpu-4",
            "network_interface": [
              {
                "access_config": [
                  {
                    "public_ptr_domain_name": null
                  }
                ],
                "alias_ip_range": [],
                "network": "default"
              }
            ],
            "scratch_disk": [],
            "service_account": [],
            "shielded_instance_config": [],
            "tags": null,
            "timeouts": null,
            "zone": "us-central1-a"
          }
        },
        {
          "address": "google_compute_instance.default[\"n1-highcpu-64\"]",
          "mode": "managed",
          "type": "google_compute_instance",
          "name": "default",
          "index": "n1-highcpu-64",
          "provider_name": "google",
          "schema_version": 6,
          "values": {
            "allow_stopping_for_update": null,
            "attached_disk": [],
            "boot_disk": [
              {
                "auto_delete": true,
                "disk_encryption_key_raw": null,
                "initialize_params": [
                  {
                    "image": "debian-cloud/debian-9"
                  }
                ],
                "mode": "READ_WRITE"
              }
            ],
            "can_ip_forward": false,
            "deletion_protection": false,
            "description": null,
            "disk": [],
            "enable_display": null,
            "hostname": null,
            "labels": null,
            "machine_type": "n1-highcpu-64",
            "metadata": null,
            "metadata_startup_script": null,
            "min_cpu_platform": null,
            "name": "test-n1-highcpu-64",
            "network_interface": [
              {
                "access_config": [
                  {
                    "public_ptr_domain_name": null
                  }
                ],
                "alias_ip_range": [],
                "network": "default"
              }
            ],
            "scratch_disk": [],
            "service_account": [],
            "shielded_instance_config": [],
            "tags": null,
            "timeouts": null,
            "zone": "us-central1-a"
          }
        },
        {
          "address": "google_compute_instance.default[\"n1-highcpu-8\"]",
          "mode": "managed",
          "type": "google_compute_instance",
          "name": "default",
          "index": "n1-highcpu-8",
          "provider_name": "google",
          "schema_version": 6,
          "values": {
            "allow_stopping_for_update": null,
            "attached_disk": [],
            "boot_disk": [
              {
                "auto_delete": true,
                "disk_encryption_key_raw": null,
                "initialize_params": [
                  {
                    "image": "debian-cloud/debian-9"
                  }
                ],
                "mode": "READ_WRITE"
              }
            ],
            "can_ip_forward": false,
            "deletion_protection": false,
            "description": null,
            "disk": [],
            "enable_display": null,
            "hostname": null,
            "labels": null,
            "machine_type": "n1-highcpu-8",
            "metadata": null,
            "metadata_startup_script": null,
            "min_cpu_platform": null,
            "name": "test-n1-highcpu-8",
            "network_interface": [
              {
                "access_config": [
                  {
                    "public_ptr_domain_name": null
                  }
                ],
                "alias_ip_range": [],
                "network": "default"
              }
            ],
            "scratch_disk": [],
            "service_account": [],
            "shielded_instance_config": [],
            "tags": null,
            "timeouts": null,
            "zone": "us-central1-a"
          }
        },
        {
          "address": "google_compute_instance.default[\"n1-highcpu-96\"]",
          "mode": "managed",
          "type": "google_compute_instance",
          "name": "default",
          "index": "n1-highcpu-96",
          "provider_name": "google",
          "schema_version": 6,
          "values": {
            "allow_stopping_for_update": null,
            "attached_disk": [],
            "boot_disk": [
              {
                "auto_delete": true,
                "disk_encryption_key_raw": null,
                "initialize_params": [
                  {
                    "image": "debian-cloud/debian-9"
                  }
                ],
                "mode": "READ_WRITE"
              }
            ],
            "can_ip_forward": false,
            "deletion_protection": false,
            "description": null,
            "disk": [],
            "enable_display": null,
            "hostname": null,
            "labels": null,
            "machine_type": "n1-highcpu-96",
            "metadata": null,
            "metadata_startup_script": null,
            "min_cpu_platform": null,
            "name": "test-n1-highcpu-96",
            "network_interface": [
              {
                "access_config": [
                  {
                    "public_ptr_domain_name": null
                  }
                ],
                "alias_ip_range": [],
                "network": "default"
              }
            ],
            "scratch_disk": [],
            "service_account": [],
            "shielded_instance_config": [],
            "tags": null,
            "timeouts": null,
            "zone": "us-central1-a"
          }
        },
        {
          "address": "google_compute_instance.default[\"n1-highmem-16\"]",
          "mode": "managed",
          "type": "google_compute_instance",
          "name": "default",
          "index": "n1-highmem-16",
          "provider_name": "google",
          "schema_version": 6,
          "values": {
            "allow_stopping_for_update": null,
            "attached_disk": [],
            "boot_disk": [
              {
                "auto_delete": true,
                "disk_encryption_key_raw": null,
                "initialize_params": [
                  {
                    "image": "debian-cloud/debian-9"
                  }
                ],
                "mode": "READ_WRITE"
              }
            ],
            "can_ip_forward": false,
            "deletion_protection": false,
            "description": null,
            "disk": [],
            "enable_display": null,
            "hostname": null,
            "labels": null,
            "machine_type": "n1-highmem-16",
            "metadata": null,
            "metadata_startup_script": null,
            "min_cpu_platform": null,
            "name": "test-n1-highmem-16",
            "network_interface": [
              {
                "access_config": [
                  {
                    "public_ptr_domain_name": null
                  }
                ],
                "alias_ip_range": [],
                "network": "default"
              }
            ],
            "scratch_disk": [],
            "service_account": [],
            "shielded_instance_config": [],
            "tags": null,
            "timeouts": null,
            "zone": "us-central1-a"
          }
        },
        {
          "address": "google_compute_instance.default[\"n1-highmem-2\"]",
          "mode": "managed",
          "type": "google_compute_instance",
          "name": "default",
          "index": "n1-highmem-2",
          "provider_name": "google",
          "schema_version": 6,
          "values": {
            "allow_stopping_for_update": null,
            "attached_disk": [],
            "boot_disk": [
              {
                "auto_delete": true,
                "disk_encryption_key_raw": null,
                "initialize_params": [
                  {
                    "image": "debian-cloud/debian-9"
                  }
                ],
                "mode": "READ_WRITE"
              }
            ],
            "can_ip_forward": false,
            "deletion_protection": false,
            "description": null,
            "disk": [],
            "enable_display": null,
            "hostname": null,
            "labels": null,
            "machine_type": "n1-highmem-2",
            "metadata": null,
            "metadata_startup_script": null,
            "min_cpu_platform": null,
            "name": "test-n1-highmem-2",
            "network_interface": [
              {
                "access_config": [
                  {
                    "public_ptr_domain_name": null
                  }
                ],
                "alias_ip_range": [],
                "network": "default"
              }
            ],
            "scratch_disk": [],
            "service_account": [],
            "shielded_instance_config": [],
            "tags": null,
            "timeouts": null,
            "zone": "us-central1-a"
          }
        },
        {
          "address": "google_compute_instance.default[\"n1-highmem-32\"]",
          "mode": "managed",
          "type": "google_compute_instance",
          "name": "default",
          "index": "n1-highmem-32",
          "provider_name": "google",
          "schema_version": 6,
          "values": {
            "allow_stopping_for_update": null,
            "attached_disk": [],
            "boot_disk": [
              {
                "auto_delete": true,
                "disk_encryption_key_raw": null,
                "initialize_params": [
                  {
                    "image": "debian-cloud/debian-9"
                  }
                ],
                "mode": "READ_WRITE"
              }
            ],
            "can_ip_forward": false,
            "deletion_protection": false,
            "description": null,
            "disk": [],
            "enable_display": null,
            "hostname": null,
            "labels": null,
            "machine_type": "n1-highmem-32",
            "metadata": null,
            "metadata_startup_script": null,
            "min_cpu_platform": null,
            "name": "test-n1-highmem-32",
            "network_interface": [
              {
                "access_config": [
                  {
                    "public_ptr_domain_name": null
                  }
                ],
                "alias_ip_range": [],
                "network": "default"
              }
            ],
            "scratch_disk": [],
            "service_account": [],
            "shielded_instance_config": [],
            "tags": null,
            "timeouts": null,
            "zone": "us-central1-a"
          }
        },
        {
          "address": "google_compute_instance.default[\"n1-highmem-4\"]",
          "mode": "managed",
          "type": "google_compute_instance",
          "name": "default",
          "index": "n1-highmem-4",
          "provider_name": "google",
          "schema_version": 6,
          "values": {
            "allow_stopping_for_update": null,
            "attached_disk": [],
            "boot_disk": [
              {
                "auto_delete": true,
                "disk_encryption_key_raw": null,
                "initialize_params": [
                  {
                    "image": "debian-cloud/debian-9"
                  }
                ],
                "mode": "READ_WRITE"
              }
            ],
            "can_ip_forward": false,
            "deletion_protection": false,
            "description": null,
            "disk": [],
            "enable_display": null,
            "hostname": null,
            "labels": null,
            "machine_type": "n1-highmem-4",
            "metadata": null,
            "metadata_startup_script": null,
            "min_cpu_platform": null,
            "name": "test-n1-highmem-4",
            "network_interface": [
              {
                "access_config": [
                  {
                    "public_ptr_domain_name": null
                  }
                ],
                "alias_ip_range": [],
                "network": "default"
              }
            ],
            "scratch_disk": [],
            "service_account": [],
            "shielded_instance_config": [],
            "tags": null,
            "timeouts": null,
            "zone": "us-central1-a"
          }
        },
        {
          "address": "google_compute_instance.default[\"n1-highmem-64\"]",
          "mode": "managed",
          "type": "google_compute_instance",
          "name": "default",
          "index": "n1-highmem-64",
          "provider_name": "google",
          "schema_version": 6,
          "values": {
            "allow_stopping_for_update": null,
            "attached_disk": [],
            "boot_disk": [
              {
                "auto_delete": true,
                "disk_encryption_key_raw": null,
                "initialize_params": [
                  {
                    "image": "debian-cloud/debian-9"
                  }
                ],
                "mode": "READ_WRITE"
              }
            ],
            "can_ip_forward": false,
            "deletion_protection": false,
            "description": null,
            "disk": [],
            "enable_display": null,
            "hostname": null,
            "labels": null,
            "machine_type": "n1-highmem-64",
            "metadata": null,
            "metadata_startup_script": null,
            "min_cpu_platform": null,
            "name": "test-n1-highmem-64",
            "network_interface": [
              {
                "access_config": [
                  {
                    "public_ptr_domain_name": null
                  }
                ],
                "alias_ip_range": [],
                "network": "default"
              }
            ],
            "scratch_disk": [],
            "service_account": [],
            "shielded_instance_config": [],
            "tags": null,
            "timeouts": null,
            "zone": "us-central1-a"
          }
        },
        {
          "address": "google_compute_instance.default[\"n1-highmem-8\"]",
          "mode": "managed",
          "type": "google_compute_instance",
          "name": "default",
          "index": "n1-highmem-8",
          "provider_name": "google",
          "schema_version": 6,
          "values": {
            "allow_stopping_for_update": null,
            "attached_disk": [],
            "boot_disk": [
              {
                "auto_delete": true,
                "disk_encryption_key_raw": null,
                "initialize_params": [
                  {
                    "image": "debian-cloud/debian-9"
                  }
                ],
                "mode": "READ_WRITE"
              }
            ],
            "can_ip_forward": false,
            "deletion_protection": false,
            "description": null,
            "disk": [],
            "enable_display": null,
            "hostname": null,
            "labels": null,
            "machine_type": "n1-highmem-8",
            "metadata": null,
            "metadata_startup_script": null,
            "min_cpu_platform": null,
            "name": "test-n1-highmem-8",
            "network_interface": [
              {
                "access_config": [
                  {
                    "public_ptr_domain_name": null
                  }
                ],
                "alias_ip_range": [],
                "network": "default"
              }
            ],
            "scratch_disk": [],
            "service_account": [],
            "shielded_instance_config": [],
            "tags": null,
            "timeouts": null,
            "zone": "us-central1-a"
          }
        },
        {
          "address": "google_compute_instance.default[\"n1-highmem-96\"]",
          "mode": "managed",
          "type": "google_compute_instance",
          "name": "default",
          "index": "n1-highmem-96",
          "provider_name": "google",
          "schema_version": 6,
          "values": {
            "allow_stopping_for_update": null,
            "attached_disk": [],
            "boot_disk": [
              {
                "auto_delete": true,
                "disk_encryption_key_raw": null,
                "initialize_params": [
                  {
                    "image": "debian-cloud/debian-9"
                  }
                ],
                "mode": "READ_WRITE"
              }
            ],
            "can_ip_forward": false,
            "deletion_protection": false,
            "description": null,
            "disk": [],
            "enable_display": null,
            "hostname": null,
            "labels": null,
            "machine_type": "n1-highmem-96",
            "metadata": null,
            "metadata_startup_script": null,
            "min_cpu_platform": null,
            "name": "test-n1-highmem-96",
            "network_interface": [
              {
                "access_config": [
                  {
                    "public_ptr_domain_name": null
                  }
                ],
                "alias_ip_range": [],
                "network": "default"
              }
            ],
            "scratch_disk": [],
            "service_account": [],
            "shielded_instance_config": [],
            "tags": null,
            "timeouts": null,
            "zone": "us-central1-a"
          }
        },
        {
          "address": "google_compute_instance.default[\"n1-megamem-96\"]",
          "mode": "managed",
          "type": "google_compute_instance",
          "name": "default",
          "index": "n1-megamem-96",
          "provider_name": "google",
          "schema_version": 6,
          "values": {
            "allow_stopping_for_update": null,
            "attached_disk": [],
            "boot_disk": [
              {
                "auto_delete": true,
                "disk_encryption_key_raw": null,
                "initialize_params": [
                  {
                    "image": "debian-cloud/debian-9"
                  }
                ],
                "mode": "READ_WRITE"
              }
            ],
            "can_ip_forward": false,
            "deletion_protection": false,
            "description": null,
            "disk": [],
            "enable_display": null,
            "hostname": null,
            "labels": null,
            "machine_type": "n1-megamem-96",
            "metadata": null,
            "metadata_startup_script": null,
            "min_cpu_platform": null,
            "name": "test-n1-megamem-96",
            "network_interface": [
              {
                "access_config": [
                  {
                    "public_ptr_domain_name": null
                  }
                ],
                "alias_ip_range": [],
                "network": "default"
              }
            ],
            "scratch_disk": [],
            "service_account": [],
            "shielded_instance_config": [],
            "tags": null,
            "timeouts": null,
            "zone": "us-central1-a"
          }
        },
        {
          "address": "google_compute_instance.default[\"n1-standard-1\"]",
          "mode": "managed",
          "type": "google_compute_instance",
          "name": "default",
          "index": "n1-standard-1",
          "provider_name": "google",
          "schema_version": 6,
          "values": {
            "allow_stopping_for_update": null,
            "attached_disk": [],
            "boot_disk": [
              {
                "auto_delete": true,
                "disk_encryption_key_raw": null,
                "initialize_params": [
                  {
                    "image": "debian-cloud/debian-9"
                  }
                ],
                "mode": "READ_WRITE"
              }
            ],
            "can_ip_forward": false,
            "deletion_protection": false,
            "description": null,
            "disk": [],
            "enable_display": null,
            "hostname": null,
            "labels": null,
            "machine_type": "n1-standard-1",
            "metadata": null,
            "metadata_startup_script": null,
            "min_cpu_platform": null,
            "name": "test-n1-standard-1",
            "network_interface": [
              {
                "access_config": [
                  {
                    "public_ptr_domain_name": null
                  }
                ],
                "alias_ip_range": [],
                "network": "default"
              }
            ],
            "scratch_disk": [],
            "service_account": [],
            "shielded_instance_config": [],
            "tags": null,
            "timeouts": null,
            "zone": "us-central1-a"
          }
        },
        {
          "address": "google_compute_instance.default[\"n1-standard-16\"]",
          "mode": "managed",
          "type": "google_compute_instance",
          "name": "default",
          "index": "n1-standard-16",
          "provider_name": "google",
          "schema_version": 6,
          "values": {
            "allow_stopping_for_update": null,
            "attached_disk": [],
            "boot_disk": [
              {
                "auto_delete": true,
                "disk_encryption_key_raw": null,
                "initialize_params": [
                  {
                    "image": "debian-cloud/debian-9"
                  }
                ],
                "mode": "READ_WRITE"
              }
            ],
            "can_ip_forward": false,
            "deletion_protection": false,
            "description": null,
            "disk": [],
            "enable_display": null,
            "hostname": null,
            "labels": null,
            "machine_type": "n1-standard-16",
            "metadata": null,
            "metadata_startup_script": null,
            "min_cpu_platform": null,
            "name": "test-n1-standard-16",
            "network_interface": [
              {
                "access_config": [
                  {
                    "public_ptr_domain_name": null
                  }
                ],
                "alias_ip_range": [],
                "network": "default"
              }
            ],
            "scratch_disk": [],
            "service_account": [],
            "shielded_instance_config": [],
            "tags": null,
            "timeouts": null,
            "zone": "us-central1-a"
          }
        },
        {
          "address": "google_compute_instance.default[\"n1-standard-2\"]",
          "mode": "managed",
          "type": "google_compute_instance",
          "name": "default",
          "index": "n1-standard-2",
          "provider_name": "google",
          "schema_version": 6,
          "values": {
            "allow_stopping_for_update": null,
            "attached_disk": [],
            "boot_disk": [
              {
                "auto_delete": true,
                "disk_encryption_key_raw": null,
                "initialize_params": [
                  {
                    "image": "debian-cloud/debian-9"
                  }
                ],
                "mode": "READ_WRITE"
              }
            ],
            "can_ip_forward": false,
            "deletion_protection": false,
            "description": null,
            "disk": [],
            "enable_display": null,
            "hostname": null,
            "labels": null,
            "machine_type": "n1-standard-2",
            "metadata": null,
            "metadata_startup_script": null,
            "min_cpu_platform": null,
            "name": "test-n1-standard-2",
            "network_interface": [
              {
                "access_config": [
                  {
                    "public_ptr_domain_name": null
                  }
                ],
                "alias_ip_range": [],
                "network": "default"
              }
            ],
            "scratch_disk": [],
            "service_account": [],
            "shielded_instance_config": [],
            "tags": null,
            "timeouts": null,
            "zone": "us-central1-a"
          }
        },
        {
          "address": "google_compute_instance.default[\"n1-standard-32\"]",
          "mode": "managed",
          "type": "google_compute_instance",
          "name": "default",
          "index": "n1-standard-32",
          "provider_name": "google",
          "schema_version": 6,
          "values": {
            "allow_stopping_for_update": null,
            "attached_disk": [],
            "boot_disk": [
              {
                "auto_delete": true,
                "disk_encryption_key_raw": null,
                "initialize_params": [
                  {
                    "image": "debian-cloud/debian-9"
                  }
                ],
                "mode": "READ_WRITE"
              }
            ],
            "can_ip_forward": false,
            "deletion_protection": false,
            "description": null,
            "disk": [],
            "enable_display": null,
            "hostname": null,
            "labels": null,
            "machine_type": "n1-standard-32",
            "metadata": null,
            "metadata_startup_script": null,
            "min_cpu_platform": null,
            "name": "test-n1-standard-32",
            "network_interface": [
              {
                "access_config": [
                  {
                    "public_ptr_domain_name": null
                  }
                ],
                "alias_ip_range": [],
                "network": "default"
              }
            ],
            "scratch_disk": [],
            "service_account": [],
            "shielded_instance_config": [],
            "tags": null,
            "timeouts": null,
            "zone": "us-central1-a"
          }
        },
        {
          "address": "google_compute_instance.default[\"n1-standard-4\"]",
          "mode": "managed",
          "type": "google_compute_instance",
          "name": "default",
          "index": "n1-standard-4",
          "provider_name": "google",
          "schema_version": 6,
          "values": {
            "allow_stopping_for_update": null,
            "attached_disk": [],
            "boot_disk": [
              {
                "auto_delete": true,
                "disk_encryption_key_raw": null,
                "initialize_params": [
                  {
                    "image": "debian-cloud/debian-9"
                  }
                ],
                "mode": "READ_WRITE"
              }
            ],
            "can_ip_forward": false,
            "deletion_protection": false,
            "description": null,
            "disk": [],
            "enable_display": null,
            "hostname": null,
            "labels": null,
            "machine_type": "n1-standard-4",
            "metadata": null,
            "metadata_startup_script": null,
            "min_cpu_platform": null,
            "name": "test-n1-standard-4",
            "network_interface": [
              {
                "access_config": [
                  {
                    "public_ptr_domain_name": null
                  }
                ],
                "alias_ip_range": [],
                "network": "default"
              }
            ],
            "scratch_disk": [],
            "service_account": [],
            "shielded_instance_config": [],
            "tags": null,
            "timeouts": null,
            "zone": "us-central1-a"
          }
        },
        {
          "address": "google_compute_instance.default[\"n1-standard-64\"]",
          "mode": "managed",
          "type": "google_compute_instance",
          "name": "default",
          "index": "n1-standard-64",
          "provider_name": "google",
          "schema_version": 6,
          "values": {
            "allow_stopping_for_update": null,
            "attached_disk": [],
            "boot_disk": [
              {
                "auto_delete": true,
                "disk_encryption_key_raw": null,
                "initialize_params": [
                  {
                    "image": "debian-cloud/debian-9"
                  }
                ],
                "mode": "READ_WRITE"
              }
            ],
            "can_ip_forward": false,
            "deletion_protection": false,
            "description": null,
            "disk": [],
            "enable_display": null,
            "hostname": null,
            "labels": null,
            "machine_type": "n1-standard-64",
            "metadata": null,
            "metadata_startup_script": null,
            "min_cpu_platform": null,
            "name": "test-n1-standard-64",
            "network_interface": [
              {
                "access_config": [
                  {
                    "public_ptr_domain_name": null
                  }
                ],
                "alias_ip_range": [],
                "network": "default"
              }
            ],
            "scratch_disk": [],
            "service_account": [],
            "shielded_instance_config": [],
            "tags": null,
            "timeouts": null,
            "zone": "us-central1-a"
          }
        },
        {
          "address": "google_compute_instance.default[\"n1-standard-8\"]",
          "mode": "managed",
          "type": "google_compute_instance",
          "name": "default",
          "index": "n1-standard-8",
          "provider_name": "google",
          "schema_version": 6,
          "values": {
            "allow_stopping_for_update": null,
            "attached_disk": [],
            "boot_disk": [
              {
                "auto_delete": true,
                "disk_encryption_key_raw": null,
                "initialize_params": [
                  {
                    "image": "debian-cloud/debian-9"
                  }
                ],
                "mode": "READ_WRITE"
              }
            ],
            "can_ip_forward": false,
            "deletion_protection": false,
            "description": null,
            "disk": [],
            "enable_display": null,
            "hostname": null,
            "labels": null,
            "machine_type": "n1-standard-8",
            "metadata": null,
            "metadata_startup_script": null,
            "min_cpu_platform": null,
            "name": "test-n1-standard-8",
            "network_interface": [
              {
                "access_config": [
                  {
                    "public_ptr_domain_name": null
                  }
                ],
                "alias_ip_range": [],
                "network": "default"
              }
            ],
            "scratch_disk": [],
            "service_account": [],
            "shielded_instance_config": [],
            "tags": null,
            "timeouts": null,
            "zone": "us-central1-a"
          }
        },
        {
          "address": "google_compute_instance.default[\"n1-standard-96\"]",
          "mode": "managed",
          "type": "google_compute_instance",
          "name": "default",
          "index": "n1-standard-96",
          "provider_name": "google",
          "schema_version": 6,
          "values": {
            "allow_stopping_for_update": null,
            "attached_disk": [],
            "boot_disk": [
              {
                "auto_delete": true,
                "disk_encryption_key_raw": null,
                "initialize_params": [
                  {
                    "image": "debian-cloud/debian-9"
                  }
                ],
                "mode": "READ_WRITE"
              }
            ],
            "can_ip_forward": false,
            "deletion_protection": false,
            "description": null,
            "disk": [],
            "enable_display": null,
            "hostname": null,
            "labels": null,
            "machine_type": "n1-standard-96",
            "metadata": null,
            "metadata_startup_script": null,
            "min_cpu_platform": null,
            "name": "test-n1-standard-96",
            "network_interface": [
              {
                "access_config": [
                  {
                    "public_ptr_domain_name": null
                  }
                ],
                "alias_ip_range": [],
                "network": "default"
              }
            ],
            "scratch_disk": [],
            "service_account": [],
            "shielded_instance_config": [],
            "tags": null,
            "timeouts": null,
            "zone": "us-central1-a"
          }
        },
        {
          "address": "google_compute_instance.default[\"n1-ultramem-160\"]",
          "mode": "managed",
          "type": "google_compute_instance",
          "name": "default",
          "index": "n1-ultramem-160",
          "provider_name": "google",
          "schema_version": 6,
          "values": {
            "allow_stopping_for_update": null,
            "attached_disk": [],
            "boot_disk": [
              {
                "auto_delete": true,
                "disk_encryption_key_raw": null,
                "initialize_params": [
                  {
                    "image": "debian-cloud/debian-9"
                  }
                ],
                "mode": "READ_WRITE"
              }
            ],
            "can_ip_forward": false,
            "deletion_protection": false,
            "description": null,
            "disk": [],
            "enable_display": null,
            "hostname": null,
            "labels": null,
            "machine_type": "n1-ultramem-160",
            "metadata": null,
            "metadata_startup_script": null,
            "min_cpu_platform": null,
            "name": "test-n1-ultramem-160",
            "network_interface": [
              {
                "access_config": [
                  {
                    "public_ptr_domain_name": null
                  }
                ],
                "alias_ip_range": [],
                "network": "default"
              }
            ],
            "scratch_disk": [],
            "service_account": [],
            "shielded_instance_config": [],
            "tags": null,
            "timeouts": null,
            "zone": "us-central1-a"
          }
        },
        {
          "address": "google_compute_instance.default[\"n1-ultramem-40\"]",
          "mode": "managed",
          "type": "google_compute_instance",
          "name": "default",
          "index": "n1-ultramem-40",
          "provider_name": "google",
          "schema_version": 6,
          "values": {
            "allow_stopping_for_update": null,
            "attached_disk": [],
            "boot_disk": [
              {
                "auto_delete": true,
                "disk_encryption_key_raw": null,
                "initialize_params": [
                  {
                    "image": "debian-cloud/debian-9"
                  }
                ],
                "mode": "READ_WRITE"
              }
            ],
            "can_ip_forward": false,
            "deletion_protection": false,
            "description": null,
            "disk": [],
            "enable_display": null,
            "hostname": null,
            "labels": null,
            "machine_type": "n1-ultramem-40",
            "metadata": null,
            "metadata_startup_script": null,
            "min_cpu_platform": null,
            "name": "test-n1-ultramem-40",
            "network_interface": [
              {
                "access_config": [
                  {
                    "public_ptr_domain_name": null
                  }
                ],
                "alias_ip_range": [],
                "network": "default"
              }
            ],
            "scratch_disk": [],
            "service_account": [],
            "shielded_instance_config": [],
            "tags": null,
            "timeouts": null,
            "zone": "us-central1-a"
          }
        },
        {
          "address": "google_compute_instance.default[\"n1-ultramem-80\"]",
          "mode": "managed",
          "type": "google_compute_instance",
          "name": "default",
          "index": "n1-ultramem-80",
          "provider_name": "google",
          "schema_version": 6,
          "values": {
            "allow_stopping_for_update": null,
            "attached_disk": [],
            "boot_disk": [
              {
                "auto_delete": true,
                "disk_encryption_key_raw": null,
                "initialize_params": [
                  {
                    "image": "debian-cloud/debian-9"
                  }
                ],
                "mode": "READ_WRITE"
              }
            ],
            "can_ip_forward": false,
            "deletion_protection": false,
            "description": null,
            "disk": [],
            "enable_display": null,
            "hostname": null,
            "labels": null,
            "machine_type": "n1-ultramem-80",
            "metadata": null,
            "metadata_startup_script": null,
            "min_cpu_platform": null,
            "name": "test-n1-ultramem-80",
            "network_interface": [
              {
                "access_config": [
                  {
                    "public_ptr_domain_name": null
                  }
                ],
                "alias_ip_range": [],
                "network": "default"
              }
            ],
            "scratch_disk": [],
            "service_account": [],
            "shielded_instance_config": [],
            "tags": null,
            "timeouts": null,
            "zone": "us-central1-a"
          }
        },
        {
          "address": "google_compute_instance.default[\"n2-highcpu-16\"]",
          "mode": "managed",
          "type": "google_compute_instance",
          "name": "default",
          "index": "n2-highcpu-16",
          "provider_name": "google",
          "schema_version": 6,
          "values": {
            "allow_stopping_for_update": null,
            "attached_disk": [],
            "boot_disk": [
              {
                "auto_delete": true,
                "disk_encryption_key_raw": null,
                "initialize_params": [
                  {
                    "image": "debian-cloud/debian-9"
                  }
                ],
                "mode": "READ_WRITE"
              }
            ],
            "can_ip_forward": false,
            "deletion_protection": false,
            "description": null,
            "disk": [],
            "enable_display": null,
            "hostname": null,
            "labels": null,
            "machine_type": "n2-highcpu-16",
            "metadata": null,
            "metadata_startup_script": null,
            "min_cpu_platform": null,
            "name": "test-n2-highcpu-16",
            "network_interface": [
              {
                "access_config": [
                  {
                    "public_ptr_domain_name": null
                  }
                ],
                "alias_ip_range": [],
                "network": "default"
              }
            ],
            "scratch_disk": [],
            "service_account": [],
            "shielded_instance_config": [],
            "tags": null,
            "timeouts": null,
            "zone": "us-central1-a"
          }
        },
        {
          "address": "google_compute_instance.default[\"n2-highcpu-2\"]",
          "mode": "managed",
          "type": "google_compute_instance",
          "name": "default",
          "index": "n2-highcpu-2",
          "provider_name": "google",
          "schema_version": 6,
          "values": {
            "allow_stopping_for_update": null,
            "attached_disk": [],
            "boot_disk": [
              {
                "auto_delete": true,
                "disk_encryption_key_raw": null,
                "initialize_params": [
                  {
                    "image": "debian-cloud/debian-9"
                  }
                ],
                "mode": "READ_WRITE"
              }
            ],
            "can_ip_forward": false,
            "deletion_protection": false,
            "description": null,
            "disk": [],
            "enable_display": null,
            "hostname": null,
            "labels": null,
            "machine_type": "n2-highcpu-2",
            "metadata": null,
            "metadata_startup_script": null,
            "min_cpu_platform": null,
            "name": "test-n2-highcpu-2",
            "network_interface": [
              {
                "access_config": [
                  {
                    "public_ptr_domain_name": null
                  }
                ],
                "alias_ip_range": [],
                "network": "default"
              }
            ],
            "scratch_disk": [],
            "service_account": [],
            "shielded_instance_config": [],
            "tags": null,
            "timeouts": null,
            "zone": "us-central1-a"
          }
        },
        {
          "address": "google_compute_instance.default[\"n2-highcpu-32\"]",
          "mode": "managed",
          "type": "google_compute_instance",
          "name": "default",
          "index": "n2-highcpu-32",
          "provider_name": "google",
          "schema_version": 6,
          "values": {
            "allow_stopping_for_update": null,
            "attached_disk": [],
            "boot_disk": [
              {
                "auto_delete": true,
                "disk_encryption_key_raw": null,
                "initialize_params": [
                  {
                    "image": "debian-cloud/debian-9"
                  }
                ],
                "mode": "READ_WRITE"
              }
            ],
            "can_ip_forward": false,
            "deletion_protection": false,
            "description": null,
            "disk": [],
            "enable_display": null,
            "hostname": null,
            "labels": null,
            "machine_type": "n2-highcpu-32",
            "metadata": null,
            "metadata_startup_script": null,
            "min_cpu_platform": null,
            "name": "test-n2-highcpu-32",
            "network_interface": [
              {
                "access_config": [
                  {
                    "public_ptr_domain_name": null
                  }
                ],
                "alias_ip_range": [],
                "network": "default"
              }
            ],
            "scratch_disk": [],
            "service_account": [],
            "shielded_instance_config": [],
            "tags": null,
            "timeouts": null,
            "zone": "us-central1-a"
          }
        },
        {
          "address": "google_compute_instance.default[\"n2-highcpu-4\"]",
          "mode": "managed",
          "type": "google_compute_instance",
          "name": "default",
          "index": "n2-highcpu-4",
          "provider_name": "google",
          "schema_version": 6,
          "values": {
            "allow_stopping_for_update": null,
            "attached_disk": [],
            "boot_disk": [
              {
                "auto_delete": true,
                "disk_encryption_key_raw": null,
                "initialize_params": [
                  {
                    "image": "debian-cloud/debian-9"
                  }
                ],
                "mode": "READ_WRITE"
              }
            ],
            "can_ip_forward": false,
            "deletion_protection": false,
            "description": null,
            "disk": [],
            "enable_display": null,
            "hostname": null,
            "labels": null,
            "machine_type": "n2-highcpu-4",
            "metadata": null,
            "metadata_startup_script": null,
            "min_cpu_platform": null,
            "name": "test-n2-highcpu-4",
            "network_interface": [
              {
                "access_config": [
                  {
                    "public_ptr_domain_name": null
                  }
                ],
                "alias_ip_range": [],
                "network": "default"
              }
            ],
            "scratch_disk": [],
            "service_account": [],
            "shielded_instance_config": [],
            "tags": null,
            "timeouts": null,
            "zone": "us-central1-a"
          }
        },
        {
          "address": "google_compute_instance.default[\"n2-highcpu-48\"]",
          "mode": "managed",
          "type": "google_compute_instance",
          "name": "default",
          "index": "n2-highcpu-48",
          "provider_name": "google",
          "schema_version": 6,
          "values": {
            "allow_stopping_for_update": null,
            "attached_disk": [],
            "boot_disk": [
              {
                "auto_delete": true,
                "disk_encryption_key_raw": null,
                "initialize_params": [
                  {
                    "image": "debian-cloud/debian-9"
                  }
                ],
                "mode": "READ_WRITE"
              }
            ],
            "can_ip_forward": false,
            "deletion_protection": false,
            "description": null,
            "disk": [],
            "enable_display": null,
            "hostname": null,
            "labels": null,
            "machine_type": "n2-highcpu-48",
            "metadata": null,
            "metadata_startup_script": null,
            "min_cpu_platform": null,
            "name": "test-n2-highcpu-48",
            "network_interface": [
              {
                "access_config": [
                  {
                    "public_ptr_domain_name": null
                  }
                ],
                "alias_ip_range": [],
                "network": "default"
              }
            ],
            "scratch_disk": [],
            "service_account": [],
            "shielded_instance_config": [],
            "tags": null,
            "timeouts": null,
            "zone": "us-central1-a"
          }
        },
        {
          "address": "google_compute_instance.default[\"n2-highcpu-64\"]",
          "mode": "managed",
          "type": "google_compute_instance",
          "name": "default",
          "index": "n2-highcpu-64",
          "provider_name": "google",
          "schema_version": 6,
          "values": {
            "allow_stopping_for_update": null,
            "attached_disk": [],
            "boot_disk": [
              {
                "auto_delete": true,
                "disk_encryption_key_raw": null,
                "initialize_params": [
                  {
                    "image": "debian-cloud/debian-9"
                  }
                ],
                "mode": "READ_WRITE"
              }
            ],
            "can_ip_forward": false,
            "deletion_protection": false,
            "description": null,
            "disk": [],
            "enable_display": null,
            "hostname": null,
            "labels": null,
            "machine_type": "n2-highcpu-64",
            "metadata": null,
            "metadata_startup_script": null,
            "min_cpu_platform": null,
            "name": "test-n2-highcpu-64",
            "network_interface": [
              {
                "access_config": [
                  {
                    "public_ptr_domain_name": null
                  }
                ],
                "alias_ip_range": [],
                "network": "default"
              }
            ],
            "scratch_disk": [],
            "service_account": [],
            "shielded_instance_config": [],
            "tags": null,
            "timeouts": null,
            "zone": "us-central1-a"
          }
        },
        {
          "address": "google_compute_instance.default[\"n2-highcpu-8\"]",
          "mode": "managed",
          "type": "google_compute_instance",
          "name": "default",
          "index": "n2-highcpu-8",
          "provider_name": "google",
          "schema_version": 6,
          "values": {
            "allow_stopping_for_update": null,
            "attached_disk": [],
            "boot_disk": [
              {
                "auto_delete": true,
                "disk_encryption_key_raw": null,
                "initialize_params": [
                  {
                    "image": "debian-cloud/debian-9"
                  }
                ],
                "mode": "READ_WRITE"
              }
            ],
            "can_ip_forward": false,
            "deletion_protection": false,
            "description": null,
            "disk": [],
            "enable_display": null,
            "hostname": null,
            "labels": null,
            "machine_type": "n2-highcpu-8",
            "metadata": null,
            "metadata_startup_script": null,
            "min_cpu_platform": null,
            "name": "test-n2-highcpu-8",
            "network_interface": [
              {
                "access_config": [
                  {
                    "public_ptr_domain_name": null
                  }
                ],
                "alias_ip_range": [],
                "network": "default"
              }
            ],
            "scratch_disk": [],
            "service_account": [],
            "shielded_instance_config": [],
            "tags": null,
            "timeouts": null,
            "zone": "us-central1-a"
          }
        },
        {
          "address": "google_compute_instance.default[\"n2-highcpu-80\"]",
          "mode": "managed",
          "type": "google_compute_instance",
          "name": "default",
          "index": "n2-highcpu-80",
          "provider_name": "google",
          "schema_version": 6,
          "values": {
            "allow_stopping_for_update": null,
            "attached_disk": [],
            "boot_disk": [
              {
                "auto_delete": true,
                "disk_encryption_key_raw": null,
                "initialize_params": [
                  {
                    "image": "debian-cloud/debian-9"
                  }
                ],
                "mode": "READ_WRITE"
              }
            ],
            "can_ip_forward": false,
            "deletion_protection": false,
            "description": null,
            "disk": [],
            "enable_display": null,
            "hostname": null,
            "labels": null,
            "machine_type": "n2-highcpu-80",
            "metadata": null,
            "metadata_startup_script": null,
            "min_cpu_platform": null,
            "name": "test-n2-highcpu-80",
            "network_interface": [
              {
                "access_config": [
                  {
                    "public_ptr_domain_name": null
                  }
                ],
                "alias_ip_range": [],
                "network": "default"
              }
            ],
            "scratch_disk": [],
            "service_account": [],
            "shielded_instance_config": [],
            "tags": null,
            "timeouts": null,
            "zone": "us-central1-a"
          }
        },
        {
          "address": "google_compute_instance.default[\"n2-highmem-16\"]",
          "mode": "managed",
          "type": "google_compute_instance",
          "name": "default",
          "index": "n2-highmem-16",
          "provider_name": "google",
          "schema_version": 6,
          "values": {
            "allow_stopping_for_update": null,
            "attached_disk": [],
            "boot_disk": [
              {
                "auto_delete": true,
                "disk_encryption_key_raw": null,
                "initialize_params": [
                  {
                    "image": "debian-cloud/debian-9"
                  }
                ],
                "mode": "READ_WRITE"
              }
            ],
            "can_ip_forward": false,
            "deletion_protection": false,
            "description": null,
            "disk": [],
            "enable_display": null,
            "hostname": null,
            "labels": null,
            "machine_type": "n2-highmem-16",
            "metadata": null,
            "metadata_startup_script": null,
            "min_cpu_platform": null,
            "name": "test-n2-highmem-16",
            "network_interface": [
              {
                "access_config": [
                  {
                    "public_ptr_domain_name": null
                  }
                ],
                "alias_ip_range": [],
                "network": "default"
              }
            ],
            "scratch_disk": [],
            "service_account": [],
            "shielded_instance_config": [],
            "tags": null,
            "timeouts": null,
            "zone": "us-central1-a"
          }
        },
        {
          "address": "google_compute_instance.default[\"n2-highmem-2\"]",
          "mode": "managed",
          "type": "google_compute_instance",
          "name": "default",
          "index": "n2-highmem-2",
          "provider_name": "google",
          "schema_version": 6,
          "values": {
            "allow_stopping_for_update": null,
            "attached_disk": [],
            "boot_disk": [
              {
                "auto_delete": true,
                "disk_encryption_key_raw": null,
                "initialize_params": [
                  {
                    "image": "debian-cloud/debian-9"
                  }
                ],
                "mode": "READ_WRITE"
              }
            ],
            "can_ip_forward": false,
            "deletion_protection": false,
            "description": null,
            "disk": [],
            "enable_display": null,
            "hostname": null,
            "labels": null,
            "machine_type": "n2-highmem-2",
            "metadata": null,
            "metadata_startup_script": null,
            "min_cpu_platform": null,
            "name": "test-n2-highmem-2",
            "network_interface": [
              {
                "access_config": [
                  {
                    "public_ptr_domain_name": null
                  }
                ],
                "alias_ip_range": [],
                "network": "default"
              }
            ],
            "scratch_disk": [],
            "service_account": [],
            "shielded_instance_config": [],
            "tags": null,
            "timeouts": null,
            "zone": "us-central1-a"
          }
        },
        {
          "address": "google_compute_instance.default[\"n2-highmem-32\"]",
          "mode": "managed",
          "type": "google_compute_instance",
          "name": "default",
          "index": "n2-highmem-32",
          "provider_name": "google",
          "schema_version": 6,
          "values": {
            "allow_stopping_for_update": null,
            "attached_disk": [],
            "boot_disk": [
              {
                "auto_delete": true,
                "disk_encryption_key_raw": null,
                "initialize_params": [
                  {
                    "image": "debian-cloud/debian-9"
                  }
                ],
                "mode": "READ_WRITE"
              }
            ],
            "can_ip_forward": false,
            "deletion_protection": false,
            "description": null,
            "disk": [],
            "enable_display": null,
            "hostname": null,
            "labels": null,
            "machine_type": "n2-highmem-32",
            "metadata": null,
            "metadata_startup_script": null,
            "min_cpu_platform": null,
            "name": "test-n2-highmem-32",
            "network_interface": [
              {
                "access_config": [
                  {
                    "public_ptr_domain_name": null
                  }
                ],
                "alias_ip_range": [],
                "network": "default"
              }
            ],
            "scratch_disk": [],
            "service_account": [],
            "shielded_instance_config": [],
            "tags": null,
            "timeouts": null,
            "zone": "us-central1-a"
          }
        },
        {
          "address": "google_compute_instance.default[\"n2-highmem-4\"]",
          "mode": "managed",
          "type": "google_compute_instance",
          "name": "default",
          "index": "n2-highmem-4",
          "provider_name": "google",
          "schema_version": 6,
          "values": {
            "allow_stopping_for_update": null,
            "attached_disk": [],
            "boot_disk": [
              {
                "auto_delete": true,
                "disk_encryption_key_raw": null,
                "initialize_params": [
                  {
                    "image": "debian-cloud/debian-9"
                  }
                ],
                "mode": "READ_WRITE"
              }
            ],
            "can_ip_forward": false,
            "deletion_protection": false,
            "description": null,
            "disk": [],
            "enable_display": null,
            "hostname": null,
            "labels": null,
            "machine_type": "n2-highmem-4",
            "metadata": null,
            "metadata_startup_script": null,
            "min_cpu_platform": null,
            "name": "test-n2-highmem-4",
            "network_interface": [
              {
                "access_config": [
                  {
                    "public_ptr_domain_name": null
                  }
                ],
                "alias_ip_range": [],
                "network": "default"
              }
            ],
            "scratch_disk": [],
            "service_account": [],
            "shielded_instance_config": [],
            "tags": null,
            "timeouts": null,
            "zone": "us-central1-a"
          }
        },
        {
          "address": "google_compute_instance.default[\"n2-highmem-48\"]",
          "mode": "managed",
          "type": "google_compute_instance",
          "name": "default",
          "index": "n2-highmem-48",
          "provider_name": "google",
          "schema_version": 6,
          "values": {
            "allow_stopping_for_update": null,
            "attached_disk": [],
            "boot_disk": [
              {
                "auto_delete": true,
                "disk_encryption_key_raw": null,
                "initialize_params": [
                  {
                    "image": "debian-cloud/debian-9"
                  }
                ],
                "mode": "READ_WRITE"
              }
            ],
            "can_ip_forward": false,
            "deletion_protection": false,
            "description": null,
            "disk": [],
            "enable_display": null,
            "hostname": null,
            "labels": null,
            "machine_type": "n2-highmem-48",
            "metadata": null,
            "metadata_startup_script": null,
            "min_cpu_platform": null,
            "name": "test-n2-highmem-48",
            "network_interface": [
              {
                "access_config": [
                  {
                    "public_ptr_domain_name": null
                  }
                ],
                "alias_ip_range": [],
                "network": "default"
              }
            ],
            "scratch_disk": [],
            "service_account": [],
            "shielded_instance_config": [],
            "tags": null,
            "timeouts": null,
            "zone": "us-central1-a"
          }
        },
        {
          "address": "google_compute_instance.default[\"n2-highmem-64\"]",
          "mode": "managed",
          "type": "google_compute_instance",
          "name": "default",
          "index": "n2-highmem-64",
          "provider_name": "google",
          "schema_version": 6,
          "values": {
            "allow_stopping_for_update": null,
            "attached_disk": [],
            "boot_disk": [
              {
                "auto_delete": true,
                "disk_encryption_key_raw": null,
                "initialize_params": [
                  {
                    "image": "debian-cloud/debian-9"
                  }
                ],
                "mode": "READ_WRITE"
              }
            ],
            "can_ip_forward": false,
            "deletion_protection": false,
            "description": null,
            "disk": [],
            "enable_display": null,
            "hostname": null,
            "labels": null,
            "machine_type": "n2-highmem-64",
            "metadata": null,
            "metadata_startup_script": null,
            "min_cpu_platform": null,
            "name": "test-n2-highmem-64",
            "network_interface": [
              {
                "access_config": [
                  {
                    "public_ptr_domain_name": null
                  }
                ],
                "alias_ip_range": [],
                "network": "default"
              }
            ],
            "scratch_disk": [],
            "service_account": [],
            "shielded_instance_config": [],
            "tags": null,
            "timeouts": null,
            "zone": "us-central1-a"
          }
        },
        {
          "address": "google_compute_instance.default[\"n2-highmem-8\"]",
          "mode": "managed",
          "type": "google_compute_instance",
          "name": "default",
          "index": "n2-highmem-8",
          "provider_name": "google",
          "schema_version": 6,
          "values": {
            "allow_stopping_for_update": null,
            "attached_disk": [],
            "boot_disk": [
              {
                "auto_delete": true,
                "disk_encryption_key_raw": null,
                "initialize_params": [
                  {
                    "image": "debian-cloud/debian-9"
                  }
                ],
                "mode": "READ_WRITE"
              }
            ],
            "can_ip_forward": false,
            "deletion_protection": false,
            "description": null,
            "disk": [],
            "enable_display": null,
            "hostname": null,
            "labels": null,
            "machine_type": "n2-highmem-8",
            "metadata": null,
            "metadata_startup_script": null,
            "min_cpu_platform": null,
            "name": "test-n2-highmem-8",
            "network_interface": [
              {
                "access_config": [
                  {
                    "public_ptr_domain_name": null
                  }
                ],
                "alias_ip_range": [],
                "network": "default"
              }
            ],
            "scratch_disk": [],
            "service_account": [],
            "shielded_instance_config": [],
            "tags": null,
            "timeouts": null,
            "zone": "us-central1-a"
          }
        },
        {
          "address": "google_compute_instance.default[\"n2-highmem-80\"]",
          "mode": "managed",
          "type": "google_compute_instance",
          "name": "default",
          "index": "n2-highmem-80",
          "provider_name": "google",
          "schema_version": 6,
          "values": {
            "allow_stopping_for_update": null,
            "attached_disk": [],
            "boot_disk": [
              {
                "auto_delete": true,
                "disk_encryption_key_raw": null,
                "initialize_params": [
                  {
                    "image": "debian-cloud/debian-9"
                  }
                ],
                "mode": "READ_WRITE"
              }
            ],
            "can_ip_forward": false,
            "deletion_protection": false,
            "description": null,
            "disk": [],
            "enable_display": null,
            "hostname": null,
            "labels": null,
            "machine_type": "n2-highmem-80",
            "metadata": null,
            "metadata_startup_script": null,
            "min_cpu_platform": null,
            "name": "test-n2-highmem-80",
            "network_interface": [
              {
                "access_config": [
                  {
                    "public_ptr_domain_name": null
                  }
                ],
                "alias_ip_range": [],
                "network": "default"
              }
            ],
            "scratch_disk": [],
            "service_account": [],
            "shielded_instance_config": [],
            "tags": null,
            "timeouts": null,
            "zone": "us-central1-a"
          }
        },
        {
          "address": "google_compute_instance.default[\"n2-standard-16\"]",
          "mode": "managed",
          "type": "google_compute_instance",
          "name": "default",
          "index": "n2-standard-16",
          "provider_name": "google",
          "schema_version": 6,
          "values": {
            "allow_stopping_for_update": null,
            "attached_disk": [],
            "boot_disk": [
              {
                "auto_delete": true,
                "disk_encryption_key_raw": null,
                "initialize_params": [
                  {
                    "image": "debian-cloud/debian-9"
                  }
                ],
                "mode": "READ_WRITE"
              }
            ],
            "can_ip_forward": false,
            "deletion_protection": false,
            "description": null,
            "disk": [],
            "enable_display": null,
            "hostname": null,
            "labels": null,
            "machine_type": "n2-standard-16",
            "metadata": null,
            "metadata_startup_script": null,
            "min_cpu_platform": null,
            "name": "test-n2-standard-16",
            "network_interface": [
              {
                "access_config": [
                  {
                    "public_ptr_domain_name": null
                  }
                ],
                "alias_ip_range": [],
                "network": "default"
              }
            ],
            "scratch_disk": [],
            "service_account": [],
            "shielded_instance_config": [],
            "tags": null,
            "timeouts": null,
            "zone": "us-central1-a"
          }
        },
        {
          "address": "google_compute_instance.default[\"n2-standard-2\"]",
          "mode": "managed",
          "type": "google_compute_instance",
          "name": "default",
          "index": "n2-standard-2",
          "provider_name": "google",
          "schema_version": 6,
          "values": {
            "allow_stopping_for_update": null,
            "attached_disk": [],
            "boot_disk": [
              {
                "auto_delete": true,
                "disk_encryption_key_raw": null,
                "initialize_params": [
                  {
                    "image": "debian-cloud/debian-9"
                  }
                ],
                "mode": "READ_WRITE"
              }
            ],
            "can_ip_forward": false,
            "deletion_protection": false,
            "description": null,
            "disk": [],
            "enable_display": null,
            "hostname": null,
            "labels": null,
            "machine_type": "n2-standard-2",
            "metadata": null,
            "metadata_startup_script": null,
            "min_cpu_platform": null,
            "name": "test-n2-standard-2",
            "network_interface": [
              {
                "access_config": [
                  {
                    "public_ptr_domain_name": null
                  }
                ],
                "alias_ip_range": [],
                "network": "default"
              }
            ],
            "scratch_disk": [],
            "service_account": [],
            "shielded_instance_config": [],
            "tags": null,
            "timeouts": null,
            "zone": "us-central1-a"
          }
        },
        {
          "address": "google_compute_instance.default[\"n2-standard-32\"]",
          "mode": "managed",
          "type": "google_compute_instance",
          "name": "default",
          "index": "n2-standard-32",
          "provider_name": "google",
          "schema_version": 6,
          "values": {
            "allow_stopping_for_update": null,
            "attached_disk": [],
            "boot_disk": [
              {
                "auto_delete": true,
                "disk_encryption_key_raw": null,
                "initialize_params": [
                  {
                    "image": "debian-cloud/debian-9"
                  }
                ],
                "mode": "READ_WRITE"
              }
            ],
            "can_ip_forward": false,
            "deletion_protection": false,
            "description": null,
            "disk": [],
            "enable_display": null,
            "hostname": null,
            "labels": null,
            "machine_type": "n2-standard-32",
            "metadata": null,
            "metadata_startup_script": null,
            "min_cpu_platform": null,
            "name": "test-n2-standard-32",
            "network_interface": [
              {
                "access_config": [
                  {
                    "public_ptr_domain_name": null
                  }
                ],
                "alias_ip_range": [],
                "network": "default"
              }
            ],
            "scratch_disk": [],
            "service_account": [],
            "shielded_instance_config": [],
            "tags": null,
            "timeouts": null,
            "zone": "us-central1-a"
          }
        },
        {
          "address": "google_compute_instance.default[\"n2-standard-4\"]",
          "mode": "managed",
          "type": "google_compute_instance",
          "name": "default",
          "index": "n2-standard-4",
          "provider_name": "google",
          "schema_version": 6,
          "values": {
            "allow_stopping_for_update": null,
            "attached_disk": [],
            "boot_disk": [
              {
                "auto_delete": true,
                "disk_encryption_key_raw": null,
                "initialize_params": [
                  {
                    "image": "debian-cloud/debian-9"
                  }
                ],
                "mode": "READ_WRITE"
              }
            ],
            "can_ip_forward": false,
            "deletion_protection": false,
            "description": null,
            "disk": [],
            "enable_display": null,
            "hostname": null,
            "labels": null,
            "machine_type": "n2-standard-4",
            "metadata": null,
            "metadata_startup_script": null,
            "min_cpu_platform": null,
            "name": "test-n2-standard-4",
            "network_interface": [
              {
                "access_config": [
                  {
                    "public_ptr_domain_name": null
                  }
                ],
                "alias_ip_range": [],
                "network": "default"
              }
            ],
            "scratch_disk": [],
            "service_account": [],
            "shielded_instance_config": [],
            "tags": null,
            "timeouts": null,
            "zone": "us-central1-a"
          }
        },
        {
          "address": "google_compute_instance.default[\"n2-standard-48\"]",
          "mode": "managed",
          "type": "google_compute_instance",
          "name": "default",
          "index": "n2-standard-48",
          "provider_name": "google",
          "schema_version": 6,
          "values": {
            "allow_stopping_for_update": null,
            "attached_disk": [],
            "boot_disk": [
              {
                "auto_delete": true,
                "disk_encryption_key_raw": null,
                "initialize_params": [
                  {
                    "image": "debian-cloud/debian-9"
                  }
                ],
                "mode": "READ_WRITE"
              }
            ],
            "can_ip_forward": false,
            "deletion_protection": false,
            "description": null,
            "disk": [],
            "enable_display": null,
            "hostname": null,
            "labels": null,
            "machine_type": "n2-standard-48",
            "metadata": null,
            "metadata_startup_script": null,
            "min_cpu_platform": null,
            "name": "test-n2-standard-48",
            "network_interface": [
              {
                "access_config": [
                  {
                    "public_ptr_domain_name": null
                  }
                ],
                "alias_ip_range": [],
                "network": "default"
              }
            ],
            "scratch_disk": [],
            "service_account": [],
            "shielded_instance_config": [],
            "tags": null,
            "timeouts": null,
            "zone": "us-central1-a"
          }
        },
        {
          "address": "google_compute_instance.default[\"n2-standard-64\"]",
          "mode": "managed",
          "type": "google_compute_instance",
          "name": "default",
          "index": "n2-standard-64",
          "provider_name": "google",
          "schema_version": 6,
          "values": {
            "allow_stopping_for_update": null,
            "attached_disk": [],
            "boot_disk": [
              {
                "auto_delete": true,
                "disk_encryption_key_raw": null,
                "initialize_params": [
                  {
                    "image": "debian-cloud/debian-9"
                  }
                ],
                "mode": "READ_WRITE"
              }
            ],
            "can_ip_forward": false,
            "deletion_protection": false,
            "description": null,
            "disk": [],
            "enable_display": null,
            "hostname": null,
            "labels": null,
            "machine_type": "n2-standard-64",
            "metadata": null,
            "metadata_startup_script": null,
            "min_cpu_platform": null,
            "name": "test-n2-standard-64",
            "network_interface": [
              {
                "access_config": [
                  {
                    "public_ptr_domain_name": null
                  }
                ],
                "alias_ip_range": [],
                "network": "default"
              }
            ],
            "scratch_disk": [],
            "service_account": [],
            "shielded_instance_config": [],
            "tags": null,
            "timeouts": null,
            "zone": "us-central1-a"
          }
        },
        {
          "address": "google_compute_instance.default[\"n2-standard-8\"]",
          "mode": "managed",
          "type": "google_compute_instance",
          "name": "default",
          "index": "n2-standard-8",
          "provider_name": "google",
          "schema_version": 6,
          "values": {
            "allow_stopping_for_update": null,
            "attached_disk": [],
            "boot_disk": [
              {
                "auto_delete": true,
                "disk_encryption_key_raw": null,
                "initialize_params": [
                  {
                    "image": "debian-cloud/debian-9"
                  }
                ],
                "mode": "READ_WRITE"
              }
            ],
            "can_ip_forward": false,
            "deletion_protection": false,
            "description": null,
            "disk": [],
            "enable_display": null,
            "hostname": null,
            "labels": null,
            "machine_type": "n2-standard-8",
            "metadata": null,
            "metadata_startup_script": null,
            "min_cpu_platform": null,
            "name": "test-n2-standard-8",
            "network_interface": [
              {
                "access_config": [
                  {
                    "public_ptr_domain_name": null
                  }
                ],
                "alias_ip_range": [],
                "network": "default"
              }
            ],
            "scratch_disk": [],
            "service_account": [],
            "shielded_instance_config": [],
            "tags": null,
            "timeouts": null,
            "zone": "us-central1-a"
          }
        },
        {
          "address": "google_compute_instance.default[\"n2-standard-80\"]",
          "mode": "managed",
          "type": "google_compute_instance",
          "name": "default",
          "index": "n2-standard-80",
          "provider_name": "google",
          "schema_version": 6,
          "values": {
            "allow_stopping_for_update": null,
            "attached_disk": [],
            "boot_disk": [
              {
                "auto_delete": true,
                "disk_encryption_key_raw": null,
                "initialize_params": [
                  {
                    "image": "debian-cloud/debian-9"
                  }
                ],
                "mode": "READ_WRITE"
              }
            ],
            "can_ip_forward": false,
            "deletion_protection": false,
            "description": null,
            "disk": [],
            "enable_display": null,
            "hostname": null,
            "labels": null,
            "machine_type": "n2-standard-80",
            "metadata": null,
            "metadata_startup_script": null,
            "min_cpu_platform": null,
            "name": "test-n2-standard-80",
            "network_interface": [
              {
                "access_config": [
                  {
                    "public_ptr_domain_name": null
                  }
                ],
                "alias_ip_range": [],
                "network": "default"
              }
            ],
            "scratch_disk": [],
            "service_account": [],
            "shielded_instance_config": [],
            "tags": null,
            "timeouts": null,
            "zone": "us-central1-a"
          }
        },
        {
          "address": "google_compute_instance.default[\"n2d-highcpu-128\"]",
          "mode": "managed",
          "type": "google_compute_instance",
          "name": "default",
          "index": "n2d-highcpu-128",
          "provider_name": "google",
          "schema_version": 6,
          "values": {
            "allow_stopping_for_update": null,
            "attached_disk": [],
            "boot_disk": [
              {
                "auto_delete": true,
                "disk_encryption_key_raw": null,
                "initialize_params": [
                  {
                    "image": "debian-cloud/debian-9"
                  }
                ],
                "mode": "READ_WRITE"
              }
            ],
            "can_ip_forward": false,
            "deletion_protection": false,
            "description": null,
            "disk": [],
            "enable_display": null,
            "hostname": null,
            "labels": null,
            "machine_type": "n2d-highcpu-128",
            "metadata": null,
            "metadata_startup_script": null,
            "min_cpu_platform": null,
            "name": "test-n2d-highcpu-128",
            "network_interface": [
              {
                "access_config": [
                  {
                    "public_ptr_domain_name": null
                  }
                ],
                "alias_ip_range": [],
                "network": "default"
              }
            ],
            "scratch_disk": [],
            "service_account": [],
            "shielded_instance_config": [],
            "tags": null,
            "timeouts": null,
            "zone": "us-central1-a"
          }
        },
        {
          "address": "google_compute_instance.default[\"n2d-highcpu-16\"]",
          "mode": "managed",
          "type": "google_compute_instance",
          "name": "default",
          "index": "n2d-highcpu-16",
          "provider_name": "google",
          "schema_version": 6,
          "values": {
            "allow_stopping_for_update": null,
            "attached_disk": [],
            "boot_disk": [
              {
                "auto_delete": true,
                "disk_encryption_key_raw": null,
                "initialize_params": [
                  {
                    "image": "debian-cloud/debian-9"
                  }
                ],
                "mode": "READ_WRITE"
              }
            ],
            "can_ip_forward": false,
            "deletion_protection": false,
            "description": null,
            "disk": [],
            "enable_display": null,
            "hostname": null,
            "labels": null,
            "machine_type": "n2d-highcpu-16",
            "metadata": null,
            "metadata_startup_script": null,
            "min_cpu_platform": null,
            "name": "test-n2d-highcpu-16",
            "network_interface": [
              {
                "access_config": [
                  {
                    "public_ptr_domain_name": null
                  }
                ],
                "alias_ip_range": [],
                "network": "default"
              }
            ],
            "scratch_disk": [],
            "service_account": [],
            "shielded_instance_config": [],
            "tags": null,
            "timeouts": null,
            "zone": "us-central1-a"
          }
        },
        {
          "address": "google_compute_instance.default[\"n2d-highcpu-2\"]",
          "mode": "managed",
          "type": "google_compute_instance",
          "name": "default",
          "index": "n2d-highcpu-2",
          "provider_name": "google",
          "schema_version": 6,
          "values": {
            "allow_stopping_for_update": null,
            "attached_disk": [],
            "boot_disk": [
              {
                "auto_delete": true,
                "disk_encryption_key_raw": null,
                "initialize_params": [
                  {
                    "image": "debian-cloud/debian-9"
                  }
                ],
                "mode": "READ_WRITE"
              }
            ],
            "can_ip_forward": false,
            "deletion_protection": false,
            "description": null,
            "disk": [],
            "enable_display": null,
            "hostname": null,
            "labels": null,
            "machine_type": "n2d-highcpu-2",
            "metadata": null,
            "metadata_startup_script": null,
            "min_cpu_platform": null,
            "name": "test-n2d-highcpu-2",
            "network_interface": [
              {
                "access_config": [
                  {
                    "public_ptr_domain_name": null
                  }
                ],
                "alias_ip_range": [],
                "network": "default"
              }
            ],
            "scratch_disk": [],
            "service_account": [],
            "shielded_instance_config": [],
            "tags": null,
            "timeouts": null,
            "zone": "us-central1-a"
          }
        },
        {
          "address": "google_compute_instance.default[\"n2d-highcpu-224\"]",
          "mode": "managed",
          "type": "google_compute_instance",
          "name": "default",
          "index": "n2d-highcpu-224",
          "provider_name": "google",
          "schema_version": 6,
          "values": {
            "allow_stopping_for_update": null,
            "attached_disk": [],
            "boot_disk": [
              {
                "auto_delete": true,
                "disk_encryption_key_raw": null,
                "initialize_params": [
                  {
                    "image": "debian-cloud/debian-9"
                  }
                ],
                "mode": "READ_WRITE"
              }
            ],
            "can_ip_forward": false,
            "deletion_protection": false,
            "description": null,
            "disk": [],
            "enable_display": null,
            "hostname": null,
            "labels": null,
            "machine_type": "n2d-highcpu-224",
            "metadata": null,
            "metadata_startup_script": null,
            "min_cpu_platform": null,
            "name": "test-n2d-highcpu-224",
            "network_interface": [
              {
                "access_config": [
                  {
                    "public_ptr_domain_name": null
                  }
                ],
                "alias_ip_range": [],
                "network": "default"
              }
            ],
            "scratch_disk": [],
            "service_account": [],
            "shielded_instance_config": [],
            "tags": null,
            "timeouts": null,
            "zone": "us-central1-a"
          }
        },
        {
          "address": "google_compute_instance.default[\"n2d-highcpu-32\"]",
          "mode": "managed",
          "type": "google_compute_instance",
          "name": "default",
          "index": "n2d-highcpu-32",
          "provider_name": "google",
          "schema_version": 6,
          "values": {
            "allow_stopping_for_update": null,
            "attached_disk": [],
            "boot_disk": [
              {
                "auto_delete": true,
                "disk_encryption_key_raw": null,
                "initialize_params": [
                  {
                    "image": "debian-cloud/debian-9"
                  }
                ],
                "mode": "READ_WRITE"
              }
            ],
            "can_ip_forward": false,
            "deletion_protection": false,
            "description": null,
            "disk": [],
            "enable_display": null,
            "hostname": null,
            "labels": null,
            "machine_type": "n2d-highcpu-32",
            "metadata": null,
            "metadata_startup_script": null,
            "min_cpu_platform": null,
            "name": "test-n2d-highcpu-32",
            "network_interface": [
              {
                "access_config": [
                  {
                    "public_ptr_domain_name": null
                  }
                ],
                "alias_ip_range": [],
                "network": "default"
              }
            ],
            "scratch_disk": [],
            "service_account": [],
            "shielded_instance_config": [],
            "tags": null,
            "timeouts": null,
            "zone": "us-central1-a"
          }
        },
        {
          "address": "google_compute_instance.default[\"n2d-highcpu-4\"]",
          "mode": "managed",
          "type": "google_compute_instance",
          "name": "default",
          "index": "n2d-highcpu-4",
          "provider_name": "google",
          "schema_version": 6,
          "values": {
            "allow_stopping_for_update": null,
            "attached_disk": [],
            "boot_disk": [
              {
                "auto_delete": true,
                "disk_encryption_key_raw": null,
                "initialize_params": [
                  {
                    "image": "debian-cloud/debian-9"
                  }
                ],
                "mode": "READ_WRITE"
              }
            ],
            "can_ip_forward": false,
            "deletion_protection": false,
            "description": null,
            "disk": [],
            "enable_display": null,
            "hostname": null,
            "labels": null,
            "machine_type": "n2d-highcpu-4",
            "metadata": null,
            "metadata_startup_script": null,
            "min_cpu_platform": null,
            "name": "test-n2d-highcpu-4",
            "network_interface": [
              {
                "access_config": [
                  {
                    "public_ptr_domain_name": null
                  }
                ],
                "alias_ip_range": [],
                "network": "default"
              }
            ],
            "scratch_disk": [],
            "service_account": [],
            "shielded_instance_config": [],
            "tags": null,
            "timeouts": null,
            "zone": "us-central1-a"
          }
        },
        {
          "address": "google_compute_instance.default[\"n2d-highcpu-48\"]",
          "mode": "managed",
          "type": "google_compute_instance",
          "name": "default",
          "index": "n2d-highcpu-48",
          "provider_name": "google",
          "schema_version": 6,
          "values": {
            "allow_stopping_for_update": null,
            "attached_disk": [],
            "boot_disk": [
              {
                "auto_delete": true,
                "disk_encryption_key_raw": null,
                "initialize_params": [
                  {
                    "image": "debian-cloud/debian-9"
                  }
                ],
                "mode": "READ_WRITE"
              }
            ],
            "can_ip_forward": false,
            "deletion_protection": false,
            "description": null,
            "disk": [],
            "enable_display": null,
            "hostname": null,
            "labels": null,
            "machine_type": "n2d-highcpu-48",
            "metadata": null,
            "metadata_startup_script": null,
            "min_cpu_platform": null,
            "name": "test-n2d-highcpu-48",
            "network_interface": [
              {
                "access_config": [
                  {
                    "public_ptr_domain_name": null
                  }
                ],
                "alias_ip_range": [],
                "network": "default"
              }
            ],
            "scratch_disk": [],
            "service_account": [],
            "shielded_instance_config": [],
            "tags": null,
            "timeouts": null,
            "zone": "us-central1-a"
          }
        },
        {
          "address": "google_compute_instance.default[\"n2d-highcpu-64\"]",
          "mode": "managed",
          "type": "google_compute_instance",
          "name": "default",
          "index": "n2d-highcpu-64",
          "provider_name": "google",
          "schema_version": 6,
          "values": {
            "allow_stopping_for_update": null,
            "attached_disk": [],
            "boot_disk": [
              {
                "auto_delete": true,
                "disk_encryption_key_raw": null,
                "initialize_params": [
                  {
                    "image": "debian-cloud/debian-9"
                  }
                ],
                "mode": "READ_WRITE"
              }
            ],
            "can_ip_forward": false,
            "deletion_protection": false,
            "description": null,
            "disk": [],
            "enable_display": null,
            "hostname": null,
            "labels": null,
            "machine_type": "n2d-highcpu-64",
            "metadata": null,
            "metadata_startup_script": null,
            "min_cpu_platform": null,
            "name": "test-n2d-highcpu-64",
            "network_interface": [
              {
                "access_config": [
                  {
                    "public_ptr_domain_name": null
                  }
                ],
                "alias_ip_range": [],
                "network": "default"
              }
            ],
            "scratch_disk": [],
            "service_account": [],
            "shielded_instance_config": [],
            "tags": null,
            "timeouts": null,
            "zone": "us-central1-a"
          }
        },
        {
          "address": "google_compute_instance.default[\"n2d-highcpu-8\"]",
          "mode": "managed",
          "type": "google_compute_instance",
          "name": "default",
          "index": "n2d-highcpu-8",
          "provider_name": "google",
          "schema_version": 6,
          "values": {
            "allow_stopping_for_update": null,
            "attached_disk": [],
            "boot_disk": [
              {
                "auto_delete": true,
                "disk_encryption_key_raw": null,
                "initialize_params": [
                  {
                    "image": "debian-cloud/debian-9"
                  }
                ],
                "mode": "READ_WRITE"
              }
            ],
            "can_ip_forward": false,
            "deletion_protection": false,
            "description": null,
            "disk": [],
            "enable_display": null,
            "hostname": null,
            "labels": null,
            "machine_type": "n2d-highcpu-8",
            "metadata": null,
            "metadata_startup_script": null,
            "min_cpu_platform": null,
            "name": "test-n2d-highcpu-8",
            "network_interface": [
              {
                "access_config": [
                  {
                    "public_ptr_domain_name": null
                  }
                ],
                "alias_ip_range": [],
                "network": "default"
              }
            ],
            "scratch_disk": [],
            "service_account": [],
            "shielded_instance_config": [],
            "tags": null,
            "timeouts": null,
            "zone": "us-central1-a"
          }
        },
        {
          "address": "google_compute_instance.default[\"n2d-highcpu-80\"]",
          "mode": "managed",
          "type": "google_compute_instance",
          "name": "default",
          "index": "n2d-highcpu-80",
          "provider_name": "google",
          "schema_version": 6,
          "values": {
            "allow_stopping_for_update": null,
            "attached_disk": [],
            "boot_disk": [
              {
                "auto_delete": true,
                "disk_encryption_key_raw": null,
                "initialize_params": [
                  {
                    "image": "debian-cloud/debian-9"
                  }
                ],
                "mode": "READ_WRITE"
              }
            ],
            "can_ip_forward": false,
            "deletion_protection": false,
            "description": null,
            "disk": [],
            "enable_display": null,
            "hostname": null,
            "labels": null,
            "machine_type": "n2d-highcpu-80",
            "metadata": null,
            "metadata_startup_script": null,
            "min_cpu_platform": null,
            "name": "test-n2d-highcpu-80",
            "network_interface": [
              {
                "access_config": [
                  {
                    "public_ptr_domain_name": null
                  }
                ],
                "alias_ip_range": [],
                "network": "default"
              }
            ],
            "scratch_disk": [],
            "service_account": [],
            "shielded_instance_config": [],
            "tags": null,
            "timeouts": null,
            "zone": "us-central1-a"
          }
        },
        {
          "address": "google_compute_instance.default[\"n2d-highcpu-96\"]",
          "mode": "managed",
          "type": "google_compute_instance",
          "name": "default",
          "index": "n2d-highcpu-96",
          "provider_name": "google",
          "schema_version": 6,
          "values": {
            "allow_stopping_for_update": null,
            "attached_disk": [],
            "boot_disk": [
              {
                "auto_delete": true,
                "disk_encryption_key_raw": null,
                "initialize_params": [
                  {
                    "image": "debian-cloud/debian-9"
                  }
                ],
                "mode": "READ_WRITE"
              }
            ],
            "can_ip_forward": false,
            "deletion_protection": false,
            "description": null,
            "disk": [],
            "enable_display": null,
            "hostname": null,
            "labels": null,
            "machine_type": "n2d-highcpu-96",
            "metadata": null,
            "metadata_startup_script": null,
            "min_cpu_platform": null,
            "name": "test-n2d-highcpu-96",
            "network_interface": [
              {
                "access_config": [
                  {
                    "public_ptr_domain_name": null
                  }
                ],
                "alias_ip_range": [],
                "network": "default"
              }
            ],
            "scratch_disk": [],
            "service_account": [],
            "shielded_instance_config": [],
            "tags": null,
            "timeouts": null,
            "zone": "us-central1-a"
          }
        },
        {
          "address": "google_compute_instance.default[\"n2d-highmem-16\"]",
          "mode": "managed",
          "type": "google_compute_instance",
          "name": "default",
          "index": "n2d-highmem-16",
          "provider_name": "google",
          "schema_version": 6,
          "values": {
            "allow_stopping_for_update": null,
            "attached_disk": [],
            "boot_disk": [
              {
                "auto_delete": true,
                "disk_encryption_key_raw": null,
                "initialize_params": [
                  {
                    "image": "debian-cloud/debian-9"
                  }
                ],
                "mode": "READ_WRITE"
              }
            ],
            "can_ip_forward": false,
            "deletion_protection": false,
            "description": null,
            "disk": [],
            "enable_display": null,
            "hostname": null,
            "labels": null,
            "machine_type": "n2d-highmem-16",
            "metadata": null,
            "metadata_startup_script": null,
            "min_cpu_platform": null,
            "name": "test-n2d-highmem-16",
            "network_interface": [
              {
                "access_config": [
                  {
                    "public_ptr_domain_name": null
                  }
                ],
                "alias_ip_range": [],
                "network": "default"
              }
            ],
            "scratch_disk": [],
            "service_account": [],
            "shielded_instance_config": [],
            "tags": null,
            "timeouts": null,
            "zone": "us-central1-a"
          }
        },
        {
          "address": "google_compute_instance.default[\"n2d-highmem-2\"]",
          "mode": "managed",
          "type": "google_compute_instance",
          "name": "default",
          "index": "n2d-highmem-2",
          "provider_name": "google",
          "schema_version": 6,
          "values": {
            "allow_stopping_for_update": null,
            "attached_disk": [],
            "boot_disk": [
              {
                "auto_delete": true,
                "disk_encryption_key_raw": null,
                "initialize_params": [
                  {
                    "image": "debian-cloud/debian-9"
                  }
                ],
                "mode": "READ_WRITE"
              }
            ],
            "can_ip_forward": false,
            "deletion_protection": false,
            "description": null,
            "disk": [],
            "enable_display": null,
            "hostname": null,
            "labels": null,
            "machine_type": "n2d-highmem-2",
            "metadata": null,
            "metadata_startup_script": null,
            "min_cpu_platform": null,
            "name": "test-n2d-highmem-2",
            "network_interface": [
              {
                "access_config": [
                  {
                    "public_ptr_domain_name": null
                  }
                ],
                "alias_ip_range": [],
                "network": "default"
              }
            ],
            "scratch_disk": [],
            "service_account": [],
            "shielded_instance_config": [],
            "tags": null,
            "timeouts": null,
            "zone": "us-central1-a"
          }
        },
        {
          "address": "google_compute_instance.default[\"n2d-highmem-32\"]",
          "mode": "managed",
          "type": "google_compute_instance",
          "name": "default",
          "index": "n2d-highmem-32",
          "provider_name": "google",
          "schema_version": 6,
          "values": {
            "allow_stopping_for_update": null,
            "attached_disk": [],
            "boot_disk": [
              {
                "auto_delete": true,
                "disk_encryption_key_raw": null,
                "initialize_params": [
                  {
                    "image": "debian-cloud/debian-9"
                  }
                ],
                "mode": "READ_WRITE"
              }
            ],
            "can_ip_forward": false,
            "deletion_protection": false,
            "description": null,
            "disk": [],
            "enable_display": null,
            "hostname": null,
            "labels": null,
            "machine_type": "n2d-highmem-32",
            "metadata": null,
            "metadata_startup_script": null,
            "min_cpu_platform": null,
            "name": "test-n2d-highmem-32",
            "network_interface": [
              {
                "access_config": [
                  {
                    "public_ptr_domain_name": null
                  }
                ],
                "alias_ip_range": [],
                "network": "default"
              }
            ],
            "scratch_disk": [],
            "service_account": [],
            "shielded_instance_config": [],
            "tags": null,
            "timeouts": null,
            "zone": "us-central1-a"
          }
        },
        {
          "address": "google_compute_instance.default[\"n2d-highmem-4\"]",
          "mode": "managed",
          "type": "google_compute_instance",
          "name": "default",
          "index": "n2d-highmem-4",
          "provider_name": "google",
          "schema_version": 6,
          "values": {
            "allow_stopping_for_update": null,
            "attached_disk": [],
            "boot_disk": [
              {
                "auto_delete": true,
                "disk_encryption_key_raw": null,
                "initialize_params": [
                  {
                    "image": "debian-cloud/debian-9"
                  }
                ],
                "mode": "READ_WRITE"
              }
            ],
            "can_ip_forward": false,
            "deletion_protection": false,
            "description": null,
            "disk": [],
            "enable_display": null,
            "hostname": null,
            "labels": null,
            "machine_type": "n2d-highmem-4",
            "metadata": null,
            "metadata_startup_script": null,
            "min_cpu_platform": null,
            "name": "test-n2d-highmem-4",
            "network_interface": [
              {
                "access_config": [
                  {
                    "public_ptr_domain_name": null
                  }
                ],
                "alias_ip_range": [],
                "network": "default"
              }
            ],
            "scratch_disk": [],
            "service_account": [],
            "shielded_instance_config": [],
            "tags": null,
            "timeouts": null,
            "zone": "us-central1-a"
          }
        },
        {
          "address": "google_compute_instance.default[\"n2d-highmem-48\"]",
          "mode": "managed",
          "type": "google_compute_instance",
          "name": "default",
          "index": "n2d-highmem-48",
          "provider_name": "google",
          "schema_version": 6,
          "values": {
            "allow_stopping_for_update": null,
            "attached_disk": [],
            "boot_disk": [
              {
                "auto_delete": true,
                "disk_encryption_key_raw": null,
                "initialize_params": [
                  {
                    "image": "debian-cloud/debian-9"
                  }
                ],
                "mode": "READ_WRITE"
              }
            ],
            "can_ip_forward": false,
            "deletion_protection": false,
            "description": null,
            "disk": [],
            "enable_display": null,
            "hostname": null,
            "labels": null,
            "machine_type": "n2d-highmem-48",
            "metadata": null,
            "metadata_startup_script": null,
            "min_cpu_platform": null,
            "name": "test-n2d-highmem-48",
            "network_interface": [
              {
                "access_config": [
                  {
                    "public_ptr_domain_name": null
                  }
                ],
                "alias_ip_range": [],
                "network": "default"
              }
            ],
            "scratch_disk": [],
            "service_account": [],
            "shielded_instance_config": [],
            "tags": null,
            "timeouts": null,
            "zone": "us-central1-a"
          }
        },
        {
          "address": "google_compute_instance.default[\"n2d-highmem-64\"]",
          "mode": "managed",
          "type": "google_compute_instance",
          "name": "default",
          "index": "n2d-highmem-64",
          "provider_name": "google",
          "schema_version": 6,
          "values": {
            "allow_stopping_for_update": null,
            "attached_disk": [],
            "boot_disk": [
              {
                "auto_delete": true,
                "disk_encryption_key_raw": null,
                "initialize_params": [
                  {
                    "image": "debian-cloud/debian-9"
                  }
                ],
                "mode": "READ_WRITE"
              }
            ],
            "can_ip_forward": false,
            "deletion_protection": false,
            "description": null,
            "disk": [],
            "enable_display": null,
            "hostname": null,
            "labels": null,
            "machine_type": "n2d-highmem-64",
            "metadata": null,
            "metadata_startup_script": null,
            "min_cpu_platform": null,
            "name": "test-n2d-highmem-64",
            "network_interface": [
              {
                "access_config": [
                  {
                    "public_ptr_domain_name": null
                  }
                ],
                "alias_ip_range": [],
                "network": "default"
              }
            ],
            "scratch_disk": [],
            "service_account": [],
            "shielded_instance_config": [],
            "tags": null,
            "timeouts": null,
            "zone": "us-central1-a"
          }
        },
        {
          "address": "google_compute_instance.default[\"n2d-highmem-8\"]",
          "mode": "managed",
          "type": "google_compute_instance",
          "name": "default",
          "index": "n2d-highmem-8",
          "provider_name": "google",
          "schema_version": 6,
          "values": {
            "allow_stopping_for_update": null,
            "attached_disk": [],
            "boot_disk": [
              {
                "auto_delete": true,
                "disk_encryption_key_raw": null,
                "initialize_params": [
                  {
                    "image": "debian-cloud/debian-9"
                  }
                ],
                "mode": "READ_WRITE"
              }
            ],
            "can_ip_forward": false,
            "deletion_protection": false,
            "description": null,
            "disk": [],
            "enable_display": null,
            "hostname": null,
            "labels": null,
            "machine_type": "n2d-highmem-8",
            "metadata": null,
            "metadata_startup_script": null,
            "min_cpu_platform": null,
            "name": "test-n2d-highmem-8",
            "network_interface": [
              {
                "access_config": [
                  {
                    "public_ptr_domain_name": null
                  }
                ],
                "alias_ip_range": [],
                "network": "default"
              }
            ],
            "scratch_disk": [],
            "service_account": [],
            "shielded_instance_config": [],
            "tags": null,
            "timeouts": null,
            "zone": "us-central1-a"
          }
        },
        {
          "address": "google_compute_instance.default[\"n2d-highmem-80\"]",
          "mode": "managed",
          "type": "google_compute_instance",
          "name": "default",
          "index": "n2d-highmem-80",
          "provider_name": "google",
          "schema_version": 6,
          "values": {
            "allow_stopping_for_update": null,
            "attached_disk": [],
            "boot_disk": [
              {
                "auto_delete": true,
                "disk_encryption_key_raw": null,
                "initialize_params": [
                  {
                    "image": "debian-cloud/debian-9"
                  }
                ],
                "mode": "READ_WRITE"
              }
            ],
            "can_ip_forward": false,
            "deletion_protection": false,
            "description": null,
            "disk": [],
            "enable_display": null,
            "hostname": null,
            "labels": null,
            "machine_type": "n2d-highmem-80",
            "metadata": null,
            "metadata_startup_script": null,
            "min_cpu_platform": null,
            "name": "test-n2d-highmem-80",
            "network_interface": [
              {
                "access_config": [
                  {
                    "public_ptr_domain_name": null
                  }
                ],
                "alias_ip_range": [],
                "network": "default"
              }
            ],
            "scratch_disk": [],
            "service_account": [],
            "shielded_instance_config": [],
            "tags": null,
            "timeouts": null,
            "zone": "us-central1-a"
          }
        },
        {
          "address": "google_compute_instance.default[\"n2d-highmem-96\"]",
          "mode": "managed",
          "type": "google_compute_instance",
          "name": "default",
          "index": "n2d-highmem-96",
          "provider_name": "google",
          "schema_version": 6,
          "values": {
            "allow_stopping_for_update": null,
            "attached_disk": [],
            "boot_disk": [
              {
                "auto_delete": true,
                "disk_encryption_key_raw": null,
                "initialize_params": [
                  {
                    "image": "debian-cloud/debian-9"
                  }
                ],
                "mode": "READ_WRITE"
              }
            ],
            "can_ip_forward": false,
            "deletion_protection": false,
            "description": null,
            "disk": [],
            "enable_display": null,
            "hostname": null,
            "labels": null,
            "machine_type": "n2d-highmem-96",
            "metadata": null,
            "metadata_startup_script": null,
            "min_cpu_platform": null,
            "name": "test-n2d-highmem-96",
            "network_interface": [
              {
                "access_config": [
                  {
                    "public_ptr_domain_name": null
                  }
                ],
                "alias_ip_range": [],
                "network": "default"
              }
            ],
            "scratch_disk": [],
            "service_account": [],
            "shielded_instance_config": [],
            "tags": null,
            "timeouts": null,
            "zone": "us-central1-a"
          }
        },
        {
          "address": "google_compute_instance.default[\"n2d-standard-128\"]",
          "mode": "managed",
          "type": "google_compute_instance",
          "name": "default",
          "index": "n2d-standard-128",
          "provider_name": "google",
          "schema_version": 6,
          "values": {
            "allow_stopping_for_update": null,
            "attached_disk": [],
            "boot_disk": [
              {
                "auto_delete": true,
                "disk_encryption_key_raw": null,
                "initialize_params": [
                  {
                    "image": "debian-cloud/debian-9"
                  }
                ],
                "mode": "READ_WRITE"
              }
            ],
            "can_ip_forward": false,
            "deletion_protection": false,
            "description": null,
            "disk": [],
            "enable_display": null,
            "hostname": null,
            "labels": null,
            "machine_type": "n2d-standard-128",
            "metadata": null,
            "metadata_startup_script": null,
            "min_cpu_platform": null,
            "name": "test-n2d-standard-128",
            "network_interface": [
              {
                "access_config": [
                  {
                    "public_ptr_domain_name": null
                  }
                ],
                "alias_ip_range": [],
                "network": "default"
              }
            ],
            "scratch_disk": [],
            "service_account": [],
            "shielded_instance_config": [],
            "tags": null,
            "timeouts": null,
            "zone": "us-central1-a"
          }
        },
        {
          "address": "google_compute_instance.default[\"n2d-standard-16\"]",
          "mode": "managed",
          "type": "google_compute_instance",
          "name": "default",
          "index": "n2d-standard-16",
          "provider_name": "google",
          "schema_version": 6,
          "values": {
            "allow_stopping_for_update": null,
            "attached_disk": [],
            "boot_disk": [
              {
                "auto_delete": true,
                "disk_encryption_key_raw": null,
                "initialize_params": [
                  {
                    "image": "debian-cloud/debian-9"
                  }
                ],
                "mode": "READ_WRITE"
              }
            ],
            "can_ip_forward": false,
            "deletion_protection": false,
            "description": null,
            "disk": [],
            "enable_display": null,
            "hostname": null,
            "labels": null,
            "machine_type": "n2d-standard-16",
            "metadata": null,
            "metadata_startup_script": null,
            "min_cpu_platform": null,
            "name": "test-n2d-standard-16",
            "network_interface": [
              {
                "access_config": [
                  {
                    "public_ptr_domain_name": null
                  }
                ],
                "alias_ip_range": [],
                "network": "default"
              }
            ],
            "scratch_disk": [],
            "service_account": [],
            "shielded_instance_config": [],
            "tags": null,
            "timeouts": null,
            "zone": "us-central1-a"
          }
        },
        {
          "address": "google_compute_instance.default[\"n2d-standard-2\"]",
          "mode": "managed",
          "type": "google_compute_instance",
          "name": "default",
          "index": "n2d-standard-2",
          "provider_name": "google",
          "schema_version": 6,
          "values": {
            "allow_stopping_for_update": null,
            "attached_disk": [],
            "boot_disk": [
              {
                "auto_delete": true,
                "disk_encryption_key_raw": null,
                "initialize_params": [
                  {
                    "image": "debian-cloud/debian-9"
                  }
                ],
                "mode": "READ_WRITE"
              }
            ],
            "can_ip_forward": false,
            "deletion_protection": false,
            "description": null,
            "disk": [],
            "enable_display": null,
            "hostname": null,
            "labels": null,
            "machine_type": "n2d-standard-2",
            "metadata": null,
            "metadata_startup_script": null,
            "min_cpu_platform": null,
            "name": "test-n2d-standard-2",
            "network_interface": [
              {
                "access_config": [
                  {
                    "public_ptr_domain_name": null
                  }
                ],
                "alias_ip_range": [],
                "network": "default"
              }
            ],
            "scratch_disk": [],
            "service_account": [],
            "shielded_instance_config": [],
            "tags": null,
            "timeouts": null,
            "zone": "us-central1-a"
          }
        },
        {
          "address": "google_compute_instance.default[\"n2d-standard-224\"]",
          "mode": "managed",
          "type": "google_compute_instance",
          "name": "default",
          "index": "n2d-standard-224",
          "provider_name": "google",
          "schema_version": 6,
          "values": {
            "allow_stopping_for_update": null,
            "attached_disk": [],
            "boot_disk": [
              {
                "auto_delete": true,
                "disk_encryption_key_raw": null,
                "initialize_params": [
                  {
                    "image": "debian-cloud/debian-9"
                  }
                ],
                "mode": "READ_WRITE"
              }
            ],
            "can_ip_forward": false,
            "deletion_protection": false,
            "description": null,
            "disk": [],
            "enable_display": null,
            "hostname": null,
            "labels": null,
            "machine_type": "n2d-standard-224",
            "metadata": null,
            "metadata_startup_script": null,
            "min_cpu_platform": null,
            "name": "test-n2d-standard-224",
            "network_interface": [
              {
                "access_config": [
                  {
                    "public_ptr_domain_name": null
                  }
                ],
                "alias_ip_range": [],
                "network": "default"
              }
            ],
            "scratch_disk": [],
            "service_account": [],
            "shielded_instance_config": [],
            "tags": null,
            "timeouts": null,
            "zone": "us-central1-a"
          }
        },
        {
          "address": "google_compute_instance.default[\"n2d-standard-32\"]",
          "mode": "managed",
          "type": "google_compute_instance",
          "name": "default",
          "index": "n2d-standard-32",
          "provider_name": "google",
          "schema_version": 6,
          "values": {
            "allow_stopping_for_update": null,
            "attached_disk": [],
            "boot_disk": [
              {
                "auto_delete": true,
                "disk_encryption_key_raw": null,
                "initialize_params": [
                  {
                    "image": "debian-cloud/debian-9"
                  }
                ],
                "mode": "READ_WRITE"
              }
            ],
            "can_ip_forward": false,
            "deletion_protection": false,
            "description": null,
            "disk": [],
            "enable_display": null,
            "hostname": null,
            "labels": null,
            "machine_type": "n2d-standard-32",
            "metadata": null,
            "metadata_startup_script": null,
            "min_cpu_platform": null,
            "name": "test-n2d-standard-32",
            "network_interface": [
              {
                "access_config": [
                  {
                    "public_ptr_domain_name": null
                  }
                ],
                "alias_ip_range": [],
                "network": "default"
              }
            ],
            "scratch_disk": [],
            "service_account": [],
            "shielded_instance_config": [],
            "tags": null,
            "timeouts": null,
            "zone": "us-central1-a"
          }
        },
        {
          "address": "google_compute_instance.default[\"n2d-standard-4\"]",
          "mode": "managed",
          "type": "google_compute_instance",
          "name": "default",
          "index": "n2d-standard-4",
          "provider_name": "google",
          "schema_version": 6,
          "values": {
            "allow_stopping_for_update": null,
            "attached_disk": [],
            "boot_disk": [
              {
                "auto_delete": true,
                "disk_encryption_key_raw": null,
                "initialize_params": [
                  {
                    "image": "debian-cloud/debian-9"
                  }
                ],
                "mode": "READ_WRITE"
              }
            ],
            "can_ip_forward": false,
            "deletion_protection": false,
            "description": null,
            "disk": [],
            "enable_display": null,
            "hostname": null,
            "labels": null,
            "machine_type": "n2d-standard-4",
            "metadata": null,
            "metadata_startup_script": null,
            "min_cpu_platform": null,
            "name": "test-n2d-standard-4",
            "network_interface": [
              {
                "access_config": [
                  {
                    "public_ptr_domain_name": null
                  }
                ],
                "alias_ip_range": [],
                "network": "default"
              }
            ],
            "scratch_disk": [],
            "service_account": [],
            "shielded_instance_config": [],
            "tags": null,
            "timeouts": null,
            "zone": "us-central1-a"
          }
        },
        {
          "address": "google_compute_instance.default[\"n2d-standard-48\"]",
          "mode": "managed",
          "type": "google_compute_instance",
          "name": "default",
          "index": "n2d-standard-48",
          "provider_name": "google",
          "schema_version": 6,
          "values": {
            "allow_stopping_for_update": null,
            "attached_disk": [],
            "boot_disk": [
              {
                "auto_delete": true,
                "disk_encryption_key_raw": null,
                "initialize_params": [
                  {
                    "image": "debian-cloud/debian-9"
                  }
                ],
                "mode": "READ_WRITE"
              }
            ],
            "can_ip_forward": false,
            "deletion_protection": false,
            "description": null,
            "disk": [],
            "enable_display": null,
            "hostname": null,
            "labels": null,
            "machine_type": "n2d-standard-48",
            "metadata": null,
            "metadata_startup_script": null,
            "min_cpu_platform": null,
            "name": "test-n2d-standard-48",
            "network_interface": [
              {
                "access_config": [
                  {
                    "public_ptr_domain_name": null
                  }
                ],
                "alias_ip_range": [],
                "network": "default"
              }
            ],
            "scratch_disk": [],
            "service_account": [],
            "shielded_instance_config": [],
            "tags": null,
            "timeouts": null,
            "zone": "us-central1-a"
          }
        },
        {
          "address": "google_compute_instance.default[\"n2d-standard-64\"]",
          "mode": "managed",
          "type": "google_compute_instance",
          "name": "default",
          "index": "n2d-standard-64",
          "provider_name": "google",
          "schema_version": 6,
          "values": {
            "allow_stopping_for_update": null,
            "attached_disk": [],
            "boot_disk": [
              {
                "auto_delete": true,
                "disk_encryption_key_raw": null,
                "initialize_params": [
                  {
                    "image": "debian-cloud/debian-9"
                  }
                ],
                "mode": "READ_WRITE"
              }
            ],
            "can_ip_forward": false,
            "deletion_protection": false,
            "description": null,
            "disk": [],
            "enable_display": null,
            "hostname": null,
            "labels": null,
            "machine_type": "n2d-standard-64",
            "metadata": null,
            "metadata_startup_script": null,
            "min_cpu_platform": null,
            "name": "test-n2d-standard-64",
            "network_interface": [
              {
                "access_config": [
                  {
                    "public_ptr_domain_name": null
                  }
                ],
                "alias_ip_range": [],
                "network": "default"
              }
            ],
            "scratch_disk": [],
            "service_account": [],
            "shielded_instance_config": [],
            "tags": null,
            "timeouts": null,
            "zone": "us-central1-a"
          }
        },
        {
          "address": "google_compute_instance.default[\"n2d-standard-8\"]",
          "mode": "managed",
          "type": "google_compute_instance",
          "name": "default",
          "index": "n2d-standard-8",
          "provider_name": "google",
          "schema_version": 6,
          "values": {
            "allow_stopping_for_update": null,
            "attached_disk": [],
            "boot_disk": [
              {
                "auto_delete": true,
                "disk_encryption_key_raw": null,
                "initialize_params": [
                  {
                    "image": "debian-cloud/debian-9"
                  }
                ],
                "mode": "READ_WRITE"
              }
            ],
            "can_ip_forward": false,
            "deletion_protection": false,
            "description": null,
            "disk": [],
            "enable_display": null,
            "hostname": null,
            "labels": null,
            "machine_type": "n2d-standard-8",
            "metadata": null,
            "metadata_startup_script": null,
            "min_cpu_platform": null,
            "name": "test-n2d-standard-8",
            "network_interface": [
              {
                "access_config": [
                  {
                    "public_ptr_domain_name": null
                  }
                ],
                "alias_ip_range": [],
                "network": "default"
              }
            ],
            "scratch_disk": [],
            "service_account": [],
            "shielded_instance_config": [],
            "tags": null,
            "timeouts": null,
            "zone": "us-central1-a"
          }
        },
        {
          "address": "google_compute_instance.default[\"n2d-standard-80\"]",
          "mode": "managed",
          "type": "google_compute_instance",
          "name": "default",
          "index": "n2d-standard-80",
          "provider_name": "google",
          "schema_version": 6,
          "values": {
            "allow_stopping_for_update": null,
            "attached_disk": [],
            "boot_disk": [
              {
                "auto_delete": true,
                "disk_encryption_key_raw": null,
                "initialize_params": [
                  {
                    "image": "debian-cloud/debian-9"
                  }
                ],
                "mode": "READ_WRITE"
              }
            ],
            "can_ip_forward": false,
            "deletion_protection": false,
            "description": null,
            "disk": [],
            "enable_display": null,
            "hostname": null,
            "labels": null,
            "machine_type": "n2d-standard-80",
            "metadata": null,
            "metadata_startup_script": null,
            "min_cpu_platform": null,
            "name": "test-n2d-standard-80",
            "network_interface": [
              {
                "access_config": [
                  {
                    "public_ptr_domain_name": null
                  }
                ],
                "alias_ip_range": [],
                "network": "default"
              }
            ],
            "scratch_disk": [],
            "service_account": [],
            "shielded_instance_config": [],
            "tags": null,
            "timeouts": null,
            "zone": "us-central1-a"
          }
        },
        {
          "address": "google_compute_instance.default[\"n2d-standard-96\"]",
          "mode": "managed",
          "type": "google_compute_instance",
          "name": "default",
          "index": "n2d-standard-96",
          "provider_name": "google",
          "schema_version": 6,
          "values": {
            "allow_stopping_for_update": null,
            "attached_disk": [],
            "boot_disk": [
              {
                "auto_delete": true,
                "disk_encryption_key_raw": null,
                "initialize_params": [
                  {
                    "image": "debian-cloud/debian-9"
                  }
                ],
                "mode": "READ_WRITE"
              }
            ],
            "can_ip_forward": false,
            "deletion_protection": false,
            "description": null,
            "disk": [],
            "enable_display": null,
            "hostname": null,
            "labels": null,
            "machine_type": "n2d-standard-96",
            "metadata": null,
            "metadata_startup_script": null,
            "min_cpu_platform": null,
            "name": "test-n2d-standard-96",
            "network_interface": [
              {
                "access_config": [
                  {
                    "public_ptr_domain_name": null
                  }
                ],
                "alias_ip_range": [],
                "network": "default"
              }
            ],
            "scratch_disk": [],
            "service_account": [],
            "shielded_instance_config": [],
            "tags": null,
            "timeouts": null,
            "zone": "us-central1-a"
          }
        }
      ]
    }
  },
  "resource_changes": [
    {
      "address": "google_compute_instance.default[\"\"]",
      "mode": "managed",
      "type": "google_compute_instance",
      "name": "default",
      "index": "",
      "provider_name": "google",
      "change": {
        "actions": [
          "create"
        ],
        "before": null,
        "after": {
          "allow_stopping_for_update": null,
          "attached_disk": [],
          "boot_disk": [
            {
              "auto_delete": true,
              "disk_encryption_key_raw": null,
              "initialize_params": [
                {
                  "image": "debian-cloud/debian-9"
                }
              ],
              "mode": "READ_WRITE"
            }
          ],
          "can_ip_forward": false,
          "deletion_protection": false,
          "description": null,
          "disk": [],
          "enable_display": null,
          "hostname": null,
          "labels": null,
          "machine_type": "",
          "metadata": null,
          "metadata_startup_script": null,
          "min_cpu_platform": null,
          "name": "test-",
          "network_interface": [
            {
              "access_config": [
                {
                  "public_ptr_domain_name": null
                }
              ],
              "alias_ip_range": [],
              "network": "default"
            }
          ],
          "scratch_disk": [],
          "service_account": [],
          "shielded_instance_config": [],
          "tags": null,
          "timeouts": null,
          "zone": "us-central1-a"
        },
        "after_unknown": {
          "attached_disk": [],
          "boot_disk": [
            {
              "device_name": true,
              "disk_encryption_key_sha256": true,
              "initialize_params": [
                {
                  "labels": true,
                  "size": true,
                  "type": true
                }
              ],
              "kms_key_self_link": true,
              "source": true
            }
          ],
          "cpu_platform": true,
          "disk": [],
          "guest_accelerator": true,
          "id": true,
          "instance_id": true,
          "label_fingerprint": true,
          "metadata_fingerprint": true,
          "network_interface": [
            {
              "access_config": [
                {
                  "assigned_nat_ip": true,
                  "nat_ip": true,
                  "network_tier": true
                }
              ],
              "address": true,
              "alias_ip_range": [],
              "name": true,
              "network_ip": true,
              "subnetwork": true,
              "subnetwork_project": true
            }
          ],
          "project": true,
          "scheduling": true,
          "scratch_disk": [],
          "self_link": true,
          "service_account": [],
          "shielded_instance_config": [],
          "tags_fingerprint": true
        }
      }
    },
    {
      "address": "google_compute_instance.default[\"c2-standard-16\"]",
      "mode": "managed",
      "type": "google_compute_instance",
      "name": "default",
      "index": "c2-standard-16",
      "provider_name": "google",
      "change": {
        "actions": [
          "create"
        ],
        "before": null,
        "after": {
          "allow_stopping_for_update": null,
          "attached_disk": [],
          "boot_disk": [
            {
              "auto_delete": true,
              "disk_encryption_key_raw": null,
              "initialize_params": [
                {
                  "image": "debian-cloud/debian-9"
                }
              ],
              "mode": "READ_WRITE"
            }
          ],
          "can_ip_forward": false,
          "deletion_protection": false,
          "description": null,
          "disk": [],
          "enable_display": null,
          "hostname": null,
          "labels": null,
          "machine_type": "c2-standard-16",
          "metadata": null,
          "metadata_startup_script": null,
          "min_cpu_platform": null,
          "name": "test-c2-standard-16",
          "network_interface": [
            {
              "access_config": [
                {
                  "public_ptr_domain_name": null
                }
              ],
              "alias_ip_range": [],
              "network": "default"
            }
          ],
          "scratch_disk": [],
          "service_account": [],
          "shielded_instance_config": [],
          "tags": null,
          "timeouts": null,
          "zone": "us-central1-a"
        },
        "after_unknown": {
          "attached_disk": [],
          "boot_disk": [
            {
              "device_name": true,
              "disk_encryption_key_sha256": true,
              "initialize_params": [
                {
                  "labels": true,
                  "size": true,
                  "type": true
                }
              ],
              "kms_key_self_link": true,
              "source": true
            }
          ],
          "cpu_platform": true,
          "disk": [],
          "guest_accelerator": true,
          "id": true,
          "instance_id": true,
          "label_fingerprint": true,
          "metadata_fingerprint": true,
          "network_interface": [
            {
              "access_config": [
                {
                  "assigned_nat_ip": true,
                  "nat_ip": true,
                  "network_tier": true
                }
              ],
              "address": true,
              "alias_ip_range": [],
              "name": true,
              "network_ip": true,
              "subnetwork": true,
              "subnetwork_project": true
            }
          ],
          "project": true,
          "scheduling": true,
          "scratch_disk": [],
          "self_link": true,
          "service_account": [],
          "shielded_instance_config": [],
          "tags_fingerprint": true
        }
      }
    },
    {
      "address": "google_compute_instance.default[\"c2-standard-30\"]",
      "mode": "managed",
      "type": "google_compute_instance",
      "name": "default",
      "index": "c2-standard-30",
      "provider_name": "google",
      "change": {
        "actions": [
          "create"
        ],
        "before": null,
        "after": {
          "allow_stopping_for_update": null,
          "attached_disk": [],
          "boot_disk": [
            {
              "auto_delete": true,
              "disk_encryption_key_raw": null,
              "initialize_params": [
                {
                  "image": "debian-cloud/debian-9"
                }
              ],
              "mode": "READ_WRITE"
            }
          ],
          "can_ip_forward": false,
          "deletion_protection": false,
          "description": null,
          "disk": [],
          "enable_display": null,
          "hostname": null,
          "labels": null,
          "machine_type": "c2-standard-30",
          "metadata": null,
          "metadata_startup_script": null,
          "min_cpu_platform": null,
          "name": "test-c2-standard-30",
          "network_interface": [
            {
              "access_config": [
                {
                  "public_ptr_domain_name": null
                }
              ],
              "alias_ip_range": [],
              "network": "default"
            }
          ],
          "scratch_disk": [],
          "service_account": [],
          "shielded_instance_config": [],
          "tags": null,
          "timeouts": null,
          "zone": "us-central1-a"
        },
        "after_unknown": {
          "attached_disk": [],
          "boot_disk": [
            {
              "device_name": true,
              "disk_encryption_key_sha256": true,
              "initialize_params": [
                {
                  "labels": true,
                  "size": true,
                  "type": true
                }
              ],
              "kms_key_self_link": true,
              "source": true
            }
          ],
          "cpu_platform": true,
          "disk": [],
          "guest_accelerator": true,
          "id": true,
          "instance_id": true,
          "label_fingerprint": true,
          "metadata_fingerprint": true,
          "network_interface": [
            {
              "access_config": [
                {
                  "assigned_nat_ip": true,
                  "nat_ip": true,
                  "network_tier": true
                }
              ],
              "address": true,
              "alias_ip_range": [],
              "name": true,
              "network_ip": true,
              "subnetwork": true,
              "subnetwork_project": true
            }
          ],
          "project": true,
          "scheduling": true,
          "scratch_disk": [],
          "self_link": true,
          "service_account": [],
          "shielded_instance_config": [],
          "tags_fingerprint": true
        }
      }
    },
    {
      "address": "google_compute_instance.default[\"c2-standard-4\"]",
      "mode": "managed",
      "type": "google_compute_instance",
      "name": "default",
      "index": "c2-standard-4",
      "provider_name": "google",
      "change": {
        "actions": [
          "create"
        ],
        "before": null,
        "after": {
          "allow_stopping_for_update": null,
          "attached_disk": [],
          "boot_disk": [
            {
              "auto_delete": true,
              "disk_encryption_key_raw": null,
              "initialize_params": [
                {
                  "image": "debian-cloud/debian-9"
                }
              ],
              "mode": "READ_WRITE"
            }
          ],
          "can_ip_forward": false,
          "deletion_protection": false,
          "description": null,
          "disk": [],
          "enable_display": null,
          "hostname": null,
          "labels": null,
          "machine_type": "c2-standard-4",
          "metadata": null,
          "metadata_startup_script": null,
          "min_cpu_platform": null,
          "name": "test-c2-standard-4",
          "network_interface": [
            {
              "access_config": [
                {
                  "public_ptr_domain_name": null
                }
              ],
              "alias_ip_range": [],
              "network": "default"
            }
          ],
          "scratch_disk": [],
          "service_account": [],
          "shielded_instance_config": [],
          "tags": null,
          "timeouts": null,
          "zone": "us-central1-a"
        },
        "after_unknown": {
          "attached_disk": [],
          "boot_disk": [
            {
              "device_name": true,
              "disk_encryption_key_sha256": true,
              "initialize_params": [
                {
                  "labels": true,
                  "size": true,
                  "type": true
                }
              ],
              "kms_key_self_link": true,
              "source": true
            }
          ],
          "cpu_platform": true,
          "disk": [],
          "guest_accelerator": true,
          "id": true,
          "instance_id": true,
          "label_fingerprint": true,
          "metadata_fingerprint": true,
          "network_interface": [
            {
              "access_config": [
                {
                  "assigned_nat_ip": true,
                  "nat_ip": true,
                  "network_tier": true
                }
              ],
              "address": true,
              "alias_ip_range": [],
              "name": true,
              "network_ip": true,
              "subnetwork": true,
              "subnetwork_project": true
            }
          ],
          "project": true,
          "scheduling": true,
          "scratch_disk": [],
          "self_link": true,
          "service_account": [],
          "shielded_instance_config": [],
          "tags_fingerprint": true
        }
      }
    },
    {
      "address": "google_compute_instance.default[\"c2-standard-60\"]",
      "mode": "managed",
      "type": "google_compute_instance",
      "name": "default",
      "index": "c2-standard-60",
      "provider_name": "google",
      "change": {
        "actions": [
          "create"
        ],
        "before": null,
        "after": {
          "allow_stopping_for_update": null,
          "attached_disk": [],
          "boot_disk": [
            {
              "auto_delete": true,
              "disk_encryption_key_raw": null,
              "initialize_params": [
                {
                  "image": "debian-cloud/debian-9"
                }
              ],
              "mode": "READ_WRITE"
            }
          ],
          "can_ip_forward": false,
          "deletion_protection": false,
          "description": null,
          "disk": [],
          "enable_display": null,
          "hostname": null,
          "labels": null,
          "machine_type": "c2-standard-60",
          "metadata": null,
          "metadata_startup_script": null,
          "min_cpu_platform": null,
          "name": "test-c2-standard-60",
          "network_interface": [
            {
              "access_config": [
                {
                  "public_ptr_domain_name": null
                }
              ],
              "alias_ip_range": [],
              "network": "default"
            }
          ],
          "scratch_disk": [],
          "service_account": [],
          "shielded_instance_config": [],
          "tags": null,
          "timeouts": null,
          "zone": "us-central1-a"
        },
        "after_unknown": {
          "attached_disk": [],
          "boot_disk": [
            {
              "device_name": true,
              "disk_encryption_key_sha256": true,
              "initialize_params": [
                {
                  "labels": true,
                  "size": true,
                  "type": true
                }
              ],
              "kms_key_self_link": true,
              "source": true
            }
          ],
          "cpu_platform": true,
          "disk": [],
          "guest_accelerator": true,
          "id": true,
          "instance_id": true,
          "label_fingerprint": true,
          "metadata_fingerprint": true,
          "network_interface": [
            {
              "access_config": [
                {
                  "assigned_nat_ip": true,
                  "nat_ip": true,
                  "network_tier": true
                }
              ],
              "address": true,
              "alias_ip_range": [],
              "name": true,
              "network_ip": true,
              "subnetwork": true,
              "subnetwork_project": true
            }
          ],
          "project": true,
          "scheduling": true,
          "scratch_disk": [],
          "self_link": true,
          "service_account": [],
          "shielded_instance_config": [],
          "tags_fingerprint": true
        }
      }
    },
    {
      "address": "google_compute_instance.default[\"c2-standard-8\"]",
      "mode": "managed",
      "type": "google_compute_instance",
      "name": "default",
      "index": "c2-standard-8",
      "provider_name": "google",
      "change": {
        "actions": [
          "create"
        ],
        "before": null,
        "after": {
          "allow_stopping_for_update": null,
          "attached_disk": [],
          "boot_disk": [
            {
              "auto_delete": true,
              "disk_encryption_key_raw": null,
              "initialize_params": [
                {
                  "image": "debian-cloud/debian-9"
                }
              ],
              "mode": "READ_WRITE"
            }
          ],
          "can_ip_forward": false,
          "deletion_protection": false,
          "description": null,
          "disk": [],
          "enable_display": null,
          "hostname": null,
          "labels": null,
          "machine_type": "c2-standard-8",
          "metadata": null,
          "metadata_startup_script": null,
          "min_cpu_platform": null,
          "name": "test-c2-standard-8",
          "network_interface": [
            {
              "access_config": [
                {
                  "public_ptr_domain_name": null
                }
              ],
              "alias_ip_range": [],
              "network": "default"
            }
          ],
          "scratch_disk": [],
          "service_account": [],
          "shielded_instance_config": [],
          "tags": null,
          "timeouts": null,
          "zone": "us-central1-a"
        },
        "after_unknown": {
          "attached_disk": [],
          "boot_disk": [
            {
              "device_name": true,
              "disk_encryption_key_sha256": true,
              "initialize_params": [
                {
                  "labels": true,
                  "size": true,
                  "type": true
                }
              ],
              "kms_key_self_link": true,
              "source": true
            }
          ],
          "cpu_platform": true,
          "disk": [],
          "guest_accelerator": true,
          "id": true,
          "instance_id": true,
          "label_fingerprint": true,
          "metadata_fingerprint": true,
          "network_interface": [
            {
              "access_config": [
                {
                  "assigned_nat_ip": true,
                  "nat_ip": true,
                  "network_tier": true
                }
              ],
              "address": true,
              "alias_ip_range": [],
              "name": true,
              "network_ip": true,
              "subnetwork": true,
              "subnetwork_project": true
            }
          ],
          "project": true,
          "scheduling": true,
          "scratch_disk": [],
          "self_link": true,
          "service_account": [],
          "shielded_instance_config": [],
          "tags_fingerprint": true
        }
      }
    },
    {
      "address": "google_compute_instance.default[\"e2-highcpu-16\"]",
      "mode": "managed",
      "type": "google_compute_instance",
      "name": "default",
      "index": "e2-highcpu-16",
      "provider_name": "google",
      "change": {
        "actions": [
          "create"
        ],
        "before": null,
        "after": {
          "allow_stopping_for_update": null,
          "attached_disk": [],
          "boot_disk": [
            {
              "auto_delete": true,
              "disk_encryption_key_raw": null,
              "initialize_params": [
                {
                  "image": "debian-cloud/debian-9"
                }
              ],
              "mode": "READ_WRITE"
            }
          ],
          "can_ip_forward": false,
          "deletion_protection": false,
          "description": null,
          "disk": [],
          "enable_display": null,
          "hostname": null,
          "labels": null,
          "machine_type": "e2-highcpu-16",
          "metadata": null,
          "metadata_startup_script": null,
          "min_cpu_platform": null,
          "name": "test-e2-highcpu-16",
          "network_interface": [
            {
              "access_config": [
                {
                  "public_ptr_domain_name": null
                }
              ],
              "alias_ip_range": [],
              "network": "default"
            }
          ],
          "scratch_disk": [],
          "service_account": [],
          "shielded_instance_config": [],
          "tags": null,
          "timeouts": null,
          "zone": "us-central1-a"
        },
        "after_unknown": {
          "attached_disk": [],
          "boot_disk": [
            {
              "device_name": true,
              "disk_encryption_key_sha256": true,
              "initialize_params": [
                {
                  "labels": true,
                  "size": true,
                  "type": true
                }
              ],
              "kms_key_self_link": true,
              "source": true
            }
          ],
          "cpu_platform": true,
          "disk": [],
          "guest_accelerator": true,
          "id": true,
          "instance_id": true,
          "label_fingerprint": true,
          "metadata_fingerprint": true,
          "network_interface": [
            {
              "access_config": [
                {
                  "assigned_nat_ip": true,
                  "nat_ip": true,
                  "network_tier": true
                }
              ],
              "address": true,
              "alias_ip_range": [],
              "name": true,
              "network_ip": true,
              "subnetwork": true,
              "subnetwork_project": true
            }
          ],
          "project": true,
          "scheduling": true,
          "scratch_disk": [],
          "self_link": true,
          "service_account": [],
          "shielded_instance_config": [],
          "tags_fingerprint": true
        }
      }
    },
    {
      "address": "google_compute_instance.default[\"e2-highcpu-2\"]",
      "mode": "managed",
      "type": "google_compute_instance",
      "name": "default",
      "index": "e2-highcpu-2",
      "provider_name": "google",
      "change": {
        "actions": [
          "create"
        ],
        "before": null,
        "after": {
          "allow_stopping_for_update": null,
          "attached_disk": [],
          "boot_disk": [
            {
              "auto_delete": true,
              "disk_encryption_key_raw": null,
              "initialize_params": [
                {
                  "image": "debian-cloud/debian-9"
                }
              ],
              "mode": "READ_WRITE"
            }
          ],
          "can_ip_forward": false,
          "deletion_protection": false,
          "description": null,
          "disk": [],
          "enable_display": null,
          "hostname": null,
          "labels": null,
          "machine_type": "e2-highcpu-2",
          "metadata": null,
          "metadata_startup_script": null,
          "min_cpu_platform": null,
          "name": "test-e2-highcpu-2",
          "network_interface": [
            {
              "access_config": [
                {
                  "public_ptr_domain_name": null
                }
              ],
              "alias_ip_range": [],
              "network": "default"
            }
          ],
          "scratch_disk": [],
          "service_account": [],
          "shielded_instance_config": [],
          "tags": null,
          "timeouts": null,
          "zone": "us-central1-a"
        },
        "after_unknown": {
          "attached_disk": [],
          "boot_disk": [
            {
              "device_name": true,
              "disk_encryption_key_sha256": true,
              "initialize_params": [
                {
                  "labels": true,
                  "size": true,
                  "type": true
                }
              ],
              "kms_key_self_link": true,
              "source": true
            }
          ],
          "cpu_platform": true,
          "disk": [],
          "guest_accelerator": true,
          "id": true,
          "instance_id": true,
          "label_fingerprint": true,
          "metadata_fingerprint": true,
          "network_interface": [
            {
              "access_config": [
                {
                  "assigned_nat_ip": true,
                  "nat_ip": true,
                  "network_tier": true
                }
              ],
              "address": true,
              "alias_ip_range": [],
              "name": true,
              "network_ip": true,
              "subnetwork": true,
              "subnetwork_project": true
            }
          ],
          "project": true,
          "scheduling": true,
          "scratch_disk": [],
          "self_link": true,
          "service_account": [],
          "shielded_instance_config": [],
          "tags_fingerprint": true
        }
      }
    },
    {
      "address": "google_compute_instance.default[\"e2-highcpu-32\"]",
      "mode": "managed",
      "type": "google_compute_instance",
      "name": "default",
      "index": "e2-highcpu-32",
      "provider_name": "google",
      "change": {
        "actions": [
          "create"
        ],
        "before": null,
        "after": {
          "allow_stopping_for_update": null,
          "attached_disk": [],
          "boot_disk": [
            {
              "auto_delete": true,
              "disk_encryption_key_raw": null,
              "initialize_params": [
                {
                  "image": "debian-cloud/debian-9"
                }
              ],
              "mode": "READ_WRITE"
            }
          ],
          "can_ip_forward": false,
          "deletion_protection": false,
          "description": null,
          "disk": [],
          "enable_display": null,
          "hostname": null,
          "labels": null,
          "machine_type": "e2-highcpu-32",
          "metadata": null,
          "metadata_startup_script": null,
          "min_cpu_platform": null,
          "name": "test-e2-highcpu-32",
          "network_interface": [
            {
              "access_config": [
                {
                  "public_ptr_domain_name": null
                }
              ],
              "alias_ip_range": [],
              "network": "default"
            }
          ],
          "scratch_disk": [],
          "service_account": [],
          "shielded_instance_config": [],
          "tags": null,
          "timeouts": null,
          "zone": "us-central1-a"
        },
        "after_unknown": {
          "attached_disk": [],
          "boot_disk": [
            {
              "device_name": true,
              "disk_encryption_key_sha256": true,
              "initialize_params": [
                {
                  "labels": true,
                  "size": true,
                  "type": true
                }
              ],
              "kms_key_self_link": true,
              "source": true
            }
          ],
          "cpu_platform": true,
          "disk": [],
          "guest_accelerator": true,
          "id": true,
          "instance_id": true,
          "label_fingerprint": true,
          "metadata_fingerprint": true,
          "network_interface": [
            {
              "access_config": [
                {
                  "assigned_nat_ip": true,
                  "nat_ip": true,
                  "network_tier": true
                }
              ],
              "address": true,
              "alias_ip_range": [],
              "name": true,
              "network_ip": true,
              "subnetwork": true,
              "subnetwork_project": true
            }
          ],
          "project": true,
          "scheduling": true,
          "scratch_disk": [],
          "self_link": true,
          "service_account": [],
          "shielded_instance_config": [],
          "tags_fingerprint": true
        }
      }
    },
    {
      "address": "google_compute_instance.default[\"e2-highcpu-4\"]",
      "mode": "managed",
      "type": "google_compute_instance",
      "name": "default",
      "index": "e2-highcpu-4",
      "provider_name": "google",
      "change": {
        "actions": [
          "create"
        ],
        "before": null,
        "after": {
          "allow_stopping_for_update": null,
          "attached_disk": [],
          "boot_disk": [
            {
              "auto_delete": true,
              "disk_encryption_key_raw": null,
              "initialize_params": [
                {
                  "image": "debian-cloud/debian-9"
                }
              ],
              "mode": "READ_WRITE"
            }
          ],
          "can_ip_forward": false,
          "deletion_protection": false,
          "description": null,
          "disk": [],
          "enable_display": null,
          "hostname": null,
          "labels": null,
          "machine_type": "e2-highcpu-4",
          "metadata": null,
          "metadata_startup_script": null,
          "min_cpu_platform": null,
          "name": "test-e2-highcpu-4",
          "network_interface": [
            {
              "access_config": [
                {
                  "public_ptr_domain_name": null
                }
              ],
              "alias_ip_range": [],
              "network": "default"
            }
          ],
          "scratch_disk": [],
          "service_account": [],
          "shielded_instance_config": [],
          "tags": null,
          "timeouts": null,
          "zone": "us-central1-a"
        },
        "after_unknown": {
          "attached_disk": [],
          "boot_disk": [
            {
              "device_name": true,
              "disk_encryption_key_sha256": true,
              "initialize_params": [
                {
                  "labels": true,
                  "size": true,
                  "type": true
                }
              ],
              "kms_key_self_link": true,
              "source": true
            }
          ],
          "cpu_platform": true,
          "disk": [],
          "guest_accelerator": true,
          "id": true,
          "instance_id": true,
          "label_fingerprint": true,
          "metadata_fingerprint": true,
          "network_interface": [
            {
              "access_config": [
                {
                  "assigned_nat_ip": true,
                  "nat_ip": true,
                  "network_tier": true
                }
              ],
              "address": true,
              "alias_ip_range": [],
              "name": true,
              "network_ip": true,
              "subnetwork": true,
              "subnetwork_project": true
            }
          ],
          "project": true,
          "scheduling": true,
          "scratch_disk": [],
          "self_link": true,
          "service_account": [],
          "shielded_instance_config": [],
          "tags_fingerprint": true
        }
      }
    },
    {
      "address": "google_compute_instance.default[\"e2-highcpu-8\"]",
      "mode": "managed",
      "type": "google_compute_instance",
      "name": "default",
      "index": "e2-highcpu-8",
      "provider_name": "google",
      "change": {
        "actions": [
          "create"
        ],
        "before": null,
        "after": {
          "allow_stopping_for_update": null,
          "attached_disk": [],
          "boot_disk": [
            {
              "auto_delete": true,
              "disk_encryption_key_raw": null,
              "initialize_params": [
                {
                  "image": "debian-cloud/debian-9"
                }
              ],
              "mode": "READ_WRITE"
            }
          ],
          "can_ip_forward": false,
          "deletion_protection": false,
          "description": null,
          "disk": [],
          "enable_display": null,
          "hostname": null,
          "labels": null,
          "machine_type": "e2-highcpu-8",
          "metadata": null,
          "metadata_startup_script": null,
          "min_cpu_platform": null,
          "name": "test-e2-highcpu-8",
          "network_interface": [
            {
              "access_config": [
                {
                  "public_ptr_domain_name": null
                }
              ],
              "alias_ip_range": [],
              "network": "default"
            }
          ],
          "scratch_disk": [],
          "service_account": [],
          "shielded_instance_config": [],
          "tags": null,
          "timeouts": null,
          "zone": "us-central1-a"
        },
        "after_unknown": {
          "attached_disk": [],
          "boot_disk": [
            {
              "device_name": true,
              "disk_encryption_key_sha256": true,
              "initialize_params": [
                {
                  "labels": true,
                  "size": true,
                  "type": true
                }
              ],
              "kms_key_self_link": true,
              "source": true
            }
          ],
          "cpu_platform": true,
          "disk": [],
          "guest_accelerator": true,
          "id": true,
          "instance_id": true,
          "label_fingerprint": true,
          "metadata_fingerprint": true,
          "network_interface": [
            {
              "access_config": [
                {
                  "assigned_nat_ip": true,
                  "nat_ip": true,
                  "network_tier": true
                }
              ],
              "address": true,
              "alias_ip_range": [],
              "name": true,
              "network_ip": true,
              "subnetwork": true,
              "subnetwork_project": true
            }
          ],
          "project": true,
          "scheduling": true,
          "scratch_disk": [],
          "self_link": true,
          "service_account": [],
          "shielded_instance_config": [],
          "tags_fingerprint": true
        }
      }
    },
    {
      "address": "google_compute_instance.default[\"e2-highmem-16\"]",
      "mode": "managed",
      "type": "google_compute_instance",
      "name": "default",
      "index": "e2-highmem-16",
      "provider_name": "google",
      "change": {
        "actions": [
          "create"
        ],
        "before": null,
        "after": {
          "allow_stopping_for_update": null,
          "attached_disk": [],
          "boot_disk": [
            {
              "auto_delete": true,
              "disk_encryption_key_raw": null,
              "initialize_params": [
                {
                  "image": "debian-cloud/debian-9"
                }
              ],
              "mode": "READ_WRITE"
            }
          ],
          "can_ip_forward": false,
          "deletion_protection": false,
          "description": null,
          "disk": [],
          "enable_display": null,
          "hostname": null,
          "labels": null,
          "machine_type": "e2-highmem-16",
          "metadata": null,
          "metadata_startup_script": null,
          "min_cpu_platform": null,
          "name": "test-e2-highmem-16",
          "network_interface": [
            {
              "access_config": [
                {
                  "public_ptr_domain_name": null
                }
              ],
              "alias_ip_range": [],
              "network": "default"
            }
          ],
          "scratch_disk": [],
          "service_account": [],
          "shielded_instance_config": [],
          "tags": null,
          "timeouts": null,
          "zone": "us-central1-a"
        },
        "after_unknown": {
          "attached_disk": [],
          "boot_disk": [
            {
              "device_name": true,
              "disk_encryption_key_sha256": true,
              "initialize_params": [
                {
                  "labels": true,
                  "size": true,
                  "type": true
                }
              ],
              "kms_key_self_link": true,
              "source": true
            }
          ],
          "cpu_platform": true,
          "disk": [],
          "guest_accelerator": true,
          "id": true,
          "instance_id": true,
          "label_fingerprint": true,
          "metadata_fingerprint": true,
          "network_interface": [
            {
              "access_config": [
                {
                  "assigned_nat_ip": true,
                  "nat_ip": true,
                  "network_tier": true
                }
              ],
              "address": true,
              "alias_ip_range": [],
              "name": true,
              "network_ip": true,
              "subnetwork": true,
              "subnetwork_project": true
            }
          ],
          "project": true,
          "scheduling": true,
          "scratch_disk": [],
          "self_link": true,
          "service_account": [],
          "shielded_instance_config": [],
          "tags_fingerprint": true
        }
      }
    },
    {
      "address": "google_compute_instance.default[\"e2-highmem-2\"]",
      "mode": "managed",
      "type": "google_compute_instance",
      "name": "default",
      "index": "e2-highmem-2",
      "provider_name": "google",
      "change": {
        "actions": [
          "create"
        ],
        "before": null,
        "after": {
          "allow_stopping_for_update": null,
          "attached_disk": [],
          "boot_disk": [
            {
              "auto_delete": true,
              "disk_encryption_key_raw": null,
              "initialize_params": [
                {
                  "image": "debian-cloud/debian-9"
                }
              ],
              "mode": "READ_WRITE"
            }
          ],
          "can_ip_forward": false,
          "deletion_protection": false,
          "description": null,
          "disk": [],
          "enable_display": null,
          "hostname": null,
          "labels": null,
          "machine_type": "e2-highmem-2",
          "metadata": null,
          "metadata_startup_script": null,
          "min_cpu_platform": null,
          "name": "test-e2-highmem-2",
          "network_interface": [
            {
              "access_config": [
                {
                  "public_ptr_domain_name": null
                }
              ],
              "alias_ip_range": [],
              "network": "default"
            }
          ],
          "scratch_disk": [],
          "service_account": [],
          "shielded_instance_config": [],
          "tags": null,
          "timeouts": null,
          "zone": "us-central1-a"
        },
        "after_unknown": {
          "attached_disk": [],
          "boot_disk": [
            {
              "device_name": true,
              "disk_encryption_key_sha256": true,
              "initialize_params": [
                {
                  "labels": true,
                  "size": true,
                  "type": true
                }
              ],
              "kms_key_self_link": true,
              "source": true
            }
          ],
          "cpu_platform": true,
          "disk": [],
          "guest_accelerator": true,
          "id": true,
          "instance_id": true,
          "label_fingerprint": true,
          "metadata_fingerprint": true,
          "network_interface": [
            {
              "access_config": [
                {
                  "assigned_nat_ip": true,
                  "nat_ip": true,
                  "network_tier": true
                }
              ],
              "address": true,
              "alias_ip_range": [],
              "name": true,
              "network_ip": true,
              "subnetwork": true,
              "subnetwork_project": true
            }
          ],
          "project": true,
          "scheduling": true,
          "scratch_disk": [],
          "self_link": true,
          "service_account": [],
          "shielded_instance_config": [],
          "tags_fingerprint": true
        }
      }
    },
    {
      "address": "google_compute_instance.default[\"e2-highmem-4\"]",
      "mode": "managed",
      "type": "google_compute_instance",
      "name": "default",
      "index": "e2-highmem-4",
      "provider_name": "google",
      "change": {
        "actions": [
          "create"
        ],
        "before": null,
        "after": {
          "allow_stopping_for_update": null,
          "attached_disk": [],
          "boot_disk": [
            {
              "auto_delete": true,
              "disk_encryption_key_raw": null,
              "initialize_params": [
                {
                  "image": "debian-cloud/debian-9"
                }
              ],
              "mode": "READ_WRITE"
            }
          ],
          "can_ip_forward": false,
          "deletion_protection": false,
          "description": null,
          "disk": [],
          "enable_display": null,
          "hostname": null,
          "labels": null,
          "machine_type": "e2-highmem-4",
          "metadata": null,
          "metadata_startup_script": null,
          "min_cpu_platform": null,
          "name": "test-e2-highmem-4",
          "network_interface": [
            {
              "access_config": [
                {
                  "public_ptr_domain_name": null
                }
              ],
              "alias_ip_range": [],
              "network": "default"
            }
          ],
          "scratch_disk": [],
          "service_account": [],
          "shielded_instance_config": [],
          "tags": null,
          "timeouts": null,
          "zone": "us-central1-a"
        },
        "after_unknown": {
          "attached_disk": [],
          "boot_disk": [
            {
              "device_name": true,
              "disk_encryption_key_sha256": true,
              "initialize_params": [
                {
                  "labels": true,
                  "size": true,
                  "type": true
                }
              ],
              "kms_key_self_link": true,
              "source": true
            }
          ],
          "cpu_platform": true,
          "disk": [],
          "guest_accelerator": true,
          "id": true,
          "instance_id": true,
          "label_fingerprint": true,
          "metadata_fingerprint": true,
          "network_interface": [
            {
              "access_config": [
                {
                  "assigned_nat_ip": true,
                  "nat_ip": true,
                  "network_tier": true
                }
              ],
              "address": true,
              "alias_ip_range": [],
              "name": true,
              "network_ip": true,
              "subnetwork": true,
              "subnetwork_project": true
            }
          ],
          "project": true,
          "scheduling": true,
          "scratch_disk": [],
          "self_link": true,
          "service_account": [],
          "shielded_instance_config": [],
          "tags_fingerprint": true
        }
      }
    },
    {
      "address": "google_compute_instance.default[\"e2-highmem-8\"]",
      "mode": "managed",
      "type": "google_compute_instance",
      "name": "default",
      "index": "e2-highmem-8",
      "provider_name": "google",
      "change": {
        "actions": [
          "create"
        ],
        "before": null,
        "after": {
          "allow_stopping_for_update": null,
          "attached_disk": [],
          "boot_disk": [
            {
              "auto_delete": true,
              "disk_encryption_key_raw": null,
              "initialize_params": [
                {
                  "image": "debian-cloud/debian-9"
                }
              ],
              "mode": "READ_WRITE"
            }
          ],
          "can_ip_forward": false,
          "deletion_protection": false,
          "description": null,
          "disk": [],
          "enable_display": null,
          "hostname": null,
          "labels": null,
          "machine_type": "e2-highmem-8",
          "metadata": null,
          "metadata_startup_script": null,
          "min_cpu_platform": null,
          "name": "test-e2-highmem-8",
          "network_interface": [
            {
              "access_config": [
                {
                  "public_ptr_domain_name": null
                }
              ],
              "alias_ip_range": [],
              "network": "default"
            }
          ],
          "scratch_disk": [],
          "service_account": [],
          "shielded_instance_config": [],
          "tags": null,
          "timeouts": null,
          "zone": "us-central1-a"
        },
        "after_unknown": {
          "attached_disk": [],
          "boot_disk": [
            {
              "device_name": true,
              "disk_encryption_key_sha256": true,
              "initialize_params": [
                {
                  "labels": true,
                  "size": true,
                  "type": true
                }
              ],
              "kms_key_self_link": true,
              "source": true
            }
          ],
          "cpu_platform": true,
          "disk": [],
          "guest_accelerator": true,
          "id": true,
          "instance_id": true,
          "label_fingerprint": true,
          "metadata_fingerprint": true,
          "network_interface": [
            {
              "access_config": [
                {
                  "assigned_nat_ip": true,
                  "nat_ip": true,
                  "network_tier": true
                }
              ],
              "address": true,
              "alias_ip_range": [],
              "name": true,
              "network_ip": true,
              "subnetwork": true,
              "subnetwork_project": true
            }
          ],
          "project": true,
          "scheduling": true,
          "scratch_disk": [],
          "self_link": true,
          "service_account": [],
          "shielded_instance_config": [],
          "tags_fingerprint": true
        }
      }
    },
    {
      "address": "google_compute_instance.default[\"e2-medium\"]",
      "mode": "managed",
      "type": "google_compute_instance",
      "name": "default",
      "index": "e2-medium",
      "provider_name": "google",
      "change": {
        "actions": [
          "create"
        ],
        "before": null,
        "after": {
          "allow_stopping_for_update": null,
          "attached_disk": [],
          "boot_disk": [
            {
              "auto_delete": true,
              "disk_encryption_key_raw": null,
              "initialize_params": [
                {
                  "image": "debian-cloud/debian-9"
                }
              ],
              "mode": "READ_WRITE"
            }
          ],
          "can_ip_forward": false,
          "deletion_protection": false,
          "description": null,
          "disk": [],
          "enable_display": null,
          "hostname": null,
          "labels": null,
          "machine_type": "e2-medium",
          "metadata": null,
          "metadata_startup_script": null,
          "min_cpu_platform": null,
          "name": "test-e2-medium",
          "network_interface": [
            {
              "access_config": [
                {
                  "public_ptr_domain_name": null
                }
              ],
              "alias_ip_range": [],
              "network": "default"
            }
          ],
          "scratch_disk": [],
          "service_account": [],
          "shielded_instance_config": [],
          "tags": null,
          "timeouts": null,
          "zone": "us-central1-a"
        },
        "after_unknown": {
          "attached_disk": [],
          "boot_disk": [
            {
              "device_name": true,
              "disk_encryption_key_sha256": true,
              "initialize_params": [
                {
                  "labels": true,
                  "size": true,
                  "type": true
                }
              ],
              "kms_key_self_link": true,
              "source": true
            }
          ],
          "cpu_platform": true,
          "disk": [],
          "guest_accelerator": true,
          "id": true,
          "instance_id": true,
          "label_fingerprint": true,
          "metadata_fingerprint": true,
          "network_interface": [
            {
              "access_config": [
                {
                  "assigned_nat_ip": true,
                  "nat_ip": true,
                  "network_tier": true
                }
              ],
              "address": true,
              "alias_ip_range": [],
              "name": true,
              "network_ip": true,
              "subnetwork": true,
              "subnetwork_project": true
            }
          ],
          "project": true,
          "scheduling": true,
          "scratch_disk": [],
          "self_link": true,
          "service_account": [],
          "shielded_instance_config": [],
          "tags_fingerprint": true
        }
      }
    },
    {
      "address": "google_compute_instance.default[\"e2-micro\"]",
      "mode": "managed",
      "type": "google_compute_instance",
      "name": "default",
      "index": "e2-micro",
      "provider_name": "google",
      "change": {
        "actions": [
          "create"
        ],
        "before": null,
        "after": {
          "allow_stopping_for_update": null,
          "attached_disk": [],
          "boot_disk": [
            {
              "auto_delete": true,
              "disk_encryption_key_raw": null,
              "initialize_params": [
                {
                  "image": "debian-cloud/debian-9"
                }
              ],
              "mode": "READ_WRITE"
            }
          ],
          "can_ip_forward": false,
          "deletion_protection": false,
          "description": null,
          "disk": [],
          "enable_display": null,
          "hostname": null,
          "labels": null,
          "machine_type": "e2-micro",
          "metadata": null,
          "metadata_startup_script": null,
          "min_cpu_platform": null,
          "name": "test-e2-micro",
          "network_interface": [
            {
              "access_config": [
                {
                  "public_ptr_domain_name": null
                }
              ],
              "alias_ip_range": [],
              "network": "default"
            }
          ],
          "scratch_disk": [],
          "service_account": [],
          "shielded_instance_config": [],
          "tags": null,
          "timeouts": null,
          "zone": "us-central1-a"
        },
        "after_unknown": {
          "attached_disk": [],
          "boot_disk": [
            {
              "device_name": true,
              "disk_encryption_key_sha256": true,
              "initialize_params": [
                {
                  "labels": true,
                  "size": true,
                  "type": true
                }
              ],
              "kms_key_self_link": true,
              "source": true
            }
          ],
          "cpu_platform": true,
          "disk": [],
          "guest_accelerator": true,
          "id": true,
          "instance_id": true,
          "label_fingerprint": true,
          "metadata_fingerprint": true,
          "network_interface": [
            {
              "access_config": [
                {
                  "assigned_nat_ip": true,
                  "nat_ip": true,
                  "network_tier": true
                }
              ],
              "address": true,
              "alias_ip_range": [],
              "name": true,
              "network_ip": true,
              "subnetwork": true,
              "subnetwork_project": true
            }
          ],
          "project": true,
          "scheduling": true,
          "scratch_disk": [],
          "self_link": true,
          "service_account": [],
          "shielded_instance_config": [],
          "tags_fingerprint": true
        }
      }
    },
    {
      "address": "google_compute_instance.default[\"e2-small\"]",
      "mode": "managed",
      "type": "google_compute_instance",
      "name": "default",
      "index": "e2-small",
      "provider_name": "google",
      "change": {
        "actions": [
          "create"
        ],
        "before": null,
        "after": {
          "allow_stopping_for_update": null,
          "attached_disk": [],
          "boot_disk": [
            {
              "auto_delete": true,
              "disk_encryption_key_raw": null,
              "initialize_params": [
                {
                  "image": "debian-cloud/debian-9"
                }
              ],
              "mode": "READ_WRITE"
            }
          ],
          "can_ip_forward": false,
          "deletion_protection": false,
          "description": null,
          "disk": [],
          "enable_display": null,
          "hostname": null,
          "labels": null,
          "machine_type": "e2-small",
          "metadata": null,
          "metadata_startup_script": null,
          "min_cpu_platform": null,
          "name": "test-e2-small",
          "network_interface": [
            {
              "access_config": [
                {
                  "public_ptr_domain_name": null
                }
              ],
              "alias_ip_range": [],
              "network": "default"
            }
          ],
          "scratch_disk": [],
          "service_account": [],
          "shielded_instance_config": [],
          "tags": null,
          "timeouts": null,
          "zone": "us-central1-a"
        },
        "after_unknown": {
          "attached_disk": [],
          "boot_disk": [
            {
              "device_name": true,
              "disk_encryption_key_sha256": true,
              "initialize_params": [
                {
                  "labels": true,
                  "size": true,
                  "type": true
                }
              ],
              "kms_key_self_link": true,
              "source": true
            }
          ],
          "cpu_platform": true,
          "disk": [],
          "guest_accelerator": true,
          "id": true,
          "instance_id": true,
          "label_fingerprint": true,
          "metadata_fingerprint": true,
          "network_interface": [
            {
              "access_config": [
                {
                  "assigned_nat_ip": true,
                  "nat_ip": true,
                  "network_tier": true
                }
              ],
              "address": true,
              "alias_ip_range": [],
              "name": true,
              "network_ip": true,
              "subnetwork": true,
              "subnetwork_project": true
            }
          ],
          "project": true,
          "scheduling": true,
          "scratch_disk": [],
          "self_link": true,
          "service_account": [],
          "shielded_instance_config": [],
          "tags_fingerprint": true
        }
      }
    },
    {
      "address": "google_compute_instance.default[\"e2-standard-16\"]",
      "mode": "managed",
      "type": "google_compute_instance",
      "name": "default",
      "index": "e2-standard-16",
      "provider_name": "google",
      "change": {
        "actions": [
          "create"
        ],
        "before": null,
        "after": {
          "allow_stopping_for_update": null,
          "attached_disk": [],
          "boot_disk": [
            {
              "auto_delete": true,
              "disk_encryption_key_raw": null,
              "initialize_params": [
                {
                  "image": "debian-cloud/debian-9"
                }
              ],
              "mode": "READ_WRITE"
            }
          ],
          "can_ip_forward": false,
          "deletion_protection": false,
          "description": null,
          "disk": [],
          "enable_display": null,
          "hostname": null,
          "labels": null,
          "machine_type": "e2-standard-16",
          "metadata": null,
          "metadata_startup_script": null,
          "min_cpu_platform": null,
          "name": "test-e2-standard-16",
          "network_interface": [
            {
              "access_config": [
                {
                  "public_ptr_domain_name": null
                }
              ],
              "alias_ip_range": [],
              "network": "default"
            }
          ],
          "scratch_disk": [],
          "service_account": [],
          "shielded_instance_config": [],
          "tags": null,
          "timeouts": null,
          "zone": "us-central1-a"
        },
        "after_unknown": {
          "attached_disk": [],
          "boot_disk": [
            {
              "device_name": true,
              "disk_encryption_key_sha256": true,
              "initialize_params": [
                {
                  "labels": true,
                  "size": true,
                  "type": true
                }
              ],
              "kms_key_self_link": true,
              "source": true
            }
          ],
          "cpu_platform": true,
          "disk": [],
          "guest_accelerator": true,
          "id": true,
          "instance_id": true,
          "label_fingerprint": true,
          "metadata_fingerprint": true,
          "network_interface": [
            {
              "access_config": [
                {
                  "assigned_nat_ip": true,
                  "nat_ip": true,
                  "network_tier": true
                }
              ],
              "address": true,
              "alias_ip_range": [],
              "name": true,
              "network_ip": true,
              "subnetwork": true,
              "subnetwork_project": true
            }
          ],
          "project": true,
          "scheduling": true,
          "scratch_disk": [],
          "self_link": true,
          "service_account": [],
          "shielded_instance_config": [],
          "tags_fingerprint": true
        }
      }
    },
    {
      "address": "google_compute_instance.default[\"e2-standard-2\"]",
      "mode": "managed",
      "type": "google_compute_instance",
      "name": "default",
      "index": "e2-standard-2",
      "provider_name": "google",
      "change": {
        "actions": [
          "create"
        ],
        "before": null,
        "after": {
          "allow_stopping_for_update": null,
          "attached_disk": [],
          "boot_disk": [
            {
              "auto_delete": true,
              "disk_encryption_key_raw": null,
              "initialize_params": [
                {
                  "image": "debian-cloud/debian-9"
                }
              ],
              "mode": "READ_WRITE"
            }
          ],
          "can_ip_forward": false,
          "deletion_protection": false,
          "description": null,
          "disk": [],
          "enable_display": null,
          "hostname": null,
          "labels": null,
          "machine_type": "e2-standard-2",
          "metadata": null,
          "metadata_startup_script": null,
          "min_cpu_platform": null,
          "name": "test-e2-standard-2",
          "network_interface": [
            {
              "access_config": [
                {
                  "public_ptr_domain_name": null
                }
              ],
              "alias_ip_range": [],
              "network": "default"
            }
          ],
          "scratch_disk": [],
          "service_account": [],
          "shielded_instance_config": [],
          "tags": null,
          "timeouts": null,
          "zone": "us-central1-a"
        },
        "after_unknown": {
          "attached_disk": [],
          "boot_disk": [
            {
              "device_name": true,
              "disk_encryption_key_sha256": true,
              "initialize_params": [
                {
                  "labels": true,
                  "size": true,
                  "type": true
                }
              ],
              "kms_key_self_link": true,
              "source": true
            }
          ],
          "cpu_platform": true,
          "disk": [],
          "guest_accelerator": true,
          "id": true,
          "instance_id": true,
          "label_fingerprint": true,
          "metadata_fingerprint": true,
          "network_interface": [
            {
              "access_config": [
                {
                  "assigned_nat_ip": true,
                  "nat_ip": true,
                  "network_tier": true
                }
              ],
              "address": true,
              "alias_ip_range": [],
              "name": true,
              "network_ip": true,
              "subnetwork": true,
              "subnetwork_project": true
            }
          ],
          "project": true,
          "scheduling": true,
          "scratch_disk": [],
          "self_link": true,
          "service_account": [],
          "shielded_instance_config": [],
          "tags_fingerprint": true
        }
      }
    },
    {
      "address": "google_compute_instance.default[\"e2-standard-32\"]",
      "mode": "managed",
      "type": "google_compute_instance",
      "name": "default",
      "index": "e2-standard-32",
      "provider_name": "google",
      "change": {
        "actions": [
          "create"
        ],
        "before": null,
        "after": {
          "allow_stopping_for_update": null,
          "attached_disk": [],
          "boot_disk": [
            {
              "auto_delete": true,
              "disk_encryption_key_raw": null,
              "initialize_params": [
                {
                  "image": "debian-cloud/debian-9"
                }
              ],
              "mode": "READ_WRITE"
            }
          ],
          "can_ip_forward": false,
          "deletion_protection": false,
          "description": null,
          "disk": [],
          "enable_display": null,
          "hostname": null,
          "labels": null,
          "machine_type": "e2-standard-32",
          "metadata": null,
          "metadata_startup_script": null,
          "min_cpu_platform": null,
          "name": "test-e2-standard-32",
          "network_interface": [
            {
              "access_config": [
                {
                  "public_ptr_domain_name": null
                }
              ],
              "alias_ip_range": [],
              "network": "default"
            }
          ],
          "scratch_disk": [],
          "service_account": [],
          "shielded_instance_config": [],
          "tags": null,
          "timeouts": null,
          "zone": "us-central1-a"
        },
        "after_unknown": {
          "attached_disk": [],
          "boot_disk": [
            {
              "device_name": true,
              "disk_encryption_key_sha256": true,
              "initialize_params": [
                {
                  "labels": true,
                  "size": true,
                  "type": true
                }
              ],
              "kms_key_self_link": true,
              "source": true
            }
          ],
          "cpu_platform": true,
          "disk": [],
          "guest_accelerator": true,
          "id": true,
          "instance_id": true,
          "label_fingerprint": true,
          "metadata_fingerprint": true,
          "network_interface": [
            {
              "access_config": [
                {
                  "assigned_nat_ip": true,
                  "nat_ip": true,
                  "network_tier": true
                }
              ],
              "address": true,
              "alias_ip_range": [],
              "name": true,
              "network_ip": true,
              "subnetwork": true,
              "subnetwork_project": true
            }
          ],
          "project": true,
          "scheduling": true,
          "scratch_disk": [],
          "self_link": true,
          "service_account": [],
          "shielded_instance_config": [],
          "tags_fingerprint": true
        }
      }
    },
    {
      "address": "google_compute_instance.default[\"e2-standard-4\"]",
      "mode": "managed",
      "type": "google_compute_instance",
      "name": "default",
      "index": "e2-standard-4",
      "provider_name": "google",
      "change": {
        "actions": [
          "create"
        ],
        "before": null,
        "after": {
          "allow_stopping_for_update": null,
          "attached_disk": [],
          "boot_disk": [
            {
              "auto_delete": true,
              "disk_encryption_key_raw": null,
              "initialize_params": [
                {
                  "image": "debian-cloud/debian-9"
                }
              ],
              "mode": "READ_WRITE"
            }
          ],
          "can_ip_forward": false,
          "deletion_protection": false,
          "description": null,
          "disk": [],
          "enable_display": null,
          "hostname": null,
          "labels": null,
          "machine_type": "e2-standard-4",
          "metadata": null,
          "metadata_startup_script": null,
          "min_cpu_platform": null,
          "name": "test-e2-standard-4",
          "network_interface": [
            {
              "access_config": [
                {
                  "public_ptr_domain_name": null
                }
              ],
              "alias_ip_range": [],
              "network": "default"
            }
          ],
          "scratch_disk": [],
          "service_account": [],
          "shielded_instance_config": [],
          "tags": null,
          "timeouts": null,
          "zone": "us-central1-a"
        },
        "after_unknown": {
          "attached_disk": [],
          "boot_disk": [
            {
              "device_name": true,
              "disk_encryption_key_sha256": true,
              "initialize_params": [
                {
                  "labels": true,
                  "size": true,
                  "type": true
                }
              ],
              "kms_key_self_link": true,
              "source": true
            }
          ],
          "cpu_platform": true,
          "disk": [],
          "guest_accelerator": true,
          "id": true,
          "instance_id": true,
          "label_fingerprint": true,
          "metadata_fingerprint": true,
          "network_interface": [
            {
              "access_config": [
                {
                  "assigned_nat_ip": true,
                  "nat_ip": true,
                  "network_tier": true
                }
              ],
              "address": true,
              "alias_ip_range": [],
              "name": true,
              "network_ip": true,
              "subnetwork": true,
              "subnetwork_project": true
            }
          ],
          "project": true,
          "scheduling": true,
          "scratch_disk": [],
          "self_link": true,
          "service_account": [],
          "shielded_instance_config": [],
          "tags_fingerprint": true
        }
      }
    },
    {
      "address": "google_compute_instance.default[\"e2-standard-8\"]",
      "mode": "managed",
      "type": "google_compute_instance",
      "name": "default",
      "index": "e2-standard-8",
      "provider_name": "google",
      "change": {
        "actions": [
          "create"
        ],
        "before": null,
        "after": {
          "allow_stopping_for_update": null,
          "attached_disk": [],
          "boot_disk": [
            {
              "auto_delete": true,
              "disk_encryption_key_raw": null,
              "initialize_params": [
                {
                  "image": "debian-cloud/debian-9"
                }
              ],
              "mode": "READ_WRITE"
            }
          ],
          "can_ip_forward": false,
          "deletion_protection": false,
          "description": null,
          "disk": [],
          "enable_display": null,
          "hostname": null,
          "labels": null,
          "machine_type": "e2-standard-8",
          "metadata": null,
          "metadata_startup_script": null,
          "min_cpu_platform": null,
          "name": "test-e2-standard-8",
          "network_interface": [
            {
              "access_config": [
                {
                  "public_ptr_domain_name": null
                }
              ],
              "alias_ip_range": [],
              "network": "default"
            }
          ],
          "scratch_disk": [],
          "service_account": [],
          "shielded_instance_config": [],
          "tags": null,
          "timeouts": null,
          "zone": "us-central1-a"
        },
        "after_unknown": {
          "attached_disk": [],
          "boot_disk": [
            {
              "device_name": true,
              "disk_encryption_key_sha256": true,
              "initialize_params": [
                {
                  "labels": true,
                  "size": true,
                  "type": true
                }
              ],
              "kms_key_self_link": true,
              "source": true
            }
          ],
          "cpu_platform": true,
          "disk": [],
          "guest_accelerator": true,
          "id": true,
          "instance_id": true,
          "label_fingerprint": true,
          "metadata_fingerprint": true,
          "network_interface": [
            {
              "access_config": [
                {
                  "assigned_nat_ip": true,
                  "nat_ip": true,
                  "network_tier": true
                }
              ],
              "address": true,
              "alias_ip_range": [],
              "name": true,
              "network_ip": true,
              "subnetwork": true,
              "subnetwork_project": true
            }
          ],
          "project": true,
          "scheduling": true,
          "scratch_disk": [],
          "self_link": true,
          "service_account": [],
          "shielded_instance_config": [],
          "tags_fingerprint": true
        }
      }
    },
    {
      "address": "google_compute_instance.default[\"f1-micro\"]",
      "mode": "managed",
      "type": "google_compute_instance",
      "name": "default",
      "index": "f1-micro",
      "provider_name": "google",
      "change": {
        "actions": [
          "create"
        ],
        "before": null,
        "after": {
          "allow_stopping_for_update": null,
          "attached_disk": [],
          "boot_disk": [
            {
              "auto_delete": true,
              "disk_encryption_key_raw": null,
              "initialize_params": [
                {
                  "image": "debian-cloud/debian-9"
                }
              ],
              "mode": "READ_WRITE"
            }
          ],
          "can_ip_forward": false,
          "deletion_protection": false,
          "description": null,
          "disk": [],
          "enable_display": null,
          "hostname": null,
          "labels": null,
          "machine_type": "f1-micro",
          "metadata": null,
          "metadata_startup_script": null,
          "min_cpu_platform": null,
          "name": "test-f1-micro",
          "network_interface": [
            {
              "access_config": [
                {
                  "public_ptr_domain_name": null
                }
              ],
              "alias_ip_range": [],
              "network": "default"
            }
          ],
          "scratch_disk": [],
          "service_account": [],
          "shielded_instance_config": [],
          "tags": null,
          "timeouts": null,
          "zone": "us-central1-a"
        },
        "after_unknown": {
          "attached_disk": [],
          "boot_disk": [
            {
              "device_name": true,
              "disk_encryption_key_sha256": true,
              "initialize_params": [
                {
                  "labels": true,
                  "size": true,
                  "type": true
                }
              ],
              "kms_key_self_link": true,
              "source": true
            }
          ],
          "cpu_platform": true,
          "disk": [],
          "guest_accelerator": true,
          "id": true,
          "instance_id": true,
          "label_fingerprint": true,
          "metadata_fingerprint": true,
          "network_interface": [
            {
              "access_config": [
                {
                  "assigned_nat_ip": true,
                  "nat_ip": true,
                  "network_tier": true
                }
              ],
              "address": true,
              "alias_ip_range": [],
              "name": true,
              "network_ip": true,
              "subnetwork": true,
              "subnetwork_project": true
            }
          ],
          "project": true,
          "scheduling": true,
          "scratch_disk": [],
          "self_link": true,
          "service_account": [],
          "shielded_instance_config": [],
          "tags_fingerprint": true
        }
      }
    },
    {
      "address": "google_compute_instance.default[\"g1-small\"]",
      "mode": "managed",
      "type": "google_compute_instance",
      "name": "default",
      "index": "g1-small",
      "provider_name": "google",
      "change": {
        "actions": [
          "create"
        ],
        "before": null,
        "after": {
          "allow_stopping_for_update": null,
          "attached_disk": [],
          "boot_disk": [
            {
              "auto_delete": true,
              "disk_encryption_key_raw": null,
              "initialize_params": [
                {
                  "image": "debian-cloud/debian-9"
                }
              ],
              "mode": "READ_WRITE"
            }
          ],
          "can_ip_forward": false,
          "deletion_protection": false,
          "description": null,
          "disk": [],
          "enable_display": null,
          "hostname": null,
          "labels": null,
          "machine_type": "g1-small",
          "metadata": null,
          "metadata_startup_script": null,
          "min_cpu_platform": null,
          "name": "test-g1-small",
          "network_interface": [
            {
              "access_config": [
                {
                  "public_ptr_domain_name": null
                }
              ],
              "alias_ip_range": [],
              "network": "default"
            }
          ],
          "scratch_disk": [],
          "service_account": [],
          "shielded_instance_config": [],
          "tags": null,
          "timeouts": null,
          "zone": "us-central1-a"
        },
        "after_unknown": {
          "attached_disk": [],
          "boot_disk": [
            {
              "device_name": true,
              "disk_encryption_key_sha256": true,
              "initialize_params": [
                {
                  "labels": true,
                  "size": true,
                  "type": true
                }
              ],
              "kms_key_self_link": true,
              "source": true
            }
          ],
          "cpu_platform": true,
          "disk": [],
          "guest_accelerator": true,
          "id": true,
          "instance_id": true,
          "label_fingerprint": true,
          "metadata_fingerprint": true,
          "network_interface": [
            {
              "access_config": [
                {
                  "assigned_nat_ip": true,
                  "nat_ip": true,
                  "network_tier": true
                }
              ],
              "address": true,
              "alias_ip_range": [],
              "name": true,
              "network_ip": true,
              "subnetwork": true,
              "subnetwork_project": true
            }
          ],
          "project": true,
          "scheduling": true,
          "scratch_disk": [],
          "self_link": true,
          "service_account": [],
          "shielded_instance_config": [],
          "tags_fingerprint": true
        }
      }
    },
    {
      "address": "google_compute_instance.default[\"m1-megamem-96\"]",
      "mode": "managed",
      "type": "google_compute_instance",
      "name": "default",
      "index": "m1-megamem-96",
      "provider_name": "google",
      "change": {
        "actions": [
          "create"
        ],
        "before": null,
        "after": {
          "allow_stopping_for_update": null,
          "attached_disk": [],
          "boot_disk": [
            {
              "auto_delete": true,
              "disk_encryption_key_raw": null,
              "initialize_params": [
                {
                  "image": "debian-cloud/debian-9"
                }
              ],
              "mode": "READ_WRITE"
            }
          ],
          "can_ip_forward": false,
          "deletion_protection": false,
          "description": null,
          "disk": [],
          "enable_display": null,
          "hostname": null,
          "labels": null,
          "machine_type": "m1-megamem-96",
          "metadata": null,
          "metadata_startup_script": null,
          "min_cpu_platform": null,
          "name": "test-m1-megamem-96",
          "network_interface": [
            {
              "access_config": [
                {
                  "public_ptr_domain_name": null
                }
              ],
              "alias_ip_range": [],
              "network": "default"
            }
          ],
          "scratch_disk": [],
          "service_account": [],
          "shielded_instance_config": [],
          "tags": null,
          "timeouts": null,
          "zone": "us-central1-a"
        },
        "after_unknown": {
          "attached_disk": [],
          "boot_disk": [
            {
              "device_name": true,
              "disk_encryption_key_sha256": true,
              "initialize_params": [
                {
                  "labels": true,
                  "size": true,
                  "type": true
                }
              ],
              "kms_key_self_link": true,
              "source": true
            }
          ],
          "cpu_platform": true,
          "disk": [],
          "guest_accelerator": true,
          "id": true,
          "instance_id": true,
          "label_fingerprint": true,
          "metadata_fingerprint": true,
          "network_interface": [
            {
              "access_config": [
                {
                  "assigned_nat_ip": true,
                  "nat_ip": true,
                  "network_tier": true
                }
              ],
              "address": true,
              "alias_ip_range": [],
              "name": true,
              "network_ip": true,
              "subnetwork": true,
              "subnetwork_project": true
            }
          ],
          "project": true,
          "scheduling": true,
          "scratch_disk": [],
          "self_link": true,
          "service_account": [],
          "shielded_instance_config": [],
          "tags_fingerprint": true
        }
      }
    },
    {
      "address": "google_compute_instance.default[\"m1-ultramem-160\"]",
      "mode": "managed",
      "type": "google_compute_instance",
      "name": "default",
      "index": "m1-ultramem-160",
      "provider_name": "google",
      "change": {
        "actions": [
          "create"
        ],
        "before": null,
        "after": {
          "allow_stopping_for_update": null,
          "attached_disk": [],
          "boot_disk": [
            {
              "auto_delete": true,
              "disk_encryption_key_raw": null,
              "initialize_params": [
                {
                  "image": "debian-cloud/debian-9"
                }
              ],
              "mode": "READ_WRITE"
            }
          ],
          "can_ip_forward": false,
          "deletion_protection": false,
          "description": null,
          "disk": [],
          "enable_display": null,
          "hostname": null,
          "labels": null,
          "machine_type": "m1-ultramem-160",
          "metadata": null,
          "metadata_startup_script": null,
          "min_cpu_platform": null,
          "name": "test-m1-ultramem-160",
          "network_interface": [
            {
              "access_config": [
                {
                  "public_ptr_domain_name": null
                }
              ],
              "alias_ip_range": [],
              "network": "default"
            }
          ],
          "scratch_disk": [],
          "service_account": [],
          "shielded_instance_config": [],
          "tags": null,
          "timeouts": null,
          "zone": "us-central1-a"
        },
        "after_unknown": {
          "attached_disk": [],
          "boot_disk": [
            {
              "device_name": true,
              "disk_encryption_key_sha256": true,
              "initialize_params": [
                {
                  "labels": true,
                  "size": true,
                  "type": true
                }
              ],
              "kms_key_self_link": true,
              "source": true
            }
          ],
          "cpu_platform": true,
          "disk": [],
          "guest_accelerator": true,
          "id": true,
          "instance_id": true,
          "label_fingerprint": true,
          "metadata_fingerprint": true,
          "network_interface": [
            {
              "access_config": [
                {
                  "assigned_nat_ip": true,
                  "nat_ip": true,
                  "network_tier": true
                }
              ],
              "address": true,
              "alias_ip_range": [],
              "name": true,
              "network_ip": true,
              "subnetwork": true,
              "subnetwork_project": true
            }
          ],
          "project": true,
          "scheduling": true,
          "scratch_disk": [],
          "self_link": true,
          "service_account": [],
          "shielded_instance_config": [],
          "tags_fingerprint": true
        }
      }
    },
    {
      "address": "google_compute_instance.default[\"m1-ultramem-40\"]",
      "mode": "managed",
      "type": "google_compute_instance",
      "name": "default",
      "index": "m1-ultramem-40",
      "provider_name": "google",
      "change": {
        "actions": [
          "create"
        ],
        "before": null,
        "after": {
          "allow_stopping_for_update": null,
          "attached_disk": [],
          "boot_disk": [
            {
              "auto_delete": true,
              "disk_encryption_key_raw": null,
              "initialize_params": [
                {
                  "image": "debian-cloud/debian-9"
                }
              ],
              "mode": "READ_WRITE"
            }
          ],
          "can_ip_forward": false,
          "deletion_protection": false,
          "description": null,
          "disk": [],
          "enable_display": null,
          "hostname": null,
          "labels": null,
          "machine_type": "m1-ultramem-40",
          "metadata": null,
          "metadata_startup_script": null,
          "min_cpu_platform": null,
          "name": "test-m1-ultramem-40",
          "network_interface": [
            {
              "access_config": [
                {
                  "public_ptr_domain_name": null
                }
              ],
              "alias_ip_range": [],
              "network": "default"
            }
          ],
          "scratch_disk": [],
          "service_account": [],
          "shielded_instance_config": [],
          "tags": null,
          "timeouts": null,
          "zone": "us-central1-a"
        },
        "after_unknown": {
          "attached_disk": [],
          "boot_disk": [
            {
              "device_name": true,
              "disk_encryption_key_sha256": true,
              "initialize_params": [
                {
                  "labels": true,
                  "size": true,
                  "type": true
                }
              ],
              "kms_key_self_link": true,
              "source": true
            }
          ],
          "cpu_platform": true,
          "disk": [],
          "guest_accelerator": true,
          "id": true,
          "instance_id": true,
          "label_fingerprint": true,
          "metadata_fingerprint": true,
          "network_interface": [
            {
              "access_config": [
                {
                  "assigned_nat_ip": true,
                  "nat_ip": true,
                  "network_tier": true
                }
              ],
              "address": true,
              "alias_ip_range": [],
              "name": true,
              "network_ip": true,
              "subnetwork": true,
              "subnetwork_project": true
            }
          ],
          "project": true,
          "scheduling": true,
          "scratch_disk": [],
          "self_link": true,
          "service_account": [],
          "shielded_instance_config": [],
          "tags_fingerprint": true
        }
      }
    },
    {
      "address": "google_compute_instance.default[\"m1-ultramem-80\"]",
      "mode": "managed",
      "type": "google_compute_instance",
      "name": "default",
      "index": "m1-ultramem-80",
      "provider_name": "google",
      "change": {
        "actions": [
          "create"
        ],
        "before": null,
        "after": {
          "allow_stopping_for_update": null,
          "attached_disk": [],
          "boot_disk": [
            {
              "auto_delete": true,
              "disk_encryption_key_raw": null,
              "initialize_params": [
                {
                  "image": "debian-cloud/debian-9"
                }
              ],
              "mode": "READ_WRITE"
            }
          ],
          "can_ip_forward": false,
          "deletion_protection": false,
          "description": null,
          "disk": [],
          "enable_display": null,
          "hostname": null,
          "labels": null,
          "machine_type": "m1-ultramem-80",
          "metadata": null,
          "metadata_startup_script": null,
          "min_cpu_platform": null,
          "name": "test-m1-ultramem-80",
          "network_interface": [
            {
              "access_config": [
                {
                  "public_ptr_domain_name": null
                }
              ],
              "alias_ip_range": [],
              "network": "default"
            }
          ],
          "scratch_disk": [],
          "service_account": [],
          "shielded_instance_config": [],
          "tags": null,
          "timeouts": null,
          "zone": "us-central1-a"
        },
        "after_unknown": {
          "attached_disk": [],
          "boot_disk": [
            {
              "device_name": true,
              "disk_encryption_key_sha256": true,
              "initialize_params": [
                {
                  "labels": true,
                  "size": true,
                  "type": true
                }
              ],
              "kms_key_self_link": true,
              "source": true
            }
          ],
          "cpu_platform": true,
          "disk": [],
          "guest_accelerator": true,
          "id": true,
          "instance_id": true,
          "label_fingerprint": true,
          "metadata_fingerprint": true,
          "network_interface": [
            {
              "access_config": [
                {
                  "assigned_nat_ip": true,
                  "nat_ip": true,
                  "network_tier": true
                }
              ],
              "address": true,
              "alias_ip_range": [],
              "name": true,
              "network_ip": true,
              "subnetwork": true,
              "subnetwork_project": true
            }
          ],
          "project": true,
          "scheduling": true,
          "scratch_disk": [],
          "self_link": true,
          "service_account": [],
          "shielded_instance_config": [],
          "tags_fingerprint": true
        }
      }
    },
    {
      "address": "google_compute_instance.default[\"n1-highcpu-16\"]",
      "mode": "managed",
      "type": "google_compute_instance",
      "name": "default",
      "index": "n1-highcpu-16",
      "provider_name": "google",
      "change": {
        "actions": [
          "create"
        ],
        "before": null,
        "after": {
          "allow_stopping_for_update": null,
          "attached_disk": [],
          "boot_disk": [
            {
              "auto_delete": true,
              "disk_encryption_key_raw": null,
              "initialize_params": [
                {
                  "image": "debian-cloud/debian-9"
                }
              ],
              "mode": "READ_WRITE"
            }
          ],
          "can_ip_forward": false,
          "deletion_protection": false,
          "description": null,
          "disk": [],
          "enable_display": null,
          "hostname": null,
          "labels": null,
          "machine_type": "n1-highcpu-16",
          "metadata": null,
          "metadata_startup_script": null,
          "min_cpu_platform": null,
          "name": "test-n1-highcpu-16",
          "network_interface": [
            {
              "access_config": [
                {
                  "public_ptr_domain_name": null
                }
              ],
              "alias_ip_range": [],
              "network": "default"
            }
          ],
          "scratch_disk": [],
          "service_account": [],
          "shielded_instance_config": [],
          "tags": null,
          "timeouts": null,
          "zone": "us-central1-a"
        },
        "after_unknown": {
          "attached_disk": [],
          "boot_disk": [
            {
              "device_name": true,
              "disk_encryption_key_sha256": true,
              "initialize_params": [
                {
                  "labels": true,
                  "size": true,
                  "type": true
                }
              ],
              "kms_key_self_link": true,
              "source": true
            }
          ],
          "cpu_platform": true,
          "disk": [],
          "guest_accelerator": true,
          "id": true,
          "instance_id": true,
          "label_fingerprint": true,
          "metadata_fingerprint": true,
          "network_interface": [
            {
              "access_config": [
                {
                  "assigned_nat_ip": true,
                  "nat_ip": true,
                  "network_tier": true
                }
              ],
              "address": true,
              "alias_ip_range": [],
              "name": true,
              "network_ip": true,
              "subnetwork": true,
              "subnetwork_project": true
            }
          ],
          "project": true,
          "scheduling": true,
          "scratch_disk": [],
          "self_link": true,
          "service_account": [],
          "shielded_instance_config": [],
          "tags_fingerprint": true
        }
      }
    },
    {
      "address": "google_compute_instance.default[\"n1-highcpu-2\"]",
      "mode": "managed",
      "type": "google_compute_instance",
      "name": "default",
      "index": "n1-highcpu-2",
      "provider_name": "google",
      "change": {
        "actions": [
          "create"
        ],
        "before": null,
        "after": {
          "allow_stopping_for_update": null,
          "attached_disk": [],
          "boot_disk": [
            {
              "auto_delete": true,
              "disk_encryption_key_raw": null,
              "initialize_params": [
                {
                  "image": "debian-cloud/debian-9"
                }
              ],
              "mode": "READ_WRITE"
            }
          ],
          "can_ip_forward": false,
          "deletion_protection": false,
          "description": null,
          "disk": [],
          "enable_display": null,
          "hostname": null,
          "labels": null,
          "machine_type": "n1-highcpu-2",
          "metadata": null,
          "metadata_startup_script": null,
          "min_cpu_platform": null,
          "name": "test-n1-highcpu-2",
          "network_interface": [
            {
              "access_config": [
                {
                  "public_ptr_domain_name": null
                }
              ],
              "alias_ip_range": [],
              "network": "default"
            }
          ],
          "scratch_disk": [],
          "service_account": [],
          "shielded_instance_config": [],
          "tags": null,
          "timeouts": null,
          "zone": "us-central1-a"
        },
        "after_unknown": {
          "attached_disk": [],
          "boot_disk": [
            {
              "device_name": true,
              "disk_encryption_key_sha256": true,
              "initialize_params": [
                {
                  "labels": true,
                  "size": true,
                  "type": true
                }
              ],
              "kms_key_self_link": true,
              "source": true
            }
          ],
          "cpu_platform": true,
          "disk": [],
          "guest_accelerator": true,
          "id": true,
          "instance_id": true,
          "label_fingerprint": true,
          "metadata_fingerprint": true,
          "network_interface": [
            {
              "access_config": [
                {
                  "assigned_nat_ip": true,
                  "nat_ip": true,
                  "network_tier": true
                }
              ],
              "address": true,
              "alias_ip_range": [],
              "name": true,
              "network_ip": true,
              "subnetwork": true,
              "subnetwork_project": true
            }
          ],
          "project": true,
          "scheduling": true,
          "scratch_disk": [],
          "self_link": true,
          "service_account": [],
          "shielded_instance_config": [],
          "tags_fingerprint": true
        }
      }
    },
    {
      "address": "google_compute_instance.default[\"n1-highcpu-32\"]",
      "mode": "managed",
      "type": "google_compute_instance",
      "name": "default",
      "index": "n1-highcpu-32",
      "provider_name": "google",
      "change": {
        "actions": [
          "create"
        ],
        "before": null,
        "after": {
          "allow_stopping_for_update": null,
          "attached_disk": [],
          "boot_disk": [
            {
              "auto_delete": true,
              "disk_encryption_key_raw": null,
              "initialize_params": [
                {
                  "image": "debian-cloud/debian-9"
                }
              ],
              "mode": "READ_WRITE"
            }
          ],
          "can_ip_forward": false,
          "deletion_protection": false,
          "description": null,
          "disk": [],
          "enable_display": null,
          "hostname": null,
          "labels": null,
          "machine_type": "n1-highcpu-32",
          "metadata": null,
          "metadata_startup_script": null,
          "min_cpu_platform": null,
          "name": "test-n1-highcpu-32",
          "network_interface": [
            {
              "access_config": [
                {
                  "public_ptr_domain_name": null
                }
              ],
              "alias_ip_range": [],
              "network": "default"
            }
          ],
          "scratch_disk": [],
          "service_account": [],
          "shielded_instance_config": [],
          "tags": null,
          "timeouts": null,
          "zone": "us-central1-a"
        },
        "after_unknown": {
          "attached_disk": [],
          "boot_disk": [
            {
              "device_name": true,
              "disk_encryption_key_sha256": true,
              "initialize_params": [
                {
                  "labels": true,
                  "size": true,
                  "type": true
                }
              ],
              "kms_key_self_link": true,
              "source": true
            }
          ],
          "cpu_platform": true,
          "disk": [],
          "guest_accelerator": true,
          "id": true,
          "instance_id": true,
          "label_fingerprint": true,
          "metadata_fingerprint": true,
          "network_interface": [
            {
              "access_config": [
                {
                  "assigned_nat_ip": true,
                  "nat_ip": true,
                  "network_tier": true
                }
              ],
              "address": true,
              "alias_ip_range": [],
              "name": true,
              "network_ip": true,
              "subnetwork": true,
              "subnetwork_project": true
            }
          ],
          "project": true,
          "scheduling": true,
          "scratch_disk": [],
          "self_link": true,
          "service_account": [],
          "shielded_instance_config": [],
          "tags_fingerprint": true
        }
      }
    },
    {
      "address": "google_compute_instance.default[\"n1-highcpu-4\"]",
      "mode": "managed",
      "type": "google_compute_instance",
      "name": "default",
      "index": "n1-highcpu-4",
      "provider_name": "google",
      "change": {
        "actions": [
          "create"
        ],
        "before": null,
        "after": {
          "allow_stopping_for_update": null,
          "attached_disk": [],
          "boot_disk": [
            {
              "auto_delete": true,
              "disk_encryption_key_raw": null,
              "initialize_params": [
                {
                  "image": "debian-cloud/debian-9"
                }
              ],
              "mode": "READ_WRITE"
            }
          ],
          "can_ip_forward": false,
          "deletion_protection": false,
          "description": null,
          "disk": [],
          "enable_display": null,
          "hostname": null,
          "labels": null,
          "machine_type": "n1-highcpu-4",
          "metadata": null,
          "metadata_startup_script": null,
          "min_cpu_platform": null,
          "name": "test-n1-highcpu-4",
          "network_interface": [
            {
              "access_config": [
                {
                  "public_ptr_domain_name": null
                }
              ],
              "alias_ip_range": [],
              "network": "default"
            }
          ],
          "scratch_disk": [],
          "service_account": [],
          "shielded_instance_config": [],
          "tags": null,
          "timeouts": null,
          "zone": "us-central1-a"
        },
        "after_unknown": {
          "attached_disk": [],
          "boot_disk": [
            {
              "device_name": true,
              "disk_encryption_key_sha256": true,
              "initialize_params": [
                {
                  "labels": true,
                  "size": true,
                  "type": true
                }
              ],
              "kms_key_self_link": true,
              "source": true
            }
          ],
          "cpu_platform": true,
          "disk": [],
          "guest_accelerator": true,
          "id": true,
          "instance_id": true,
          "label_fingerprint": true,
          "metadata_fingerprint": true,
          "network_interface": [
            {
              "access_config": [
                {
                  "assigned_nat_ip": true,
                  "nat_ip": true,
                  "network_tier": true
                }
              ],
              "address": true,
              "alias_ip_range": [],
              "name": true,
              "network_ip": true,
              "subnetwork": true,
              "subnetwork_project": true
            }
          ],
          "project": true,
          "scheduling": true,
          "scratch_disk": [],
          "self_link": true,
          "service_account": [],
          "shielded_instance_config": [],
          "tags_fingerprint": true
        }
      }
    },
    {
      "address": "google_compute_instance.default[\"n1-highcpu-64\"]",
      "mode": "managed",
      "type": "google_compute_instance",
      "name": "default",
      "index": "n1-highcpu-64",
      "provider_name": "google",
      "change": {
        "actions": [
          "create"
        ],
        "before": null,
        "after": {
          "allow_stopping_for_update": null,
          "attached_disk": [],
          "boot_disk": [
            {
              "auto_delete": true,
              "disk_encryption_key_raw": null,
              "initialize_params": [
                {
                  "image": "debian-cloud/debian-9"
                }
              ],
              "mode": "READ_WRITE"
            }
          ],
          "can_ip_forward": false,
          "deletion_protection": false,
          "description": null,
          "disk": [],
          "enable_display": null,
          "hostname": null,
          "labels": null,
          "machine_type": "n1-highcpu-64",
          "metadata": null,
          "metadata_startup_script": null,
          "min_cpu_platform": null,
          "name": "test-n1-highcpu-64",
          "network_interface": [
            {
              "access_config": [
                {
                  "public_ptr_domain_name": null
                }
              ],
              "alias_ip_range": [],
              "network": "default"
            }
          ],
          "scratch_disk": [],
          "service_account": [],
          "shielded_instance_config": [],
          "tags": null,
          "timeouts": null,
          "zone": "us-central1-a"
        },
        "after_unknown": {
          "attached_disk": [],
          "boot_disk": [
            {
              "device_name": true,
              "disk_encryption_key_sha256": true,
              "initialize_params": [
                {
                  "labels": true,
                  "size": true,
                  "type": true
                }
              ],
              "kms_key_self_link": true,
              "source": true
            }
          ],
          "cpu_platform": true,
          "disk": [],
          "guest_accelerator": true,
          "id": true,
          "instance_id": true,
          "label_fingerprint": true,
          "metadata_fingerprint": true,
          "network_interface": [
            {
              "access_config": [
                {
                  "assigned_nat_ip": true,
                  "nat_ip": true,
                  "network_tier": true
                }
              ],
              "address": true,
              "alias_ip_range": [],
              "name": true,
              "network_ip": true,
              "subnetwork": true,
              "subnetwork_project": true
            }
          ],
          "project": true,
          "scheduling": true,
          "scratch_disk": [],
          "self_link": true,
          "service_account": [],
          "shielded_instance_config": [],
          "tags_fingerprint": true
        }
      }
    },
    {
      "address": "google_compute_instance.default[\"n1-highcpu-8\"]",
      "mode": "managed",
      "type": "google_compute_instance",
      "name": "default",
      "index": "n1-highcpu-8",
      "provider_name": "google",
      "change": {
        "actions": [
          "create"
        ],
        "before": null,
        "after": {
          "allow_stopping_for_update": null,
          "attached_disk": [],
          "boot_disk": [
            {
              "auto_delete": true,
              "disk_encryption_key_raw": null,
              "initialize_params": [
                {
                  "image": "debian-cloud/debian-9"
                }
              ],
              "mode": "READ_WRITE"
            }
          ],
          "can_ip_forward": false,
          "deletion_protection": false,
          "description": null,
          "disk": [],
          "enable_display": null,
          "hostname": null,
          "labels": null,
          "machine_type": "n1-highcpu-8",
          "metadata": null,
          "metadata_startup_script": null,
          "min_cpu_platform": null,
          "name": "test-n1-highcpu-8",
          "network_interface": [
            {
              "access_config": [
                {
                  "public_ptr_domain_name": null
                }
              ],
              "alias_ip_range": [],
              "network": "default"
            }
          ],
          "scratch_disk": [],
          "service_account": [],
          "shielded_instance_config": [],
          "tags": null,
          "timeouts": null,
          "zone": "us-central1-a"
        },
        "after_unknown": {
          "attached_disk": [],
          "boot_disk": [
            {
              "device_name": true,
              "disk_encryption_key_sha256": true,
              "initialize_params": [
                {
                  "labels": true,
                  "size": true,
                  "type": true
                }
              ],
              "kms_key_self_link": true,
              "source": true
            }
          ],
          "cpu_platform": true,
          "disk": [],
          "guest_accelerator": true,
          "id": true,
          "instance_id": true,
          "label_fingerprint": true,
          "metadata_fingerprint": true,
          "network_interface": [
            {
              "access_config": [
                {
                  "assigned_nat_ip": true,
                  "nat_ip": true,
                  "network_tier": true
                }
              ],
              "address": true,
              "alias_ip_range": [],
              "name": true,
              "network_ip": true,
              "subnetwork": true,
              "subnetwork_project": true
            }
          ],
          "project": true,
          "scheduling": true,
          "scratch_disk": [],
          "self_link": true,
          "service_account": [],
          "shielded_instance_config": [],
          "tags_fingerprint": true
        }
      }
    },
    {
      "address": "google_compute_instance.default[\"n1-highcpu-96\"]",
      "mode": "managed",
      "type": "google_compute_instance",
      "name": "default",
      "index": "n1-highcpu-96",
      "provider_name": "google",
      "change": {
        "actions": [
          "create"
        ],
        "before": null,
        "after": {
          "allow_stopping_for_update": null,
          "attached_disk": [],
          "boot_disk": [
            {
              "auto_delete": true,
              "disk_encryption_key_raw": null,
              "initialize_params": [
                {
                  "image": "debian-cloud/debian-9"
                }
              ],
              "mode": "READ_WRITE"
            }
          ],
          "can_ip_forward": false,
          "deletion_protection": false,
          "description": null,
          "disk": [],
          "enable_display": null,
          "hostname": null,
          "labels": null,
          "machine_type": "n1-highcpu-96",
          "metadata": null,
          "metadata_startup_script": null,
          "min_cpu_platform": null,
          "name": "test-n1-highcpu-96",
          "network_interface": [
            {
              "access_config": [
                {
                  "public_ptr_domain_name": null
                }
              ],
              "alias_ip_range": [],
              "network": "default"
            }
          ],
          "scratch_disk": [],
          "service_account": [],
          "shielded_instance_config": [],
          "tags": null,
          "timeouts": null,
          "zone": "us-central1-a"
        },
        "after_unknown": {
          "attached_disk": [],
          "boot_disk": [
            {
              "device_name": true,
              "disk_encryption_key_sha256": true,
              "initialize_params": [
                {
                  "labels": true,
                  "size": true,
                  "type": true
                }
              ],
              "kms_key_self_link": true,
              "source": true
            }
          ],
          "cpu_platform": true,
          "disk": [],
          "guest_accelerator": true,
          "id": true,
          "instance_id": true,
          "label_fingerprint": true,
          "metadata_fingerprint": true,
          "network_interface": [
            {
              "access_config": [
                {
                  "assigned_nat_ip": true,
                  "nat_ip": true,
                  "network_tier": true
                }
              ],
              "address": true,
              "alias_ip_range": [],
              "name": true,
              "network_ip": true,
              "subnetwork": true,
              "subnetwork_project": true
            }
          ],
          "project": true,
          "scheduling": true,
          "scratch_disk": [],
          "self_link": true,
          "service_account": [],
          "shielded_instance_config": [],
          "tags_fingerprint": true
        }
      }
    },
    {
      "address": "google_compute_instance.default[\"n1-highmem-16\"]",
      "mode": "managed",
      "type": "google_compute_instance",
      "name": "default",
      "index": "n1-highmem-16",
      "provider_name": "google",
      "change": {
        "actions": [
          "create"
        ],
        "before": null,
        "after": {
          "allow_stopping_for_update": null,
          "attached_disk": [],
          "boot_disk": [
            {
              "auto_delete": true,
              "disk_encryption_key_raw": null,
              "initialize_params": [
                {
                  "image": "debian-cloud/debian-9"
                }
              ],
              "mode": "READ_WRITE"
            }
          ],
          "can_ip_forward": false,
          "deletion_protection": false,
          "description": null,
          "disk": [],
          "enable_display": null,
          "hostname": null,
          "labels": null,
          "machine_type": "n1-highmem-16",
          "metadata": null,
          "metadata_startup_script": null,
          "min_cpu_platform": null,
          "name": "test-n1-highmem-16",
          "network_interface": [
            {
              "access_config": [
                {
                  "public_ptr_domain_name": null
                }
              ],
              "alias_ip_range": [],
              "network": "default"
            }
          ],
          "scratch_disk": [],
          "service_account": [],
          "shielded_instance_config": [],
          "tags": null,
          "timeouts": null,
          "zone": "us-central1-a"
        },
        "after_unknown": {
          "attached_disk": [],
          "boot_disk": [
            {
              "device_name": true,
              "disk_encryption_key_sha256": true,
              "initialize_params": [
                {
                  "labels": true,
                  "size": true,
                  "type": true
                }
              ],
              "kms_key_self_link": true,
              "source": true
            }
          ],
          "cpu_platform": true,
          "disk": [],
          "guest_accelerator": true,
          "id": true,
          "instance_id": true,
          "label_fingerprint": true,
          "metadata_fingerprint": true,
          "network_interface": [
            {
              "access_config": [
                {
                  "assigned_nat_ip": true,
                  "nat_ip": true,
                  "network_tier": true
                }
              ],
              "address": true,
              "alias_ip_range": [],
              "name": true,
              "network_ip": true,
              "subnetwork": true,
              "subnetwork_project": true
            }
          ],
          "project": true,
          "scheduling": true,
          "scratch_disk": [],
          "self_link": true,
          "service_account": [],
          "shielded_instance_config": [],
          "tags_fingerprint": true
        }
      }
    },
    {
      "address": "google_compute_instance.default[\"n1-highmem-2\"]",
      "mode": "managed",
      "type": "google_compute_instance",
      "name": "default",
      "index": "n1-highmem-2",
      "provider_name": "google",
      "change": {
        "actions": [
          "create"
        ],
        "before": null,
        "after": {
          "allow_stopping_for_update": null,
          "attached_disk": [],
          "boot_disk": [
            {
              "auto_delete": true,
              "disk_encryption_key_raw": null,
              "initialize_params": [
                {
                  "image": "debian-cloud/debian-9"
                }
              ],
              "mode": "READ_WRITE"
            }
          ],
          "can_ip_forward": false,
          "deletion_protection": false,
          "description": null,
          "disk": [],
          "enable_display": null,
          "hostname": null,
          "labels": null,
          "machine_type": "n1-highmem-2",
          "metadata": null,
          "metadata_startup_script": null,
          "min_cpu_platform": null,
          "name": "test-n1-highmem-2",
          "network_interface": [
            {
              "access_config": [
                {
                  "public_ptr_domain_name": null
                }
              ],
              "alias_ip_range": [],
              "network": "default"
            }
          ],
          "scratch_disk": [],
          "service_account": [],
          "shielded_instance_config": [],
          "tags": null,
          "timeouts": null,
          "zone": "us-central1-a"
        },
        "after_unknown": {
          "attached_disk": [],
          "boot_disk": [
            {
              "device_name": true,
              "disk_encryption_key_sha256": true,
              "initialize_params": [
                {
                  "labels": true,
                  "size": true,
                  "type": true
                }
              ],
              "kms_key_self_link": true,
              "source": true
            }
          ],
          "cpu_platform": true,
          "disk": [],
          "guest_accelerator": true,
          "id": true,
          "instance_id": true,
          "label_fingerprint": true,
          "metadata_fingerprint": true,
          "network_interface": [
            {
              "access_config": [
                {
                  "assigned_nat_ip": true,
                  "nat_ip": true,
                  "network_tier": true
                }
              ],
              "address": true,
              "alias_ip_range": [],
              "name": true,
              "network_ip": true,
              "subnetwork": true,
              "subnetwork_project": true
            }
          ],
          "project": true,
          "scheduling": true,
          "scratch_disk": [],
          "self_link": true,
          "service_account": [],
          "shielded_instance_config": [],
          "tags_fingerprint": true
        }
      }
    },
    {
      "address": "google_compute_instance.default[\"n1-highmem-32\"]",
      "mode": "managed",
      "type": "google_compute_instance",
      "name": "default",
      "index": "n1-highmem-32",
      "provider_name": "google",
      "change": {
        "actions": [
          "create"
        ],
        "before": null,
        "after": {
          "allow_stopping_for_update": null,
          "attached_disk": [],
          "boot_disk": [
            {
              "auto_delete": true,
              "disk_encryption_key_raw": null,
              "initialize_params": [
                {
                  "image": "debian-cloud/debian-9"
                }
              ],
              "mode": "READ_WRITE"
            }
          ],
          "can_ip_forward": false,
          "deletion_protection": false,
          "description": null,
          "disk": [],
          "enable_display": null,
          "hostname": null,
          "labels": null,
          "machine_type": "n1-highmem-32",
          "metadata": null,
          "metadata_startup_script": null,
          "min_cpu_platform": null,
          "name": "test-n1-highmem-32",
          "network_interface": [
            {
              "access_config": [
                {
                  "public_ptr_domain_name": null
                }
              ],
              "alias_ip_range": [],
              "network": "default"
            }
          ],
          "scratch_disk": [],
          "service_account": [],
          "shielded_instance_config": [],
          "tags": null,
          "timeouts": null,
          "zone": "us-central1-a"
        },
        "after_unknown": {
          "attached_disk": [],
          "boot_disk": [
            {
              "device_name": true,
              "disk_encryption_key_sha256": true,
              "initialize_params": [
                {
                  "labels": true,
                  "size": true,
                  "type": true
                }
              ],
              "kms_key_self_link": true,
              "source": true
            }
          ],
          "cpu_platform": true,
          "disk": [],
          "guest_accelerator": true,
          "id": true,
          "instance_id": true,
          "label_fingerprint": true,
          "metadata_fingerprint": true,
          "network_interface": [
            {
              "access_config": [
                {
                  "assigned_nat_ip": true,
                  "nat_ip": true,
                  "network_tier": true
                }
              ],
              "address": true,
              "alias_ip_range": [],
              "name": true,
              "network_ip": true,
              "subnetwork": true,
              "subnetwork_project": true
            }
          ],
          "project": true,
          "scheduling": true,
          "scratch_disk": [],
          "self_link": true,
          "service_account": [],
          "shielded_instance_config": [],
          "tags_fingerprint": true
        }
      }
    },
    {
      "address": "google_compute_instance.default[\"n1-highmem-4\"]",
      "mode": "managed",
      "type": "google_compute_instance",
      "name": "default",
      "index": "n1-highmem-4",
      "provider_name": "google",
      "change": {
        "actions": [
          "create"
        ],
        "before": null,
        "after": {
          "allow_stopping_for_update": null,
          "attached_disk": [],
          "boot_disk": [
            {
              "auto_delete": true,
              "disk_encryption_key_raw": null,
              "initialize_params": [
                {
                  "image": "debian-cloud/debian-9"
                }
              ],
              "mode": "READ_WRITE"
            }
          ],
          "can_ip_forward": false,
          "deletion_protection": false,
          "description": null,
          "disk": [],
          "enable_display": null,
          "hostname": null,
          "labels": null,
          "machine_type": "n1-highmem-4",
          "metadata": null,
          "metadata_startup_script": null,
          "min_cpu_platform": null,
          "name": "test-n1-highmem-4",
          "network_interface": [
            {
              "access_config": [
                {
                  "public_ptr_domain_name": null
                }
              ],
              "alias_ip_range": [],
              "network": "default"
            }
          ],
          "scratch_disk": [],
          "service_account": [],
          "shielded_instance_config": [],
          "tags": null,
          "timeouts": null,
          "zone": "us-central1-a"
        },
        "after_unknown": {
          "attached_disk": [],
          "boot_disk": [
            {
              "device_name": true,
              "disk_encryption_key_sha256": true,
              "initialize_params": [
                {
                  "labels": true,
                  "size": true,
                  "type": true
                }
              ],
              "kms_key_self_link": true,
              "source": true
            }
          ],
          "cpu_platform": true,
          "disk": [],
          "guest_accelerator": true,
          "id": true,
          "instance_id": true,
          "label_fingerprint": true,
          "metadata_fingerprint": true,
          "network_interface": [
            {
              "access_config": [
                {
                  "assigned_nat_ip": true,
                  "nat_ip": true,
                  "network_tier": true
                }
              ],
              "address": true,
              "alias_ip_range": [],
              "name": true,
              "network_ip": true,
              "subnetwork": true,
              "subnetwork_project": true
            }
          ],
          "project": true,
          "scheduling": true,
          "scratch_disk": [],
          "self_link": true,
          "service_account": [],
          "shielded_instance_config": [],
          "tags_fingerprint": true
        }
      }
    },
    {
      "address": "google_compute_instance.default[\"n1-highmem-64\"]",
      "mode": "managed",
      "type": "google_compute_instance",
      "name": "default",
      "index": "n1-highmem-64",
      "provider_name": "google",
      "change": {
        "actions": [
          "create"
        ],
        "before": null,
        "after": {
          "allow_stopping_for_update": null,
          "attached_disk": [],
          "boot_disk": [
            {
              "auto_delete": true,
              "disk_encryption_key_raw": null,
              "initialize_params": [
                {
                  "image": "debian-cloud/debian-9"
                }
              ],
              "mode": "READ_WRITE"
            }
          ],
          "can_ip_forward": false,
          "deletion_protection": false,
          "description": null,
          "disk": [],
          "enable_display": null,
          "hostname": null,
          "labels": null,
          "machine_type": "n1-highmem-64",
          "metadata": null,
          "metadata_startup_script": null,
          "min_cpu_platform": null,
          "name": "test-n1-highmem-64",
          "network_interface": [
            {
              "access_config": [
                {
                  "public_ptr_domain_name": null
                }
              ],
              "alias_ip_range": [],
              "network": "default"
            }
          ],
          "scratch_disk": [],
          "service_account": [],
          "shielded_instance_config": [],
          "tags": null,
          "timeouts": null,
          "zone": "us-central1-a"
        },
        "after_unknown": {
          "attached_disk": [],
          "boot_disk": [
            {
              "device_name": true,
              "disk_encryption_key_sha256": true,
              "initialize_params": [
                {
                  "labels": true,
                  "size": true,
                  "type": true
                }
              ],
              "kms_key_self_link": true,
              "source": true
            }
          ],
          "cpu_platform": true,
          "disk": [],
          "guest_accelerator": true,
          "id": true,
          "instance_id": true,
          "label_fingerprint": true,
          "metadata_fingerprint": true,
          "network_interface": [
            {
              "access_config": [
                {
                  "assigned_nat_ip": true,
                  "nat_ip": true,
                  "network_tier": true
                }
              ],
              "address": true,
              "alias_ip_range": [],
              "name": true,
              "network_ip": true,
              "subnetwork": true,
              "subnetwork_project": true
            }
          ],
          "project": true,
          "scheduling": true,
          "scratch_disk": [],
          "self_link": true,
          "service_account": [],
          "shielded_instance_config": [],
          "tags_fingerprint": true
        }
      }
    },
    {
      "address": "google_compute_instance.default[\"n1-highmem-8\"]",
      "mode": "managed",
      "type": "google_compute_instance",
      "name": "default",
      "index": "n1-highmem-8",
      "provider_name": "google",
      "change": {
        "actions": [
          "create"
        ],
        "before": null,
        "after": {
          "allow_stopping_for_update": null,
          "attached_disk": [],
          "boot_disk": [
            {
              "auto_delete": true,
              "disk_encryption_key_raw": null,
              "initialize_params": [
                {
                  "image": "debian-cloud/debian-9"
                }
              ],
              "mode": "READ_WRITE"
            }
          ],
          "can_ip_forward": false,
          "deletion_protection": false,
          "description": null,
          "disk": [],
          "enable_display": null,
          "hostname": null,
          "labels": null,
          "machine_type": "n1-highmem-8",
          "metadata": null,
          "metadata_startup_script": null,
          "min_cpu_platform": null,
          "name": "test-n1-highmem-8",
          "network_interface": [
            {
              "access_config": [
                {
                  "public_ptr_domain_name": null
                }
              ],
              "alias_ip_range": [],
              "network": "default"
            }
          ],
          "scratch_disk": [],
          "service_account": [],
          "shielded_instance_config": [],
          "tags": null,
          "timeouts": null,
          "zone": "us-central1-a"
        },
        "after_unknown": {
          "attached_disk": [],
          "boot_disk": [
            {
              "device_name": true,
              "disk_encryption_key_sha256": true,
              "initialize_params": [
                {
                  "labels": true,
                  "size": true,
                  "type": true
                }
              ],
              "kms_key_self_link": true,
              "source": true
            }
          ],
          "cpu_platform": true,
          "disk": [],
          "guest_accelerator": true,
          "id": true,
          "instance_id": true,
          "label_fingerprint": true,
          "metadata_fingerprint": true,
          "network_interface": [
            {
              "access_config": [
                {
                  "assigned_nat_ip": true,
                  "nat_ip": true,
                  "network_tier": true
                }
              ],
              "address": true,
              "alias_ip_range": [],
              "name": true,
              "network_ip": true,
              "subnetwork": true,
              "subnetwork_project": true
            }
          ],
          "project": true,
          "scheduling": true,
          "scratch_disk": [],
          "self_link": true,
          "service_account": [],
          "shielded_instance_config": [],
          "tags_fingerprint": true
        }
      }
    },
    {
      "address": "google_compute_instance.default[\"n1-highmem-96\"]",
      "mode": "managed",
      "type": "google_compute_instance",
      "name": "default",
      "index": "n1-highmem-96",
      "provider_name": "google",
      "change": {
        "actions": [
          "create"
        ],
        "before": null,
        "after": {
          "allow_stopping_for_update": null,
          "attached_disk": [],
          "boot_disk": [
            {
              "auto_delete": true,
              "disk_encryption_key_raw": null,
              "initialize_params": [
                {
                  "image": "debian-cloud/debian-9"
                }
              ],
              "mode": "READ_WRITE"
            }
          ],
          "can_ip_forward": false,
          "deletion_protection": false,
          "description": null,
          "disk": [],
          "enable_display": null,
          "hostname": null,
          "labels": null,
          "machine_type": "n1-highmem-96",
          "metadata": null,
          "metadata_startup_script": null,
          "min_cpu_platform": null,
          "name": "test-n1-highmem-96",
          "network_interface": [
            {
              "access_config": [
                {
                  "public_ptr_domain_name": null
                }
              ],
              "alias_ip_range": [],
              "network": "default"
            }
          ],
          "scratch_disk": [],
          "service_account": [],
          "shielded_instance_config": [],
          "tags": null,
          "timeouts": null,
          "zone": "us-central1-a"
        },
        "after_unknown": {
          "attached_disk": [],
          "boot_disk": [
            {
              "device_name": true,
              "disk_encryption_key_sha256": true,
              "initialize_params": [
                {
                  "labels": true,
                  "size": true,
                  "type": true
                }
              ],
              "kms_key_self_link": true,
              "source": true
            }
          ],
          "cpu_platform": true,
          "disk": [],
          "guest_accelerator": true,
          "id": true,
          "instance_id": true,
          "label_fingerprint": true,
          "metadata_fingerprint": true,
          "network_interface": [
            {
              "access_config": [
                {
                  "assigned_nat_ip": true,
                  "nat_ip": true,
                  "network_tier": true
                }
              ],
              "address": true,
              "alias_ip_range": [],
              "name": true,
              "network_ip": true,
              "subnetwork": true,
              "subnetwork_project": true
            }
          ],
          "project": true,
          "scheduling": true,
          "scratch_disk": [],
          "self_link": true,
          "service_account": [],
          "shielded_instance_config": [],
          "tags_fingerprint": true
        }
      }
    },
    {
      "address": "google_compute_instance.default[\"n1-megamem-96\"]",
      "mode": "managed",
      "type": "google_compute_instance",
      "name": "default",
      "index": "n1-megamem-96",
      "provider_name": "google",
      "change": {
        "actions": [
          "create"
        ],
        "before": null,
        "after": {
          "allow_stopping_for_update": null,
          "attached_disk": [],
          "boot_disk": [
            {
              "auto_delete": true,
              "disk_encryption_key_raw": null,
              "initialize_params": [
                {
                  "image": "debian-cloud/debian-9"
                }
              ],
              "mode": "READ_WRITE"
            }
          ],
          "can_ip_forward": false,
          "deletion_protection": false,
          "description": null,
          "disk": [],
          "enable_display": null,
          "hostname": null,
          "labels": null,
          "machine_type": "n1-megamem-96",
          "metadata": null,
          "metadata_startup_script": null,
          "min_cpu_platform": null,
          "name": "test-n1-megamem-96",
          "network_interface": [
            {
              "access_config": [
                {
                  "public_ptr_domain_name": null
                }
              ],
              "alias_ip_range": [],
              "network": "default"
            }
          ],
          "scratch_disk": [],
          "service_account": [],
          "shielded_instance_config": [],
          "tags": null,
          "timeouts": null,
          "zone": "us-central1-a"
        },
        "after_unknown": {
          "attached_disk": [],
          "boot_disk": [
            {
              "device_name": true,
              "disk_encryption_key_sha256": true,
              "initialize_params": [
                {
                  "labels": true,
                  "size": true,
                  "type": true
                }
              ],
              "kms_key_self_link": true,
              "source": true
            }
          ],
          "cpu_platform": true,
          "disk": [],
          "guest_accelerator": true,
          "id": true,
          "instance_id": true,
          "label_fingerprint": true,
          "metadata_fingerprint": true,
          "network_interface": [
            {
              "access_config": [
                {
                  "assigned_nat_ip": true,
                  "nat_ip": true,
                  "network_tier": true
                }
              ],
              "address": true,
              "alias_ip_range": [],
              "name": true,
              "network_ip": true,
              "subnetwork": true,
              "subnetwork_project": true
            }
          ],
          "project": true,
          "scheduling": true,
          "scratch_disk": [],
          "self_link": true,
          "service_account": [],
          "shielded_instance_config": [],
          "tags_fingerprint": true
        }
      }
    },
    {
      "address": "google_compute_instance.default[\"n1-standard-1\"]",
      "mode": "managed",
      "type": "google_compute_instance",
      "name": "default",
      "index": "n1-standard-1",
      "provider_name": "google",
      "change": {
        "actions": [
          "create"
        ],
        "before": null,
        "after": {
          "allow_stopping_for_update": null,
          "attached_disk": [],
          "boot_disk": [
            {
              "auto_delete": true,
              "disk_encryption_key_raw": null,
              "initialize_params": [
                {
                  "image": "debian-cloud/debian-9"
                }
              ],
              "mode": "READ_WRITE"
            }
          ],
          "can_ip_forward": false,
          "deletion_protection": false,
          "description": null,
          "disk": [],
          "enable_display": null,
          "hostname": null,
          "labels": null,
          "machine_type": "n1-standard-1",
          "metadata": null,
          "metadata_startup_script": null,
          "min_cpu_platform": null,
          "name": "test-n1-standard-1",
          "network_interface": [
            {
              "access_config": [
                {
                  "public_ptr_domain_name": null
                }
              ],
              "alias_ip_range": [],
              "network": "default"
            }
          ],
          "scratch_disk": [],
          "service_account": [],
          "shielded_instance_config": [],
          "tags": null,
          "timeouts": null,
          "zone": "us-central1-a"
        },
        "after_unknown": {
          "attached_disk": [],
          "boot_disk": [
            {
              "device_name": true,
              "disk_encryption_key_sha256": true,
              "initialize_params": [
                {
                  "labels": true,
                  "size": true,
                  "type": true
                }
              ],
              "kms_key_self_link": true,
              "source": true
            }
          ],
          "cpu_platform": true,
          "disk": [],
          "guest_accelerator": true,
          "id": true,
          "instance_id": true,
          "label_fingerprint": true,
          "metadata_fingerprint": true,
          "network_interface": [
            {
              "access_config": [
                {
                  "assigned_nat_ip": true,
                  "nat_ip": true,
                  "network_tier": true
                }
              ],
              "address": true,
              "alias_ip_range": [],
              "name": true,
              "network_ip": true,
              "subnetwork": true,
              "subnetwork_project": true
            }
          ],
          "project": true,
          "scheduling": true,
          "scratch_disk": [],
          "self_link": true,
          "service_account": [],
          "shielded_instance_config": [],
          "tags_fingerprint": true
        }
      }
    },
    {
      "address": "google_compute_instance.default[\"n1-standard-16\"]",
      "mode": "managed",
      "type": "google_compute_instance",
      "name": "default",
      "index": "n1-standard-16",
      "provider_name": "google",
      "change": {
        "actions": [
          "create"
        ],
        "before": null,
        "after": {
          "allow_stopping_for_update": null,
          "attached_disk": [],
          "boot_disk": [
            {
              "auto_delete": true,
              "disk_encryption_key_raw": null,
              "initialize_params": [
                {
                  "image": "debian-cloud/debian-9"
                }
              ],
              "mode": "READ_WRITE"
            }
          ],
          "can_ip_forward": false,
          "deletion_protection": false,
          "description": null,
          "disk": [],
          "enable_display": null,
          "hostname": null,
          "labels": null,
          "machine_type": "n1-standard-16",
          "metadata": null,
          "metadata_startup_script": null,
          "min_cpu_platform": null,
          "name": "test-n1-standard-16",
          "network_interface": [
            {
              "access_config": [
                {
                  "public_ptr_domain_name": null
                }
              ],
              "alias_ip_range": [],
              "network": "default"
            }
          ],
          "scratch_disk": [],
          "service_account": [],
          "shielded_instance_config": [],
          "tags": null,
          "timeouts": null,
          "zone": "us-central1-a"
        },
        "after_unknown": {
          "attached_disk": [],
          "boot_disk": [
            {
              "device_name": true,
              "disk_encryption_key_sha256": true,
              "initialize_params": [
                {
                  "labels": true,
                  "size": true,
                  "type": true
                }
              ],
              "kms_key_self_link": true,
              "source": true
            }
          ],
          "cpu_platform": true,
          "disk": [],
          "guest_accelerator": true,
          "id": true,
          "instance_id": true,
          "label_fingerprint": true,
          "metadata_fingerprint": true,
          "network_interface": [
            {
              "access_config": [
                {
                  "assigned_nat_ip": true,
                  "nat_ip": true,
                  "network_tier": true
                }
              ],
              "address": true,
              "alias_ip_range": [],
              "name": true,
              "network_ip": true,
              "subnetwork": true,
              "subnetwork_project": true
            }
          ],
          "project": true,
          "scheduling": true,
          "scratch_disk": [],
          "self_link": true,
          "service_account": [],
          "shielded_instance_config": [],
          "tags_fingerprint": true
        }
      }
    },
    {
      "address": "google_compute_instance.default[\"n1-standard-2\"]",
      "mode": "managed",
      "type": "google_compute_instance",
      "name": "default",
      "index": "n1-standard-2",
      "provider_name": "google",
      "change": {
        "actions": [
          "create"
        ],
        "before": null,
        "after": {
          "allow_stopping_for_update": null,
          "attached_disk": [],
          "boot_disk": [
            {
              "auto_delete": true,
              "disk_encryption_key_raw": null,
              "initialize_params": [
                {
                  "image": "debian-cloud/debian-9"
                }
              ],
              "mode": "READ_WRITE"
            }
          ],
          "can_ip_forward": false,
          "deletion_protection": false,
          "description": null,
          "disk": [],
          "enable_display": null,
          "hostname": null,
          "labels": null,
          "machine_type": "n1-standard-2",
          "metadata": null,
          "metadata_startup_script": null,
          "min_cpu_platform": null,
          "name": "test-n1-standard-2",
          "network_interface": [
            {
              "access_config": [
                {
                  "public_ptr_domain_name": null
                }
              ],
              "alias_ip_range": [],
              "network": "default"
            }
          ],
          "scratch_disk": [],
          "service_account": [],
          "shielded_instance_config": [],
          "tags": null,
          "timeouts": null,
          "zone": "us-central1-a"
        },
        "after_unknown": {
          "attached_disk": [],
          "boot_disk": [
            {
              "device_name": true,
              "disk_encryption_key_sha256": true,
              "initialize_params": [
                {
                  "labels": true,
                  "size": true,
                  "type": true
                }
              ],
              "kms_key_self_link": true,
              "source": true
            }
          ],
          "cpu_platform": true,
          "disk": [],
          "guest_accelerator": true,
          "id": true,
          "instance_id": true,
          "label_fingerprint": true,
          "metadata_fingerprint": true,
          "network_interface": [
            {
              "access_config": [
                {
                  "assigned_nat_ip": true,
                  "nat_ip": true,
                  "network_tier": true
                }
              ],
              "address": true,
              "alias_ip_range": [],
              "name": true,
              "network_ip": true,
              "subnetwork": true,
              "subnetwork_project": true
            }
          ],
          "project": true,
          "scheduling": true,
          "scratch_disk": [],
          "self_link": true,
          "service_account": [],
          "shielded_instance_config": [],
          "tags_fingerprint": true
        }
      }
    },
    {
      "address": "google_compute_instance.default[\"n1-standard-32\"]",
      "mode": "managed",
      "type": "google_compute_instance",
      "name": "default",
      "index": "n1-standard-32",
      "provider_name": "google",
      "change": {
        "actions": [
          "create"
        ],
        "before": null,
        "after": {
          "allow_stopping_for_update": null,
          "attached_disk": [],
          "boot_disk": [
            {
              "auto_delete": true,
              "disk_encryption_key_raw": null,
              "initialize_params": [
                {
                  "image": "debian-cloud/debian-9"
                }
              ],
              "mode": "READ_WRITE"
            }
          ],
          "can_ip_forward": false,
          "deletion_protection": false,
          "description": null,
          "disk": [],
          "enable_display": null,
          "hostname": null,
          "labels": null,
          "machine_type": "n1-standard-32",
          "metadata": null,
          "metadata_startup_script": null,
          "min_cpu_platform": null,
          "name": "test-n1-standard-32",
          "network_interface": [
            {
              "access_config": [
                {
                  "public_ptr_domain_name": null
                }
              ],
              "alias_ip_range": [],
              "network": "default"
            }
          ],
          "scratch_disk": [],
          "service_account": [],
          "shielded_instance_config": [],
          "tags": null,
          "timeouts": null,
          "zone": "us-central1-a"
        },
        "after_unknown": {
          "attached_disk": [],
          "boot_disk": [
            {
              "device_name": true,
              "disk_encryption_key_sha256": true,
              "initialize_params": [
                {
                  "labels": true,
                  "size": true,
                  "type": true
                }
              ],
              "kms_key_self_link": true,
              "source": true
            }
          ],
          "cpu_platform": true,
          "disk": [],
          "guest_accelerator": true,
          "id": true,
          "instance_id": true,
          "label_fingerprint": true,
          "metadata_fingerprint": true,
          "network_interface": [
            {
              "access_config": [
                {
                  "assigned_nat_ip": true,
                  "nat_ip": true,
                  "network_tier": true
                }
              ],
              "address": true,
              "alias_ip_range": [],
              "name": true,
              "network_ip": true,
              "subnetwork": true,
              "subnetwork_project": true
            }
          ],
          "project": true,
          "scheduling": true,
          "scratch_disk": [],
          "self_link": true,
          "service_account": [],
          "shielded_instance_config": [],
          "tags_fingerprint": true
        }
      }
    },
    {
      "address": "google_compute_instance.default[\"n1-standard-4\"]",
      "mode": "managed",
      "type": "google_compute_instance",
      "name": "default",
      "index": "n1-standard-4",
      "provider_name": "google",
      "change": {
        "actions": [
          "create"
        ],
        "before": null,
        "after": {
          "allow_stopping_for_update": null,
          "attached_disk": [],
          "boot_disk": [
            {
              "auto_delete": true,
              "disk_encryption_key_raw": null,
              "initialize_params": [
                {
                  "image": "debian-cloud/debian-9"
                }
              ],
              "mode": "READ_WRITE"
            }
          ],
          "can_ip_forward": false,
          "deletion_protection": false,
          "description": null,
          "disk": [],
          "enable_display": null,
          "hostname": null,
          "labels": null,
          "machine_type": "n1-standard-4",
          "metadata": null,
          "metadata_startup_script": null,
          "min_cpu_platform": null,
          "name": "test-n1-standard-4",
          "network_interface": [
            {
              "access_config": [
                {
                  "public_ptr_domain_name": null
                }
              ],
              "alias_ip_range": [],
              "network": "default"
            }
          ],
          "scratch_disk": [],
          "service_account": [],
          "shielded_instance_config": [],
          "tags": null,
          "timeouts": null,
          "zone": "us-central1-a"
        },
        "after_unknown": {
          "attached_disk": [],
          "boot_disk": [
            {
              "device_name": true,
              "disk_encryption_key_sha256": true,
              "initialize_params": [
                {
                  "labels": true,
                  "size": true,
                  "type": true
                }
              ],
              "kms_key_self_link": true,
              "source": true
            }
          ],
          "cpu_platform": true,
          "disk": [],
          "guest_accelerator": true,
          "id": true,
          "instance_id": true,
          "label_fingerprint": true,
          "metadata_fingerprint": true,
          "network_interface": [
            {
              "access_config": [
                {
                  "assigned_nat_ip": true,
                  "nat_ip": true,
                  "network_tier": true
                }
              ],
              "address": true,
              "alias_ip_range": [],
              "name": true,
              "network_ip": true,
              "subnetwork": true,
              "subnetwork_project": true
            }
          ],
          "project": true,
          "scheduling": true,
          "scratch_disk": [],
          "self_link": true,
          "service_account": [],
          "shielded_instance_config": [],
          "tags_fingerprint": true
        }
      }
    },
    {
      "address": "google_compute_instance.default[\"n1-standard-64\"]",
      "mode": "managed",
      "type": "google_compute_instance",
      "name": "default",
      "index": "n1-standard-64",
      "provider_name": "google",
      "change": {
        "actions": [
          "create"
        ],
        "before": null,
        "after": {
          "allow_stopping_for_update": null,
          "attached_disk": [],
          "boot_disk": [
            {
              "auto_delete": true,
              "disk_encryption_key_raw": null,
              "initialize_params": [
                {
                  "image": "debian-cloud/debian-9"
                }
              ],
              "mode": "READ_WRITE"
            }
          ],
          "can_ip_forward": false,
          "deletion_protection": false,
          "description": null,
          "disk": [],
          "enable_display": null,
          "hostname": null,
          "labels": null,
          "machine_type": "n1-standard-64",
          "metadata": null,
          "metadata_startup_script": null,
          "min_cpu_platform": null,
          "name": "test-n1-standard-64",
          "network_interface": [
            {
              "access_config": [
                {
                  "public_ptr_domain_name": null
                }
              ],
              "alias_ip_range": [],
              "network": "default"
            }
          ],
          "scratch_disk": [],
          "service_account": [],
          "shielded_instance_config": [],
          "tags": null,
          "timeouts": null,
          "zone": "us-central1-a"
        },
        "after_unknown": {
          "attached_disk": [],
          "boot_disk": [
            {
              "device_name": true,
              "disk_encryption_key_sha256": true,
              "initialize_params": [
                {
                  "labels": true,
                  "size": true,
                  "type": true
                }
              ],
              "kms_key_self_link": true,
              "source": true
            }
          ],
          "cpu_platform": true,
          "disk": [],
          "guest_accelerator": true,
          "id": true,
          "instance_id": true,
          "label_fingerprint": true,
          "metadata_fingerprint": true,
          "network_interface": [
            {
              "access_config": [
                {
                  "assigned_nat_ip": true,
                  "nat_ip": true,
                  "network_tier": true
                }
              ],
              "address": true,
              "alias_ip_range": [],
              "name": true,
              "network_ip": true,
              "subnetwork": true,
              "subnetwork_project": true
            }
          ],
          "project": true,
          "scheduling": true,
          "scratch_disk": [],
          "self_link": true,
          "service_account": [],
          "shielded_instance_config": [],
          "tags_fingerprint": true
        }
      }
    },
    {
      "address": "google_compute_instance.default[\"n1-standard-8\"]",
      "mode": "managed",
      "type": "google_compute_instance",
      "name": "default",
      "index": "n1-standard-8",
      "provider_name": "google",
      "change": {
        "actions": [
          "create"
        ],
        "before": null,
        "after": {
          "allow_stopping_for_update": null,
          "attached_disk": [],
          "boot_disk": [
            {
              "auto_delete": true,
              "disk_encryption_key_raw": null,
              "initialize_params": [
                {
                  "image": "debian-cloud/debian-9"
                }
              ],
              "mode": "READ_WRITE"
            }
          ],
          "can_ip_forward": false,
          "deletion_protection": false,
          "description": null,
          "disk": [],
          "enable_display": null,
          "hostname": null,
          "labels": null,
          "machine_type": "n1-standard-8",
          "metadata": null,
          "metadata_startup_script": null,
          "min_cpu_platform": null,
          "name": "test-n1-standard-8",
          "network_interface": [
            {
              "access_config": [
                {
                  "public_ptr_domain_name": null
                }
              ],
              "alias_ip_range": [],
              "network": "default"
            }
          ],
          "scratch_disk": [],
          "service_account": [],
          "shielded_instance_config": [],
          "tags": null,
          "timeouts": null,
          "zone": "us-central1-a"
        },
        "after_unknown": {
          "attached_disk": [],
          "boot_disk": [
            {
              "device_name": true,
              "disk_encryption_key_sha256": true,
              "initialize_params": [
                {
                  "labels": true,
                  "size": true,
                  "type": true
                }
              ],
              "kms_key_self_link": true,
              "source": true
            }
          ],
          "cpu_platform": true,
          "disk": [],
          "guest_accelerator": true,
          "id": true,
          "instance_id": true,
          "label_fingerprint": true,
          "metadata_fingerprint": true,
          "network_interface": [
            {
              "access_config": [
                {
                  "assigned_nat_ip": true,
                  "nat_ip": true,
                  "network_tier": true
                }
              ],
              "address": true,
              "alias_ip_range": [],
              "name": true,
              "network_ip": true,
              "subnetwork": true,
              "subnetwork_project": true
            }
          ],
          "project": true,
          "scheduling": true,
          "scratch_disk": [],
          "self_link": true,
          "service_account": [],
          "shielded_instance_config": [],
          "tags_fingerprint": true
        }
      }
    },
    {
      "address": "google_compute_instance.default[\"n1-standard-96\"]",
      "mode": "managed",
      "type": "google_compute_instance",
      "name": "default",
      "index": "n1-standard-96",
      "provider_name": "google",
      "change": {
        "actions": [
          "create"
        ],
        "before": null,
        "after": {
          "allow_stopping_for_update": null,
          "attached_disk": [],
          "boot_disk": [
            {
              "auto_delete": true,
              "disk_encryption_key_raw": null,
              "initialize_params": [
                {
                  "image": "debian-cloud/debian-9"
                }
              ],
              "mode": "READ_WRITE"
            }
          ],
          "can_ip_forward": false,
          "deletion_protection": false,
          "description": null,
          "disk": [],
          "enable_display": null,
          "hostname": null,
          "labels": null,
          "machine_type": "n1-standard-96",
          "metadata": null,
          "metadata_startup_script": null,
          "min_cpu_platform": null,
          "name": "test-n1-standard-96",
          "network_interface": [
            {
              "access_config": [
                {
                  "public_ptr_domain_name": null
                }
              ],
              "alias_ip_range": [],
              "network": "default"
            }
          ],
          "scratch_disk": [],
          "service_account": [],
          "shielded_instance_config": [],
          "tags": null,
          "timeouts": null,
          "zone": "us-central1-a"
        },
        "after_unknown": {
          "attached_disk": [],
          "boot_disk": [
            {
              "device_name": true,
              "disk_encryption_key_sha256": true,
              "initialize_params": [
                {
                  "labels": true,
                  "size": true,
                  "type": true
                }
              ],
              "kms_key_self_link": true,
              "source": true
            }
          ],
          "cpu_platform": true,
          "disk": [],
          "guest_accelerator": true,
          "id": true,
          "instance_id": true,
          "label_fingerprint": true,
          "metadata_fingerprint": true,
          "network_interface": [
            {
              "access_config": [
                {
                  "assigned_nat_ip": true,
                  "nat_ip": true,
                  "network_tier": true
                }
              ],
              "address": true,
              "alias_ip_range": [],
              "name": true,
              "network_ip": true,
              "subnetwork": true,
              "subnetwork_project": true
            }
          ],
          "project": true,
          "scheduling": true,
          "scratch_disk": [],
          "self_link": true,
          "service_account": [],
          "shielded_instance_config": [],
          "tags_fingerprint": true
        }
      }
    },
    {
      "address": "google_compute_instance.default[\"n1-ultramem-160\"]",
      "mode": "managed",
      "type": "google_compute_instance",
      "name": "default",
      "index": "n1-ultramem-160",
      "provider_name": "google",
      "change": {
        "actions": [
          "create"
        ],
        "before": null,
        "after": {
          "allow_stopping_for_update": null,
          "attached_disk": [],
          "boot_disk": [
            {
              "auto_delete": true,
              "disk_encryption_key_raw": null,
              "initialize_params": [
                {
                  "image": "debian-cloud/debian-9"
                }
              ],
              "mode": "READ_WRITE"
            }
          ],
          "can_ip_forward": false,
          "deletion_protection": false,
          "description": null,
          "disk": [],
          "enable_display": null,
          "hostname": null,
          "labels": null,
          "machine_type": "n1-ultramem-160",
          "metadata": null,
          "metadata_startup_script": null,
          "min_cpu_platform": null,
          "name": "test-n1-ultramem-160",
          "network_interface": [
            {
              "access_config": [
                {
                  "public_ptr_domain_name": null
                }
              ],
              "alias_ip_range": [],
              "network": "default"
            }
          ],
          "scratch_disk": [],
          "service_account": [],
          "shielded_instance_config": [],
          "tags": null,
          "timeouts": null,
          "zone": "us-central1-a"
        },
        "after_unknown": {
          "attached_disk": [],
          "boot_disk": [
            {
              "device_name": true,
              "disk_encryption_key_sha256": true,
              "initialize_params": [
                {
                  "labels": true,
                  "size": true,
                  "type": true
                }
              ],
              "kms_key_self_link": true,
              "source": true
            }
          ],
          "cpu_platform": true,
          "disk": [],
          "guest_accelerator": true,
          "id": true,
          "instance_id": true,
          "label_fingerprint": true,
          "metadata_fingerprint": true,
          "network_interface": [
            {
              "access_config": [
                {
                  "assigned_nat_ip": true,
                  "nat_ip": true,
                  "network_tier": true
                }
              ],
              "address": true,
              "alias_ip_range": [],
              "name": true,
              "network_ip": true,
              "subnetwork": true,
              "subnetwork_project": true
            }
          ],
          "project": true,
          "scheduling": true,
          "scratch_disk": [],
          "self_link": true,
          "service_account": [],
          "shielded_instance_config": [],
          "tags_fingerprint": true
        }
      }
    },
    {
      "address": "google_compute_instance.default[\"n1-ultramem-40\"]",
      "mode": "managed",
      "type": "google_compute_instance",
      "name": "default",
      "index": "n1-ultramem-40",
      "provider_name": "google",
      "change": {
        "actions": [
          "create"
        ],
        "before": null,
        "after": {
          "allow_stopping_for_update": null,
          "attached_disk": [],
          "boot_disk": [
            {
              "auto_delete": true,
              "disk_encryption_key_raw": null,
              "initialize_params": [
                {
                  "image": "debian-cloud/debian-9"
                }
              ],
              "mode": "READ_WRITE"
            }
          ],
          "can_ip_forward": false,
          "deletion_protection": false,
          "description": null,
          "disk": [],
          "enable_display": null,
          "hostname": null,
          "labels": null,
          "machine_type": "n1-ultramem-40",
          "metadata": null,
          "metadata_startup_script": null,
          "min_cpu_platform": null,
          "name": "test-n1-ultramem-40",
          "network_interface": [
            {
              "access_config": [
                {
                  "public_ptr_domain_name": null
                }
              ],
              "alias_ip_range": [],
              "network": "default"
            }
          ],
          "scratch_disk": [],
          "service_account": [],
          "shielded_instance_config": [],
          "tags": null,
          "timeouts": null,
          "zone": "us-central1-a"
        },
        "after_unknown": {
          "attached_disk": [],
          "boot_disk": [
            {
              "device_name": true,
              "disk_encryption_key_sha256": true,
              "initialize_params": [
                {
                  "labels": true,
                  "size": true,
                  "type": true
                }
              ],
              "kms_key_self_link": true,
              "source": true
            }
          ],
          "cpu_platform": true,
          "disk": [],
          "guest_accelerator": true,
          "id": true,
          "instance_id": true,
          "label_fingerprint": true,
          "metadata_fingerprint": true,
          "network_interface": [
            {
              "access_config": [
                {
                  "assigned_nat_ip": true,
                  "nat_ip": true,
                  "network_tier": true
                }
              ],
              "address": true,
              "alias_ip_range": [],
              "name": true,
              "network_ip": true,
              "subnetwork": true,
              "subnetwork_project": true
            }
          ],
          "project": true,
          "scheduling": true,
          "scratch_disk": [],
          "self_link": true,
          "service_account": [],
          "shielded_instance_config": [],
          "tags_fingerprint": true
        }
      }
    },
    {
      "address": "google_compute_instance.default[\"n1-ultramem-80\"]",
      "mode": "managed",
      "type": "google_compute_instance",
      "name": "default",
      "index": "n1-ultramem-80",
      "provider_name": "google",
      "change": {
        "actions": [
          "create"
        ],
        "before": null,
        "after": {
          "allow_stopping_for_update": null,
          "attached_disk": [],
          "boot_disk": [
            {
              "auto_delete": true,
              "disk_encryption_key_raw": null,
              "initialize_params": [
                {
                  "image": "debian-cloud/debian-9"
                }
              ],
              "mode": "READ_WRITE"
            }
          ],
          "can_ip_forward": false,
          "deletion_protection": false,
          "description": null,
          "disk": [],
          "enable_display": null,
          "hostname": null,
          "labels": null,
          "machine_type": "n1-ultramem-80",
          "metadata": null,
          "metadata_startup_script": null,
          "min_cpu_platform": null,
          "name": "test-n1-ultramem-80",
          "network_interface": [
            {
              "access_config": [
                {
                  "public_ptr_domain_name": null
                }
              ],
              "alias_ip_range": [],
              "network": "default"
            }
          ],
          "scratch_disk": [],
          "service_account": [],
          "shielded_instance_config": [],
          "tags": null,
          "timeouts": null,
          "zone": "us-central1-a"
        },
        "after_unknown": {
          "attached_disk": [],
          "boot_disk": [
            {
              "device_name": true,
              "disk_encryption_key_sha256": true,
              "initialize_params": [
                {
                  "labels": true,
                  "size": true,
                  "type": true
                }
              ],
              "kms_key_self_link": true,
              "source": true
            }
          ],
          "cpu_platform": true,
          "disk": [],
          "guest_accelerator": true,
          "id": true,
          "instance_id": true,
          "label_fingerprint": true,
          "metadata_fingerprint": true,
          "network_interface": [
            {
              "access_config": [
                {
                  "assigned_nat_ip": true,
                  "nat_ip": true,
                  "network_tier": true
                }
              ],
              "address": true,
              "alias_ip_range": [],
              "name": true,
              "network_ip": true,
              "subnetwork": true,
              "subnetwork_project": true
            }
          ],
          "project": true,
          "scheduling": true,
          "scratch_disk": [],
          "self_link": true,
          "service_account": [],
          "shielded_instance_config": [],
          "tags_fingerprint": true
        }
      }
    },
    {
      "address": "google_compute_instance.default[\"n2-highcpu-16\"]",
      "mode": "managed",
      "type": "google_compute_instance",
      "name": "default",
      "index": "n2-highcpu-16",
      "provider_name": "google",
      "change": {
        "actions": [
          "create"
        ],
        "before": null,
        "after": {
          "allow_stopping_for_update": null,
          "attached_disk": [],
          "boot_disk": [
            {
              "auto_delete": true,
              "disk_encryption_key_raw": null,
              "initialize_params": [
                {
                  "image": "debian-cloud/debian-9"
                }
              ],
              "mode": "READ_WRITE"
            }
          ],
          "can_ip_forward": false,
          "deletion_protection": false,
          "description": null,
          "disk": [],
          "enable_display": null,
          "hostname": null,
          "labels": null,
          "machine_type": "n2-highcpu-16",
          "metadata": null,
          "metadata_startup_script": null,
          "min_cpu_platform": null,
          "name": "test-n2-highcpu-16",
          "network_interface": [
            {
              "access_config": [
                {
                  "public_ptr_domain_name": null
                }
              ],
              "alias_ip_range": [],
              "network": "default"
            }
          ],
          "scratch_disk": [],
          "service_account": [],
          "shielded_instance_config": [],
          "tags": null,
          "timeouts": null,
          "zone": "us-central1-a"
        },
        "after_unknown": {
          "attached_disk": [],
          "boot_disk": [
            {
              "device_name": true,
              "disk_encryption_key_sha256": true,
              "initialize_params": [
                {
                  "labels": true,
                  "size": true,
                  "type": true
                }
              ],
              "kms_key_self_link": true,
              "source": true
            }
          ],
          "cpu_platform": true,
          "disk": [],
          "guest_accelerator": true,
          "id": true,
          "instance_id": true,
          "label_fingerprint": true,
          "metadata_fingerprint": true,
          "network_interface": [
            {
              "access_config": [
                {
                  "assigned_nat_ip": true,
                  "nat_ip": true,
                  "network_tier": true
                }
              ],
              "address": true,
              "alias_ip_range": [],
              "name": true,
              "network_ip": true,
              "subnetwork": true,
              "subnetwork_project": true
            }
          ],
          "project": true,
          "scheduling": true,
          "scratch_disk": [],
          "self_link": true,
          "service_account": [],
          "shielded_instance_config": [],
          "tags_fingerprint": true
        }
      }
    },
    {
      "address": "google_compute_instance.default[\"n2-highcpu-2\"]",
      "mode": "managed",
      "type": "google_compute_instance",
      "name": "default",
      "index": "n2-highcpu-2",
      "provider_name": "google",
      "change": {
        "actions": [
          "create"
        ],
        "before": null,
        "after": {
          "allow_stopping_for_update": null,
          "attached_disk": [],
          "boot_disk": [
            {
              "auto_delete": true,
              "disk_encryption_key_raw": null,
              "initialize_params": [
                {
                  "image": "debian-cloud/debian-9"
                }
              ],
              "mode": "READ_WRITE"
            }
          ],
          "can_ip_forward": false,
          "deletion_protection": false,
          "description": null,
          "disk": [],
          "enable_display": null,
          "hostname": null,
          "labels": null,
          "machine_type": "n2-highcpu-2",
          "metadata": null,
          "metadata_startup_script": null,
          "min_cpu_platform": null,
          "name": "test-n2-highcpu-2",
          "network_interface": [
            {
              "access_config": [
                {
                  "public_ptr_domain_name": null
                }
              ],
              "alias_ip_range": [],
              "network": "default"
            }
          ],
          "scratch_disk": [],
          "service_account": [],
          "shielded_instance_config": [],
          "tags": null,
          "timeouts": null,
          "zone": "us-central1-a"
        },
        "after_unknown": {
          "attached_disk": [],
          "boot_disk": [
            {
              "device_name": true,
              "disk_encryption_key_sha256": true,
              "initialize_params": [
                {
                  "labels": true,
                  "size": true,
                  "type": true
                }
              ],
              "kms_key_self_link": true,
              "source": true
            }
          ],
          "cpu_platform": true,
          "disk": [],
          "guest_accelerator": true,
          "id": true,
          "instance_id": true,
          "label_fingerprint": true,
          "metadata_fingerprint": true,
          "network_interface": [
            {
              "access_config": [
                {
                  "assigned_nat_ip": true,
                  "nat_ip": true,
                  "network_tier": true
                }
              ],
              "address": true,
              "alias_ip_range": [],
              "name": true,
              "network_ip": true,
              "subnetwork": true,
              "subnetwork_project": true
            }
          ],
          "project": true,
          "scheduling": true,
          "scratch_disk": [],
          "self_link": true,
          "service_account": [],
          "shielded_instance_config": [],
          "tags_fingerprint": true
        }
      }
    },
    {
      "address": "google_compute_instance.default[\"n2-highcpu-32\"]",
      "mode": "managed",
      "type": "google_compute_instance",
      "name": "default",
      "index": "n2-highcpu-32",
      "provider_name": "google",
      "change": {
        "actions": [
          "create"
        ],
        "before": null,
        "after": {
          "allow_stopping_for_update": null,
          "attached_disk": [],
          "boot_disk": [
            {
              "auto_delete": true,
              "disk_encryption_key_raw": null,
              "initialize_params": [
                {
                  "image": "debian-cloud/debian-9"
                }
              ],
              "mode": "READ_WRITE"
            }
          ],
          "can_ip_forward": false,
          "deletion_protection": false,
          "description": null,
          "disk": [],
          "enable_display": null,
          "hostname": null,
          "labels": null,
          "machine_type": "n2-highcpu-32",
          "metadata": null,
          "metadata_startup_script": null,
          "min_cpu_platform": null,
          "name": "test-n2-highcpu-32",
          "network_interface": [
            {
              "access_config": [
                {
                  "public_ptr_domain_name": null
                }
              ],
              "alias_ip_range": [],
              "network": "default"
            }
          ],
          "scratch_disk": [],
          "service_account": [],
          "shielded_instance_config": [],
          "tags": null,
          "timeouts": null,
          "zone": "us-central1-a"
        },
        "after_unknown": {
          "attached_disk": [],
          "boot_disk": [
            {
              "device_name": true,
              "disk_encryption_key_sha256": true,
              "initialize_params": [
                {
                  "labels": true,
                  "size": true,
                  "type": true
                }
              ],
              "kms_key_self_link": true,
              "source": true
            }
          ],
          "cpu_platform": true,
          "disk": [],
          "guest_accelerator": true,
          "id": true,
          "instance_id": true,
          "label_fingerprint": true,
          "metadata_fingerprint": true,
          "network_interface": [
            {
              "access_config": [
                {
                  "assigned_nat_ip": true,
                  "nat_ip": true,
                  "network_tier": true
                }
              ],
              "address": true,
              "alias_ip_range": [],
              "name": true,
              "network_ip": true,
              "subnetwork": true,
              "subnetwork_project": true
            }
          ],
          "project": true,
          "scheduling": true,
          "scratch_disk": [],
          "self_link": true,
          "service_account": [],
          "shielded_instance_config": [],
          "tags_fingerprint": true
        }
      }
    },
    {
      "address": "google_compute_instance.default[\"n2-highcpu-4\"]",
      "mode": "managed",
      "type": "google_compute_instance",
      "name": "default",
      "index": "n2-highcpu-4",
      "provider_name": "google",
      "change": {
        "actions": [
          "create"
        ],
        "before": null,
        "after": {
          "allow_stopping_for_update": null,
          "attached_disk": [],
          "boot_disk": [
            {
              "auto_delete": true,
              "disk_encryption_key_raw": null,
              "initialize_params": [
                {
                  "image": "debian-cloud/debian-9"
                }
              ],
              "mode": "READ_WRITE"
            }
          ],
          "can_ip_forward": false,
          "deletion_protection": false,
          "description": null,
          "disk": [],
          "enable_display": null,
          "hostname": null,
          "labels": null,
          "machine_type": "n2-highcpu-4",
          "metadata": null,
          "metadata_startup_script": null,
          "min_cpu_platform": null,
          "name": "test-n2-highcpu-4",
          "network_interface": [
            {
              "access_config": [
                {
                  "public_ptr_domain_name": null
                }
              ],
              "alias_ip_range": [],
              "network": "default"
            }
          ],
          "scratch_disk": [],
          "service_account": [],
          "shielded_instance_config": [],
          "tags": null,
          "timeouts": null,
          "zone": "us-central1-a"
        },
        "after_unknown": {
          "attached_disk": [],
          "boot_disk": [
            {
              "device_name": true,
              "disk_encryption_key_sha256": true,
              "initialize_params": [
                {
                  "labels": true,
                  "size": true,
                  "type": true
                }
              ],
              "kms_key_self_link": true,
              "source": true
            }
          ],
          "cpu_platform": true,
          "disk": [],
          "guest_accelerator": true,
          "id": true,
          "instance_id": true,
          "label_fingerprint": true,
          "metadata_fingerprint": true,
          "network_interface": [
            {
              "access_config": [
                {
                  "assigned_nat_ip": true,
                  "nat_ip": true,
                  "network_tier": true
                }
              ],
              "address": true,
              "alias_ip_range": [],
              "name": true,
              "network_ip": true,
              "subnetwork": true,
              "subnetwork_project": true
            }
          ],
          "project": true,
          "scheduling": true,
          "scratch_disk": [],
          "self_link": true,
          "service_account": [],
          "shielded_instance_config": [],
          "tags_fingerprint": true
        }
      }
    },
    {
      "address": "google_compute_instance.default[\"n2-highcpu-48\"]",
      "mode": "managed",
      "type": "google_compute_instance",
      "name": "default",
      "index": "n2-highcpu-48",
      "provider_name": "google",
      "change": {
        "actions": [
          "create"
        ],
        "before": null,
        "after": {
          "allow_stopping_for_update": null,
          "attached_disk": [],
          "boot_disk": [
            {
              "auto_delete": true,
              "disk_encryption_key_raw": null,
              "initialize_params": [
                {
                  "image": "debian-cloud/debian-9"
                }
              ],
              "mode": "READ_WRITE"
            }
          ],
          "can_ip_forward": false,
          "deletion_protection": false,
          "description": null,
          "disk": [],
          "enable_display": null,
          "hostname": null,
          "labels": null,
          "machine_type": "n2-highcpu-48",
          "metadata": null,
          "metadata_startup_script": null,
          "min_cpu_platform": null,
          "name": "test-n2-highcpu-48",
          "network_interface": [
            {
              "access_config": [
                {
                  "public_ptr_domain_name": null
                }
              ],
              "alias_ip_range": [],
              "network": "default"
            }
          ],
          "scratch_disk": [],
          "service_account": [],
          "shielded_instance_config": [],
          "tags": null,
          "timeouts": null,
          "zone": "us-central1-a"
        },
        "after_unknown": {
          "attached_disk": [],
          "boot_disk": [
            {
              "device_name": true,
              "disk_encryption_key_sha256": true,
              "initialize_params": [
                {
                  "labels": true,
                  "size": true,
                  "type": true
                }
              ],
              "kms_key_self_link": true,
              "source": true
            }
          ],
          "cpu_platform": true,
          "disk": [],
          "guest_accelerator": true,
          "id": true,
          "instance_id": true,
          "label_fingerprint": true,
          "metadata_fingerprint": true,
          "network_interface": [
            {
              "access_config": [
                {
                  "assigned_nat_ip": true,
                  "nat_ip": true,
                  "network_tier": true
                }
              ],
              "address": true,
              "alias_ip_range": [],
              "name": true,
              "network_ip": true,
              "subnetwork": true,
              "subnetwork_project": true
            }
          ],
          "project": true,
          "scheduling": true,
          "scratch_disk": [],
          "self_link": true,
          "service_account": [],
          "shielded_instance_config": [],
          "tags_fingerprint": true
        }
      }
    },
    {
      "address": "google_compute_instance.default[\"n2-highcpu-64\"]",
      "mode": "managed",
      "type": "google_compute_instance",
      "name": "default",
      "index": "n2-highcpu-64",
      "provider_name": "google",
      "change": {
        "actions": [
          "create"
        ],
        "before": null,
        "after": {
          "allow_stopping_for_update": null,
          "attached_disk": [],
          "boot_disk": [
            {
              "auto_delete": true,
              "disk_encryption_key_raw": null,
              "initialize_params": [
                {
                  "image": "debian-cloud/debian-9"
                }
              ],
              "mode": "READ_WRITE"
            }
          ],
          "can_ip_forward": false,
          "deletion_protection": false,
          "description": null,
          "disk": [],
          "enable_display": null,
          "hostname": null,
          "labels": null,
          "machine_type": "n2-highcpu-64",
          "metadata": null,
          "metadata_startup_script": null,
          "min_cpu_platform": null,
          "name": "test-n2-highcpu-64",
          "network_interface": [
            {
              "access_config": [
                {
                  "public_ptr_domain_name": null
                }
              ],
              "alias_ip_range": [],
              "network": "default"
            }
          ],
          "scratch_disk": [],
          "service_account": [],
          "shielded_instance_config": [],
          "tags": null,
          "timeouts": null,
          "zone": "us-central1-a"
        },
        "after_unknown": {
          "attached_disk": [],
          "boot_disk": [
            {
              "device_name": true,
              "disk_encryption_key_sha256": true,
              "initialize_params": [
                {
                  "labels": true,
                  "size": true,
                  "type": true
                }
              ],
              "kms_key_self_link": true,
              "source": true
            }
          ],
          "cpu_platform": true,
          "disk": [],
          "guest_accelerator": true,
          "id": true,
          "instance_id": true,
          "label_fingerprint": true,
          "metadata_fingerprint": true,
          "network_interface": [
            {
              "access_config": [
                {
                  "assigned_nat_ip": true,
                  "nat_ip": true,
                  "network_tier": true
                }
              ],
              "address": true,
              "alias_ip_range": [],
              "name": true,
              "network_ip": true,
              "subnetwork": true,
              "subnetwork_project": true
            }
          ],
          "project": true,
          "scheduling": true,
          "scratch_disk": [],
          "self_link": true,
          "service_account": [],
          "shielded_instance_config": [],
          "tags_fingerprint": true
        }
      }
    },
    {
      "address": "google_compute_instance.default[\"n2-highcpu-8\"]",
      "mode": "managed",
      "type": "google_compute_instance",
      "name": "default",
      "index": "n2-highcpu-8",
      "provider_name": "google",
      "change": {
        "actions": [
          "create"
        ],
        "before": null,
        "after": {
          "allow_stopping_for_update": null,
          "attached_disk": [],
          "boot_disk": [
            {
              "auto_delete": true,
              "disk_encryption_key_raw": null,
              "initialize_params": [
                {
                  "image": "debian-cloud/debian-9"
                }
              ],
              "mode": "READ_WRITE"
            }
          ],
          "can_ip_forward": false,
          "deletion_protection": false,
          "description": null,
          "disk": [],
          "enable_display": null,
          "hostname": null,
          "labels": null,
          "machine_type": "n2-highcpu-8",
          "metadata": null,
          "metadata_startup_script": null,
          "min_cpu_platform": null,
          "name": "test-n2-highcpu-8",
          "network_interface": [
            {
              "access_config": [
                {
                  "public_ptr_domain_name": null
                }
              ],
              "alias_ip_range": [],
              "network": "default"
            }
          ],
          "scratch_disk": [],
          "service_account": [],
          "shielded_instance_config": [],
          "tags": null,
          "timeouts": null,
          "zone": "us-central1-a"
        },
        "after_unknown": {
          "attached_disk": [],
          "boot_disk": [
            {
              "device_name": true,
              "disk_encryption_key_sha256": true,
              "initialize_params": [
                {
                  "labels": true,
                  "size": true,
                  "type": true
                }
              ],
              "kms_key_self_link": true,
              "source": true
            }
          ],
          "cpu_platform": true,
          "disk": [],
          "guest_accelerator": true,
          "id": true,
          "instance_id": true,
          "label_fingerprint": true,
          "metadata_fingerprint": true,
          "network_interface": [
            {
              "access_config": [
                {
                  "assigned_nat_ip": true,
                  "nat_ip": true,
                  "network_tier": true
                }
              ],
              "address": true,
              "alias_ip_range": [],
              "name": true,
              "network_ip": true,
              "subnetwork": true,
              "subnetwork_project": true
            }
          ],
          "project": true,
          "scheduling": true,
          "scratch_disk": [],
          "self_link": true,
          "service_account": [],
          "shielded_instance_config": [],
          "tags_fingerprint": true
        }
      }
    },
    {
      "address": "google_compute_instance.default[\"n2-highcpu-80\"]",
      "mode": "managed",
      "type": "google_compute_instance",
      "name": "default",
      "index": "n2-highcpu-80",
      "provider_name": "google",
      "change": {
        "actions": [
          "create"
        ],
        "before": null,
        "after": {
          "allow_stopping_for_update": null,
          "attached_disk": [],
          "boot_disk": [
            {
              "auto_delete": true,
              "disk_encryption_key_raw": null,
              "initialize_params": [
                {
                  "image": "debian-cloud/debian-9"
                }
              ],
              "mode": "READ_WRITE"
            }
          ],
          "can_ip_forward": false,
          "deletion_protection": false,
          "description": null,
          "disk": [],
          "enable_display": null,
          "hostname": null,
          "labels": null,
          "machine_type": "n2-highcpu-80",
          "metadata": null,
          "metadata_startup_script": null,
          "min_cpu_platform": null,
          "name": "test-n2-highcpu-80",
          "network_interface": [
            {
              "access_config": [
                {
                  "public_ptr_domain_name": null
                }
              ],
              "alias_ip_range": [],
              "network": "default"
            }
          ],
          "scratch_disk": [],
          "service_account": [],
          "shielded_instance_config": [],
          "tags": null,
          "timeouts": null,
          "zone": "us-central1-a"
        },
        "after_unknown": {
          "attached_disk": [],
          "boot_disk": [
            {
              "device_name": true,
              "disk_encryption_key_sha256": true,
              "initialize_params": [
                {
                  "labels": true,
                  "size": true,
                  "type": true
                }
              ],
              "kms_key_self_link": true,
              "source": true
            }
          ],
          "cpu_platform": true,
          "disk": [],
          "guest_accelerator": true,
          "id": true,
          "instance_id": true,
          "label_fingerprint": true,
          "metadata_fingerprint": true,
          "network_interface": [
            {
              "access_config": [
                {
                  "assigned_nat_ip": true,
                  "nat_ip": true,
                  "network_tier": true
                }
              ],
              "address": true,
              "alias_ip_range": [],
              "name": true,
              "network_ip": true,
              "subnetwork": true,
              "subnetwork_project": true
            }
          ],
          "project": true,
          "scheduling": true,
          "scratch_disk": [],
          "self_link": true,
          "service_account": [],
          "shielded_instance_config": [],
          "tags_fingerprint": true
        }
      }
    },
    {
      "address": "google_compute_instance.default[\"n2-highmem-16\"]",
      "mode": "managed",
      "type": "google_compute_instance",
      "name": "default",
      "index": "n2-highmem-16",
      "provider_name": "google",
      "change": {
        "actions": [
          "create"
        ],
        "before": null,
        "after": {
          "allow_stopping_for_update": null,
          "attached_disk": [],
          "boot_disk": [
            {
              "auto_delete": true,
              "disk_encryption_key_raw": null,
              "initialize_params": [
                {
                  "image": "debian-cloud/debian-9"
                }
              ],
              "mode": "READ_WRITE"
            }
          ],
          "can_ip_forward": false,
          "deletion_protection": false,
          "description": null,
          "disk": [],
          "enable_display": null,
          "hostname": null,
          "labels": null,
          "machine_type": "n2-highmem-16",
          "metadata": null,
          "metadata_startup_script": null,
          "min_cpu_platform": null,
          "name": "test-n2-highmem-16",
          "network_interface": [
            {
              "access_config": [
                {
                  "public_ptr_domain_name": null
                }
              ],
              "alias_ip_range": [],
              "network": "default"
            }
          ],
          "scratch_disk": [],
          "service_account": [],
          "shielded_instance_config": [],
          "tags": null,
          "timeouts": null,
          "zone": "us-central1-a"
        },
        "after_unknown": {
          "attached_disk": [],
          "boot_disk": [
            {
              "device_name": true,
              "disk_encryption_key_sha256": true,
              "initialize_params": [
                {
                  "labels": true,
                  "size": true,
                  "type": true
                }
              ],
              "kms_key_self_link": true,
              "source": true
            }
          ],
          "cpu_platform": true,
          "disk": [],
          "guest_accelerator": true,
          "id": true,
          "instance_id": true,
          "label_fingerprint": true,
          "metadata_fingerprint": true,
          "network_interface": [
            {
              "access_config": [
                {
                  "assigned_nat_ip": true,
                  "nat_ip": true,
                  "network_tier": true
                }
              ],
              "address": true,
              "alias_ip_range": [],
              "name": true,
              "network_ip": true,
              "subnetwork": true,
              "subnetwork_project": true
            }
          ],
          "project": true,
          "scheduling": true,
          "scratch_disk": [],
          "self_link": true,
          "service_account": [],
          "shielded_instance_config": [],
          "tags_fingerprint": true
        }
      }
    },
    {
      "address": "google_compute_instance.default[\"n2-highmem-2\"]",
      "mode": "managed",
      "type": "google_compute_instance",
      "name": "default",
      "index": "n2-highmem-2",
      "provider_name": "google",
      "change": {
        "actions": [
          "create"
        ],
        "before": null,
        "after": {
          "allow_stopping_for_update": null,
          "attached_disk": [],
          "boot_disk": [
            {
              "auto_delete": true,
              "disk_encryption_key_raw": null,
              "initialize_params": [
                {
                  "image": "debian-cloud/debian-9"
                }
              ],
              "mode": "READ_WRITE"
            }
          ],
          "can_ip_forward": false,
          "deletion_protection": false,
          "description": null,
          "disk": [],
          "enable_display": null,
          "hostname": null,
          "labels": null,
          "machine_type": "n2-highmem-2",
          "metadata": null,
          "metadata_startup_script": null,
          "min_cpu_platform": null,
          "name": "test-n2-highmem-2",
          "network_interface": [
            {
              "access_config": [
                {
                  "public_ptr_domain_name": null
                }
              ],
              "alias_ip_range": [],
              "network": "default"
            }
          ],
          "scratch_disk": [],
          "service_account": [],
          "shielded_instance_config": [],
          "tags": null,
          "timeouts": null,
          "zone": "us-central1-a"
        },
        "after_unknown": {
          "attached_disk": [],
          "boot_disk": [
            {
              "device_name": true,
              "disk_encryption_key_sha256": true,
              "initialize_params": [
                {
                  "labels": true,
                  "size": true,
                  "type": true
                }
              ],
              "kms_key_self_link": true,
              "source": true
            }
          ],
          "cpu_platform": true,
          "disk": [],
          "guest_accelerator": true,
          "id": true,
          "instance_id": true,
          "label_fingerprint": true,
          "metadata_fingerprint": true,
          "network_interface": [
            {
              "access_config": [
                {
                  "assigned_nat_ip": true,
                  "nat_ip": true,
                  "network_tier": true
                }
              ],
              "address": true,
              "alias_ip_range": [],
              "name": true,
              "network_ip": true,
              "subnetwork": true,
              "subnetwork_project": true
            }
          ],
          "project": true,
          "scheduling": true,
          "scratch_disk": [],
          "self_link": true,
          "service_account": [],
          "shielded_instance_config": [],
          "tags_fingerprint": true
        }
      }
    },
    {
      "address": "google_compute_instance.default[\"n2-highmem-32\"]",
      "mode": "managed",
      "type": "google_compute_instance",
      "name": "default",
      "index": "n2-highmem-32",
      "provider_name": "google",
      "change": {
        "actions": [
          "create"
        ],
        "before": null,
        "after": {
          "allow_stopping_for_update": null,
          "attached_disk": [],
          "boot_disk": [
            {
              "auto_delete": true,
              "disk_encryption_key_raw": null,
              "initialize_params": [
                {
                  "image": "debian-cloud/debian-9"
                }
              ],
              "mode": "READ_WRITE"
            }
          ],
          "can_ip_forward": false,
          "deletion_protection": false,
          "description": null,
          "disk": [],
          "enable_display": null,
          "hostname": null,
          "labels": null,
          "machine_type": "n2-highmem-32",
          "metadata": null,
          "metadata_startup_script": null,
          "min_cpu_platform": null,
          "name": "test-n2-highmem-32",
          "network_interface": [
            {
              "access_config": [
                {
                  "public_ptr_domain_name": null
                }
              ],
              "alias_ip_range": [],
              "network": "default"
            }
          ],
          "scratch_disk": [],
          "service_account": [],
          "shielded_instance_config": [],
          "tags": null,
          "timeouts": null,
          "zone": "us-central1-a"
        },
        "after_unknown": {
          "attached_disk": [],
          "boot_disk": [
            {
              "device_name": true,
              "disk_encryption_key_sha256": true,
              "initialize_params": [
                {
                  "labels": true,
                  "size": true,
                  "type": true
                }
              ],
              "kms_key_self_link": true,
              "source": true
            }
          ],
          "cpu_platform": true,
          "disk": [],
          "guest_accelerator": true,
          "id": true,
          "instance_id": true,
          "label_fingerprint": true,
          "metadata_fingerprint": true,
          "network_interface": [
            {
              "access_config": [
                {
                  "assigned_nat_ip": true,
                  "nat_ip": true,
                  "network_tier": true
                }
              ],
              "address": true,
              "alias_ip_range": [],
              "name": true,
              "network_ip": true,
              "subnetwork": true,
              "subnetwork_project": true
            }
          ],
          "project": true,
          "scheduling": true,
          "scratch_disk": [],
          "self_link": true,
          "service_account": [],
          "shielded_instance_config": [],
          "tags_fingerprint": true
        }
      }
    },
    {
      "address": "google_compute_instance.default[\"n2-highmem-4\"]",
      "mode": "managed",
      "type": "google_compute_instance",
      "name": "default",
      "index": "n2-highmem-4",
      "provider_name": "google",
      "change": {
        "actions": [
          "create"
        ],
        "before": null,
        "after": {
          "allow_stopping_for_update": null,
          "attached_disk": [],
          "boot_disk": [
            {
              "auto_delete": true,
              "disk_encryption_key_raw": null,
              "initialize_params": [
                {
                  "image": "debian-cloud/debian-9"
                }
              ],
              "mode": "READ_WRITE"
            }
          ],
          "can_ip_forward": false,
          "deletion_protection": false,
          "description": null,
          "disk": [],
          "enable_display": null,
          "hostname": null,
          "labels": null,
          "machine_type": "n2-highmem-4",
          "metadata": null,
          "metadata_startup_script": null,
          "min_cpu_platform": null,
          "name": "test-n2-highmem-4",
          "network_interface": [
            {
              "access_config": [
                {
                  "public_ptr_domain_name": null
                }
              ],
              "alias_ip_range": [],
              "network": "default"
            }
          ],
          "scratch_disk": [],
          "service_account": [],
          "shielded_instance_config": [],
          "tags": null,
          "timeouts": null,
          "zone": "us-central1-a"
        },
        "after_unknown": {
          "attached_disk": [],
          "boot_disk": [
            {
              "device_name": true,
              "disk_encryption_key_sha256": true,
              "initialize_params": [
                {
                  "labels": true,
                  "size": true,
                  "type": true
                }
              ],
              "kms_key_self_link": true,
              "source": true
            }
          ],
          "cpu_platform": true,
          "disk": [],
          "guest_accelerator": true,
          "id": true,
          "instance_id": true,
          "label_fingerprint": true,
          "metadata_fingerprint": true,
          "network_interface": [
            {
              "access_config": [
                {
                  "assigned_nat_ip": true,
                  "nat_ip": true,
                  "network_tier": true
                }
              ],
              "address": true,
              "alias_ip_range": [],
              "name": true,
              "network_ip": true,
              "subnetwork": true,
              "subnetwork_project": true
            }
          ],
          "project": true,
          "scheduling": true,
          "scratch_disk": [],
          "self_link": true,
          "service_account": [],
          "shielded_instance_config": [],
          "tags_fingerprint": true
        }
      }
    },
    {
      "address": "google_compute_instance.default[\"n2-highmem-48\"]",
      "mode": "managed",
      "type": "google_compute_instance",
      "name": "default",
      "index": "n2-highmem-48",
      "provider_name": "google",
      "change": {
        "actions": [
          "create"
        ],
        "before": null,
        "after": {
          "allow_stopping_for_update": null,
          "attached_disk": [],
          "boot_disk": [
            {
              "auto_delete": true,
              "disk_encryption_key_raw": null,
              "initialize_params": [
                {
                  "image": "debian-cloud/debian-9"
                }
              ],
              "mode": "READ_WRITE"
            }
          ],
          "can_ip_forward": false,
          "deletion_protection": false,
          "description": null,
          "disk": [],
          "enable_display": null,
          "hostname": null,
          "labels": null,
          "machine_type": "n2-highmem-48",
          "metadata": null,
          "metadata_startup_script": null,
          "min_cpu_platform": null,
          "name": "test-n2-highmem-48",
          "network_interface": [
            {
              "access_config": [
                {
                  "public_ptr_domain_name": null
                }
              ],
              "alias_ip_range": [],
              "network": "default"
            }
          ],
          "scratch_disk": [],
          "service_account": [],
          "shielded_instance_config": [],
          "tags": null,
          "timeouts": null,
          "zone": "us-central1-a"
        },
        "after_unknown": {
          "attached_disk": [],
          "boot_disk": [
            {
              "device_name": true,
              "disk_encryption_key_sha256": true,
              "initialize_params": [
                {
                  "labels": true,
                  "size": true,
                  "type": true
                }
              ],
              "kms_key_self_link": true,
              "source": true
            }
          ],
          "cpu_platform": true,
          "disk": [],
          "guest_accelerator": true,
          "id": true,
          "instance_id": true,
          "label_fingerprint": true,
          "metadata_fingerprint": true,
          "network_interface": [
            {
              "access_config": [
                {
                  "assigned_nat_ip": true,
                  "nat_ip": true,
                  "network_tier": true
                }
              ],
              "address": true,
              "alias_ip_range": [],
              "name": true,
              "network_ip": true,
              "subnetwork": true,
              "subnetwork_project": true
            }
          ],
          "project": true,
          "scheduling": true,
          "scratch_disk": [],
          "self_link": true,
          "service_account": [],
          "shielded_instance_config": [],
          "tags_fingerprint": true
        }
      }
    },
    {
      "address": "google_compute_instance.default[\"n2-highmem-64\"]",
      "mode": "managed",
      "type": "google_compute_instance",
      "name": "default",
      "index": "n2-highmem-64",
      "provider_name": "google",
      "change": {
        "actions": [
          "create"
        ],
        "before": null,
        "after": {
          "allow_stopping_for_update": null,
          "attached_disk": [],
          "boot_disk": [
            {
              "auto_delete": true,
              "disk_encryption_key_raw": null,
              "initialize_params": [
                {
                  "image": "debian-cloud/debian-9"
                }
              ],
              "mode": "READ_WRITE"
            }
          ],
          "can_ip_forward": false,
          "deletion_protection": false,
          "description": null,
          "disk": [],
          "enable_display": null,
          "hostname": null,
          "labels": null,
          "machine_type": "n2-highmem-64",
          "metadata": null,
          "metadata_startup_script": null,
          "min_cpu_platform": null,
          "name": "test-n2-highmem-64",
          "network_interface": [
            {
              "access_config": [
                {
                  "public_ptr_domain_name": null
                }
              ],
              "alias_ip_range": [],
              "network": "default"
            }
          ],
          "scratch_disk": [],
          "service_account": [],
          "shielded_instance_config": [],
          "tags": null,
          "timeouts": null,
          "zone": "us-central1-a"
        },
        "after_unknown": {
          "attached_disk": [],
          "boot_disk": [
            {
              "device_name": true,
              "disk_encryption_key_sha256": true,
              "initialize_params": [
                {
                  "labels": true,
                  "size": true,
                  "type": true
                }
              ],
              "kms_key_self_link": true,
              "source": true
            }
          ],
          "cpu_platform": true,
          "disk": [],
          "guest_accelerator": true,
          "id": true,
          "instance_id": true,
          "label_fingerprint": true,
          "metadata_fingerprint": true,
          "network_interface": [
            {
              "access_config": [
                {
                  "assigned_nat_ip": true,
                  "nat_ip": true,
                  "network_tier": true
                }
              ],
              "address": true,
              "alias_ip_range": [],
              "name": true,
              "network_ip": true,
              "subnetwork": true,
              "subnetwork_project": true
            }
          ],
          "project": true,
          "scheduling": true,
          "scratch_disk": [],
          "self_link": true,
          "service_account": [],
          "shielded_instance_config": [],
          "tags_fingerprint": true
        }
      }
    },
    {
      "address": "google_compute_instance.default[\"n2-highmem-8\"]",
      "mode": "managed",
      "type": "google_compute_instance",
      "name": "default",
      "index": "n2-highmem-8",
      "provider_name": "google",
      "change": {
        "actions": [
          "create"
        ],
        "before": null,
        "after": {
          "allow_stopping_for_update": null,
          "attached_disk": [],
          "boot_disk": [
            {
              "auto_delete": true,
              "disk_encryption_key_raw": null,
              "initialize_params": [
                {
                  "image": "debian-cloud/debian-9"
                }
              ],
              "mode": "READ_WRITE"
            }
          ],
          "can_ip_forward": false,
          "deletion_protection": false,
          "description": null,
          "disk": [],
          "enable_display": null,
          "hostname": null,
          "labels": null,
          "machine_type": "n2-highmem-8",
          "metadata": null,
          "metadata_startup_script": null,
          "min_cpu_platform": null,
          "name": "test-n2-highmem-8",
          "network_interface": [
            {
              "access_config": [
                {
                  "public_ptr_domain_name": null
                }
              ],
              "alias_ip_range": [],
              "network": "default"
            }
          ],
          "scratch_disk": [],
          "service_account": [],
          "shielded_instance_config": [],
          "tags": null,
          "timeouts": null,
          "zone": "us-central1-a"
        },
        "after_unknown": {
          "attached_disk": [],
          "boot_disk": [
            {
              "device_name": true,
              "disk_encryption_key_sha256": true,
              "initialize_params": [
                {
                  "labels": true,
                  "size": true,
                  "type": true
                }
              ],
              "kms_key_self_link": true,
              "source": true
            }
          ],
          "cpu_platform": true,
          "disk": [],
          "guest_accelerator": true,
          "id": true,
          "instance_id": true,
          "label_fingerprint": true,
          "metadata_fingerprint": true,
          "network_interface": [
            {
              "access_config": [
                {
                  "assigned_nat_ip": true,
                  "nat_ip": true,
                  "network_tier": true
                }
              ],
              "address": true,
              "alias_ip_range": [],
              "name": true,
              "network_ip": true,
              "subnetwork": true,
              "subnetwork_project": true
            }
          ],
          "project": true,
          "scheduling": true,
          "scratch_disk": [],
          "self_link": true,
          "service_account": [],
          "shielded_instance_config": [],
          "tags_fingerprint": true
        }
      }
    },
    {
      "address": "google_compute_instance.default[\"n2-highmem-80\"]",
      "mode": "managed",
      "type": "google_compute_instance",
      "name": "default",
      "index": "n2-highmem-80",
      "provider_name": "google",
      "change": {
        "actions": [
          "create"
        ],
        "before": null,
        "after": {
          "allow_stopping_for_update": null,
          "attached_disk": [],
          "boot_disk": [
            {
              "auto_delete": true,
              "disk_encryption_key_raw": null,
              "initialize_params": [
                {
                  "image": "debian-cloud/debian-9"
                }
              ],
              "mode": "READ_WRITE"
            }
          ],
          "can_ip_forward": false,
          "deletion_protection": false,
          "description": null,
          "disk": [],
          "enable_display": null,
          "hostname": null,
          "labels": null,
          "machine_type": "n2-highmem-80",
          "metadata": null,
          "metadata_startup_script": null,
          "min_cpu_platform": null,
          "name": "test-n2-highmem-80",
          "network_interface": [
            {
              "access_config": [
                {
                  "public_ptr_domain_name": null
                }
              ],
              "alias_ip_range": [],
              "network": "default"
            }
          ],
          "scratch_disk": [],
          "service_account": [],
          "shielded_instance_config": [],
          "tags": null,
          "timeouts": null,
          "zone": "us-central1-a"
        },
        "after_unknown": {
          "attached_disk": [],
          "boot_disk": [
            {
              "device_name": true,
              "disk_encryption_key_sha256": true,
              "initialize_params": [
                {
                  "labels": true,
                  "size": true,
                  "type": true
                }
              ],
              "kms_key_self_link": true,
              "source": true
            }
          ],
          "cpu_platform": true,
          "disk": [],
          "guest_accelerator": true,
          "id": true,
          "instance_id": true,
          "label_fingerprint": true,
          "metadata_fingerprint": true,
          "network_interface": [
            {
              "access_config": [
                {
                  "assigned_nat_ip": true,
                  "nat_ip": true,
                  "network_tier": true
                }
              ],
              "address": true,
              "alias_ip_range": [],
              "name": true,
              "network_ip": true,
              "subnetwork": true,
              "subnetwork_project": true
            }
          ],
          "project": true,
          "scheduling": true,
          "scratch_disk": [],
          "self_link": true,
          "service_account": [],
          "shielded_instance_config": [],
          "tags_fingerprint": true
        }
      }
    },
    {
      "address": "google_compute_instance.default[\"n2-standard-16\"]",
      "mode": "managed",
      "type": "google_compute_instance",
      "name": "default",
      "index": "n2-standard-16",
      "provider_name": "google",
      "change": {
        "actions": [
          "create"
        ],
        "before": null,
        "after": {
          "allow_stopping_for_update": null,
          "attached_disk": [],
          "boot_disk": [
            {
              "auto_delete": true,
              "disk_encryption_key_raw": null,
              "initialize_params": [
                {
                  "image": "debian-cloud/debian-9"
                }
              ],
              "mode": "READ_WRITE"
            }
          ],
          "can_ip_forward": false,
          "deletion_protection": false,
          "description": null,
          "disk": [],
          "enable_display": null,
          "hostname": null,
          "labels": null,
          "machine_type": "n2-standard-16",
          "metadata": null,
          "metadata_startup_script": null,
          "min_cpu_platform": null,
          "name": "test-n2-standard-16",
          "network_interface": [
            {
              "access_config": [
                {
                  "public_ptr_domain_name": null
                }
              ],
              "alias_ip_range": [],
              "network": "default"
            }
          ],
          "scratch_disk": [],
          "service_account": [],
          "shielded_instance_config": [],
          "tags": null,
          "timeouts": null,
          "zone": "us-central1-a"
        },
        "after_unknown": {
          "attached_disk": [],
          "boot_disk": [
            {
              "device_name": true,
              "disk_encryption_key_sha256": true,
              "initialize_params": [
                {
                  "labels": true,
                  "size": true,
                  "type": true
                }
              ],
              "kms_key_self_link": true,
              "source": true
            }
          ],
          "cpu_platform": true,
          "disk": [],
          "guest_accelerator": true,
          "id": true,
          "instance_id": true,
          "label_fingerprint": true,
          "metadata_fingerprint": true,
          "network_interface": [
            {
              "access_config": [
                {
                  "assigned_nat_ip": true,
                  "nat_ip": true,
                  "network_tier": true
                }
              ],
              "address": true,
              "alias_ip_range": [],
              "name": true,
              "network_ip": true,
              "subnetwork": true,
              "subnetwork_project": true
            }
          ],
          "project": true,
          "scheduling": true,
          "scratch_disk": [],
          "self_link": true,
          "service_account": [],
          "shielded_instance_config": [],
          "tags_fingerprint": true
        }
      }
    },
    {
      "address": "google_compute_instance.default[\"n2-standard-2\"]",
      "mode": "managed",
      "type": "google_compute_instance",
      "name": "default",
      "index": "n2-standard-2",
      "provider_name": "google",
      "change": {
        "actions": [
          "create"
        ],
        "before": null,
        "after": {
          "allow_stopping_for_update": null,
          "attached_disk": [],
          "boot_disk": [
            {
              "auto_delete": true,
              "disk_encryption_key_raw": null,
              "initialize_params": [
                {
                  "image": "debian-cloud/debian-9"
                }
              ],
              "mode": "READ_WRITE"
            }
          ],
          "can_ip_forward": false,
          "deletion_protection": false,
          "description": null,
          "disk": [],
          "enable_display": null,
          "hostname": null,
          "labels": null,
          "machine_type": "n2-standard-2",
          "metadata": null,
          "metadata_startup_script": null,
          "min_cpu_platform": null,
          "name": "test-n2-standard-2",
          "network_interface": [
            {
              "access_config": [
                {
                  "public_ptr_domain_name": null
                }
              ],
              "alias_ip_range": [],
              "network": "default"
            }
          ],
          "scratch_disk": [],
          "service_account": [],
          "shielded_instance_config": [],
          "tags": null,
          "timeouts": null,
          "zone": "us-central1-a"
        },
        "after_unknown": {
          "attached_disk": [],
          "boot_disk": [
            {
              "device_name": true,
              "disk_encryption_key_sha256": true,
              "initialize_params": [
                {
                  "labels": true,
                  "size": true,
                  "type": true
                }
              ],
              "kms_key_self_link": true,
              "source": true
            }
          ],
          "cpu_platform": true,
          "disk": [],
          "guest_accelerator": true,
          "id": true,
          "instance_id": true,
          "label_fingerprint": true,
          "metadata_fingerprint": true,
          "network_interface": [
            {
              "access_config": [
                {
                  "assigned_nat_ip": true,
                  "nat_ip": true,
                  "network_tier": true
                }
              ],
              "address": true,
              "alias_ip_range": [],
              "name": true,
              "network_ip": true,
              "subnetwork": true,
              "subnetwork_project": true
            }
          ],
          "project": true,
          "scheduling": true,
          "scratch_disk": [],
          "self_link": true,
          "service_account": [],
          "shielded_instance_config": [],
          "tags_fingerprint": true
        }
      }
    },
    {
      "address": "google_compute_instance.default[\"n2-standard-32\"]",
      "mode": "managed",
      "type": "google_compute_instance",
      "name": "default",
      "index": "n2-standard-32",
      "provider_name": "google",
      "change": {
        "actions": [
          "create"
        ],
        "before": null,
        "after": {
          "allow_stopping_for_update": null,
          "attached_disk": [],
          "boot_disk": [
            {
              "auto_delete": true,
              "disk_encryption_key_raw": null,
              "initialize_params": [
                {
                  "image": "debian-cloud/debian-9"
                }
              ],
              "mode": "READ_WRITE"
            }
          ],
          "can_ip_forward": false,
          "deletion_protection": false,
          "description": null,
          "disk": [],
          "enable_display": null,
          "hostname": null,
          "labels": null,
          "machine_type": "n2-standard-32",
          "metadata": null,
          "metadata_startup_script": null,
          "min_cpu_platform": null,
          "name": "test-n2-standard-32",
          "network_interface": [
            {
              "access_config": [
                {
                  "public_ptr_domain_name": null
                }
              ],
              "alias_ip_range": [],
              "network": "default"
            }
          ],
          "scratch_disk": [],
          "service_account": [],
          "shielded_instance_config": [],
          "tags": null,
          "timeouts": null,
          "zone": "us-central1-a"
        },
        "after_unknown": {
          "attached_disk": [],
          "boot_disk": [
            {
              "device_name": true,
              "disk_encryption_key_sha256": true,
              "initialize_params": [
                {
                  "labels": true,
                  "size": true,
                  "type": true
                }
              ],
              "kms_key_self_link": true,
              "source": true
            }
          ],
          "cpu_platform": true,
          "disk": [],
          "guest_accelerator": true,
          "id": true,
          "instance_id": true,
          "label_fingerprint": true,
          "metadata_fingerprint": true,
          "network_interface": [
            {
              "access_config": [
                {
                  "assigned_nat_ip": true,
                  "nat_ip": true,
                  "network_tier": true
                }
              ],
              "address": true,
              "alias_ip_range": [],
              "name": true,
              "network_ip": true,
              "subnetwork": true,
              "subnetwork_project": true
            }
          ],
          "project": true,
          "scheduling": true,
          "scratch_disk": [],
          "self_link": true,
          "service_account": [],
          "shielded_instance_config": [],
          "tags_fingerprint": true
        }
      }
    },
    {
      "address": "google_compute_instance.default[\"n2-standard-4\"]",
      "mode": "managed",
      "type": "google_compute_instance",
      "name": "default",
      "index": "n2-standard-4",
      "provider_name": "google",
      "change": {
        "actions": [
          "create"
        ],
        "before": null,
        "after": {
          "allow_stopping_for_update": null,
          "attached_disk": [],
          "boot_disk": [
            {
              "auto_delete": true,
              "disk_encryption_key_raw": null,
              "initialize_params": [
                {
                  "image": "debian-cloud/debian-9"
                }
              ],
              "mode": "READ_WRITE"
            }
          ],
          "can_ip_forward": false,
          "deletion_protection": false,
          "description": null,
          "disk": [],
          "enable_display": null,
          "hostname": null,
          "labels": null,
          "machine_type": "n2-standard-4",
          "metadata": null,
          "metadata_startup_script": null,
          "min_cpu_platform": null,
          "name": "test-n2-standard-4",
          "network_interface": [
            {
              "access_config": [
                {
                  "public_ptr_domain_name": null
                }
              ],
              "alias_ip_range": [],
              "network": "default"
            }
          ],
          "scratch_disk": [],
          "service_account": [],
          "shielded_instance_config": [],
          "tags": null,
          "timeouts": null,
          "zone": "us-central1-a"
        },
        "after_unknown": {
          "attached_disk": [],
          "boot_disk": [
            {
              "device_name": true,
              "disk_encryption_key_sha256": true,
              "initialize_params": [
                {
                  "labels": true,
                  "size": true,
                  "type": true
                }
              ],
              "kms_key_self_link": true,
              "source": true
            }
          ],
          "cpu_platform": true,
          "disk": [],
          "guest_accelerator": true,
          "id": true,
          "instance_id": true,
          "label_fingerprint": true,
          "metadata_fingerprint": true,
          "network_interface": [
            {
              "access_config": [
                {
                  "assigned_nat_ip": true,
                  "nat_ip": true,
                  "network_tier": true
                }
              ],
              "address": true,
              "alias_ip_range": [],
              "name": true,
              "network_ip": true,
              "subnetwork": true,
              "subnetwork_project": true
            }
          ],
          "project": true,
          "scheduling": true,
          "scratch_disk": [],
          "self_link": true,
          "service_account": [],
          "shielded_instance_config": [],
          "tags_fingerprint": true
        }
      }
    },
    {
      "address": "google_compute_instance.default[\"n2-standard-48\"]",
      "mode": "managed",
      "type": "google_compute_instance",
      "name": "default",
      "index": "n2-standard-48",
      "provider_name": "google",
      "change": {
        "actions": [
          "create"
        ],
        "before": null,
        "after": {
          "allow_stopping_for_update": null,
          "attached_disk": [],
          "boot_disk": [
            {
              "auto_delete": true,
              "disk_encryption_key_raw": null,
              "initialize_params": [
                {
                  "image": "debian-cloud/debian-9"
                }
              ],
              "mode": "READ_WRITE"
            }
          ],
          "can_ip_forward": false,
          "deletion_protection": false,
          "description": null,
          "disk": [],
          "enable_display": null,
          "hostname": null,
          "labels": null,
          "machine_type": "n2-standard-48",
          "metadata": null,
          "metadata_startup_script": null,
          "min_cpu_platform": null,
          "name": "test-n2-standard-48",
          "network_interface": [
            {
              "access_config": [
                {
                  "public_ptr_domain_name": null
                }
              ],
              "alias_ip_range": [],
              "network": "default"
            }
          ],
          "scratch_disk": [],
          "service_account": [],
          "shielded_instance_config": [],
          "tags": null,
          "timeouts": null,
          "zone": "us-central1-a"
        },
        "after_unknown": {
          "attached_disk": [],
          "boot_disk": [
            {
              "device_name": true,
              "disk_encryption_key_sha256": true,
              "initialize_params": [
                {
                  "labels": true,
                  "size": true,
                  "type": true
                }
              ],
              "kms_key_self_link": true,
              "source": true
            }
          ],
          "cpu_platform": true,
          "disk": [],
          "guest_accelerator": true,
          "id": true,
          "instance_id": true,
          "label_fingerprint": true,
          "metadata_fingerprint": true,
          "network_interface": [
            {
              "access_config": [
                {
                  "assigned_nat_ip": true,
                  "nat_ip": true,
                  "network_tier": true
                }
              ],
              "address": true,
              "alias_ip_range": [],
              "name": true,
              "network_ip": true,
              "subnetwork": true,
              "subnetwork_project": true
            }
          ],
          "project": true,
          "scheduling": true,
          "scratch_disk": [],
          "self_link": true,
          "service_account": [],
          "shielded_instance_config": [],
          "tags_fingerprint": true
        }
      }
    },
    {
      "address": "google_compute_instance.default[\"n2-standard-64\"]",
      "mode": "managed",
      "type": "google_compute_instance",
      "name": "default",
      "index": "n2-standard-64",
      "provider_name": "google",
      "change": {
        "actions": [
          "create"
        ],
        "before": null,
        "after": {
          "allow_stopping_for_update": null,
          "attached_disk": [],
          "boot_disk": [
            {
              "auto_delete": true,
              "disk_encryption_key_raw": null,
              "initialize_params": [
                {
                  "image": "debian-cloud/debian-9"
                }
              ],
              "mode": "READ_WRITE"
            }
          ],
          "can_ip_forward": false,
          "deletion_protection": false,
          "description": null,
          "disk": [],
          "enable_display": null,
          "hostname": null,
          "labels": null,
          "machine_type": "n2-standard-64",
          "metadata": null,
          "metadata_startup_script": null,
          "min_cpu_platform": null,
          "name": "test-n2-standard-64",
          "network_interface": [
            {
              "access_config": [
                {
                  "public_ptr_domain_name": null
                }
              ],
              "alias_ip_range": [],
              "network": "default"
            }
          ],
          "scratch_disk": [],
          "service_account": [],
          "shielded_instance_config": [],
          "tags": null,
          "timeouts": null,
          "zone": "us-central1-a"
        },
        "after_unknown": {
          "attached_disk": [],
          "boot_disk": [
            {
              "device_name": true,
              "disk_encryption_key_sha256": true,
              "initialize_params": [
                {
                  "labels": true,
                  "size": true,
                  "type": true
                }
              ],
              "kms_key_self_link": true,
              "source": true
            }
          ],
          "cpu_platform": true,
          "disk": [],
          "guest_accelerator": true,
          "id": true,
          "instance_id": true,
          "label_fingerprint": true,
          "metadata_fingerprint": true,
          "network_interface": [
            {
              "access_config": [
                {
                  "assigned_nat_ip": true,
                  "nat_ip": true,
                  "network_tier": true
                }
              ],
              "address": true,
              "alias_ip_range": [],
              "name": true,
              "network_ip": true,
              "subnetwork": true,
              "subnetwork_project": true
            }
          ],
          "project": true,
          "scheduling": true,
          "scratch_disk": [],
          "self_link": true,
          "service_account": [],
          "shielded_instance_config": [],
          "tags_fingerprint": true
        }
      }
    },
    {
      "address": "google_compute_instance.default[\"n2-standard-8\"]",
      "mode": "managed",
      "type": "google_compute_instance",
      "name": "default",
      "index": "n2-standard-8",
      "provider_name": "google",
      "change": {
        "actions": [
          "create"
        ],
        "before": null,
        "after": {
          "allow_stopping_for_update": null,
          "attached_disk": [],
          "boot_disk": [
            {
              "auto_delete": true,
              "disk_encryption_key_raw": null,
              "initialize_params": [
                {
                  "image": "debian-cloud/debian-9"
                }
              ],
              "mode": "READ_WRITE"
            }
          ],
          "can_ip_forward": false,
          "deletion_protection": false,
          "description": null,
          "disk": [],
          "enable_display": null,
          "hostname": null,
          "labels": null,
          "machine_type": "n2-standard-8",
          "metadata": null,
          "metadata_startup_script": null,
          "min_cpu_platform": null,
          "name": "test-n2-standard-8",
          "network_interface": [
            {
              "access_config": [
                {
                  "public_ptr_domain_name": null
                }
              ],
              "alias_ip_range": [],
              "network": "default"
            }
          ],
          "scratch_disk": [],
          "service_account": [],
          "shielded_instance_config": [],
          "tags": null,
          "timeouts": null,
          "zone": "us-central1-a"
        },
        "after_unknown": {
          "attached_disk": [],
          "boot_disk": [
            {
              "device_name": true,
              "disk_encryption_key_sha256": true,
              "initialize_params": [
                {
                  "labels": true,
                  "size": true,
                  "type": true
                }
              ],
              "kms_key_self_link": true,
              "source": true
            }
          ],
          "cpu_platform": true,
          "disk": [],
          "guest_accelerator": true,
          "id": true,
          "instance_id": true,
          "label_fingerprint": true,
          "metadata_fingerprint": true,
          "network_interface": [
            {
              "access_config": [
                {
                  "assigned_nat_ip": true,
                  "nat_ip": true,
                  "network_tier": true
                }
              ],
              "address": true,
              "alias_ip_range": [],
              "name": true,
              "network_ip": true,
              "subnetwork": true,
              "subnetwork_project": true
            }
          ],
          "project": true,
          "scheduling": true,
          "scratch_disk": [],
          "self_link": true,
          "service_account": [],
          "shielded_instance_config": [],
          "tags_fingerprint": true
        }
      }
    },
    {
      "address": "google_compute_instance.default[\"n2-standard-80\"]",
      "mode": "managed",
      "type": "google_compute_instance",
      "name": "default",
      "index": "n2-standard-80",
      "provider_name": "google",
      "change": {
        "actions": [
          "create"
        ],
        "before": null,
        "after": {
          "allow_stopping_for_update": null,
          "attached_disk": [],
          "boot_disk": [
            {
              "auto_delete": true,
              "disk_encryption_key_raw": null,
              "initialize_params": [
                {
                  "image": "debian-cloud/debian-9"
                }
              ],
              "mode": "READ_WRITE"
            }
          ],
          "can_ip_forward": false,
          "deletion_protection": false,
          "description": null,
          "disk": [],
          "enable_display": null,
          "hostname": null,
          "labels": null,
          "machine_type": "n2-standard-80",
          "metadata": null,
          "metadata_startup_script": null,
          "min_cpu_platform": null,
          "name": "test-n2-standard-80",
          "network_interface": [
            {
              "access_config": [
                {
                  "public_ptr_domain_name": null
                }
              ],
              "alias_ip_range": [],
              "network": "default"
            }
          ],
          "scratch_disk": [],
          "service_account": [],
          "shielded_instance_config": [],
          "tags": null,
          "timeouts": null,
          "zone": "us-central1-a"
        },
        "after_unknown": {
          "attached_disk": [],
          "boot_disk": [
            {
              "device_name": true,
              "disk_encryption_key_sha256": true,
              "initialize_params": [
                {
                  "labels": true,
                  "size": true,
                  "type": true
                }
              ],
              "kms_key_self_link": true,
              "source": true
            }
          ],
          "cpu_platform": true,
          "disk": [],
          "guest_accelerator": true,
          "id": true,
          "instance_id": true,
          "label_fingerprint": true,
          "metadata_fingerprint": true,
          "network_interface": [
            {
              "access_config": [
                {
                  "assigned_nat_ip": true,
                  "nat_ip": true,
                  "network_tier": true
                }
              ],
              "address": true,
              "alias_ip_range": [],
              "name": true,
              "network_ip": true,
              "subnetwork": true,
              "subnetwork_project": true
            }
          ],
          "project": true,
          "scheduling": true,
          "scratch_disk": [],
          "self_link": true,
          "service_account": [],
          "shielded_instance_config": [],
          "tags_fingerprint": true
        }
      }
    },
    {
      "address": "google_compute_instance.default[\"n2d-highcpu-128\"]",
      "mode": "managed",
      "type": "google_compute_instance",
      "name": "default",
      "index": "n2d-highcpu-128",
      "provider_name": "google",
      "change": {
        "actions": [
          "create"
        ],
        "before": null,
        "after": {
          "allow_stopping_for_update": null,
          "attached_disk": [],
          "boot_disk": [
            {
              "auto_delete": true,
              "disk_encryption_key_raw": null,
              "initialize_params": [
                {
                  "image": "debian-cloud/debian-9"
                }
              ],
              "mode": "READ_WRITE"
            }
          ],
          "can_ip_forward": false,
          "deletion_protection": false,
          "description": null,
          "disk": [],
          "enable_display": null,
          "hostname": null,
          "labels": null,
          "machine_type": "n2d-highcpu-128",
          "metadata": null,
          "metadata_startup_script": null,
          "min_cpu_platform": null,
          "name": "test-n2d-highcpu-128",
          "network_interface": [
            {
              "access_config": [
                {
                  "public_ptr_domain_name": null
                }
              ],
              "alias_ip_range": [],
              "network": "default"
            }
          ],
          "scratch_disk": [],
          "service_account": [],
          "shielded_instance_config": [],
          "tags": null,
          "timeouts": null,
          "zone": "us-central1-a"
        },
        "after_unknown": {
          "attached_disk": [],
          "boot_disk": [
            {
              "device_name": true,
              "disk_encryption_key_sha256": true,
              "initialize_params": [
                {
                  "labels": true,
                  "size": true,
                  "type": true
                }
              ],
              "kms_key_self_link": true,
              "source": true
            }
          ],
          "cpu_platform": true,
          "disk": [],
          "guest_accelerator": true,
          "id": true,
          "instance_id": true,
          "label_fingerprint": true,
          "metadata_fingerprint": true,
          "network_interface": [
            {
              "access_config": [
                {
                  "assigned_nat_ip": true,
                  "nat_ip": true,
                  "network_tier": true
                }
              ],
              "address": true,
              "alias_ip_range": [],
              "name": true,
              "network_ip": true,
              "subnetwork": true,
              "subnetwork_project": true
            }
          ],
          "project": true,
          "scheduling": true,
          "scratch_disk": [],
          "self_link": true,
          "service_account": [],
          "shielded_instance_config": [],
          "tags_fingerprint": true
        }
      }
    },
    {
      "address": "google_compute_instance.default[\"n2d-highcpu-16\"]",
      "mode": "managed",
      "type": "google_compute_instance",
      "name": "default",
      "index": "n2d-highcpu-16",
      "provider_name": "google",
      "change": {
        "actions": [
          "create"
        ],
        "before": null,
        "after": {
          "allow_stopping_for_update": null,
          "attached_disk": [],
          "boot_disk": [
            {
              "auto_delete": true,
              "disk_encryption_key_raw": null,
              "initialize_params": [
                {
                  "image": "debian-cloud/debian-9"
                }
              ],
              "mode": "READ_WRITE"
            }
          ],
          "can_ip_forward": false,
          "deletion_protection": false,
          "description": null,
          "disk": [],
          "enable_display": null,
          "hostname": null,
          "labels": null,
          "machine_type": "n2d-highcpu-16",
          "metadata": null,
          "metadata_startup_script": null,
          "min_cpu_platform": null,
          "name": "test-n2d-highcpu-16",
          "network_interface": [
            {
              "access_config": [
                {
                  "public_ptr_domain_name": null
                }
              ],
              "alias_ip_range": [],
              "network": "default"
            }
          ],
          "scratch_disk": [],
          "service_account": [],
          "shielded_instance_config": [],
          "tags": null,
          "timeouts": null,
          "zone": "us-central1-a"
        },
        "after_unknown": {
          "attached_disk": [],
          "boot_disk": [
            {
              "device_name": true,
              "disk_encryption_key_sha256": true,
              "initialize_params": [
                {
                  "labels": true,
                  "size": true,
                  "type": true
                }
              ],
              "kms_key_self_link": true,
              "source": true
            }
          ],
          "cpu_platform": true,
          "disk": [],
          "guest_accelerator": true,
          "id": true,
          "instance_id": true,
          "label_fingerprint": true,
          "metadata_fingerprint": true,
          "network_interface": [
            {
              "access_config": [
                {
                  "assigned_nat_ip": true,
                  "nat_ip": true,
                  "network_tier": true
                }
              ],
              "address": true,
              "alias_ip_range": [],
              "name": true,
              "network_ip": true,
              "subnetwork": true,
              "subnetwork_project": true
            }
          ],
          "project": true,
          "scheduling": true,
          "scratch_disk": [],
          "self_link": true,
          "service_account": [],
          "shielded_instance_config": [],
          "tags_fingerprint": true
        }
      }
    },
    {
      "address": "google_compute_instance.default[\"n2d-highcpu-2\"]",
      "mode": "managed",
      "type": "google_compute_instance",
      "name": "default",
      "index": "n2d-highcpu-2",
      "provider_name": "google",
      "change": {
        "actions": [
          "create"
        ],
        "before": null,
        "after": {
          "allow_stopping_for_update": null,
          "attached_disk": [],
          "boot_disk": [
            {
              "auto_delete": true,
              "disk_encryption_key_raw": null,
              "initialize_params": [
                {
                  "image": "debian-cloud/debian-9"
                }
              ],
              "mode": "READ_WRITE"
            }
          ],
          "can_ip_forward": false,
          "deletion_protection": false,
          "description": null,
          "disk": [],
          "enable_display": null,
          "hostname": null,
          "labels": null,
          "machine_type": "n2d-highcpu-2",
          "metadata": null,
          "metadata_startup_script": null,
          "min_cpu_platform": null,
          "name": "test-n2d-highcpu-2",
          "network_interface": [
            {
              "access_config": [
                {
                  "public_ptr_domain_name": null
                }
              ],
              "alias_ip_range": [],
              "network": "default"
            }
          ],
          "scratch_disk": [],
          "service_account": [],
          "shielded_instance_config": [],
          "tags": null,
          "timeouts": null,
          "zone": "us-central1-a"
        },
        "after_unknown": {
          "attached_disk": [],
          "boot_disk": [
            {
              "device_name": true,
              "disk_encryption_key_sha256": true,
              "initialize_params": [
                {
                  "labels": true,
                  "size": true,
                  "type": true
                }
              ],
              "kms_key_self_link": true,
              "source": true
            }
          ],
          "cpu_platform": true,
          "disk": [],
          "guest_accelerator": true,
          "id": true,
          "instance_id": true,
          "label_fingerprint": true,
          "metadata_fingerprint": true,
          "network_interface": [
            {
              "access_config": [
                {
                  "assigned_nat_ip": true,
                  "nat_ip": true,
                  "network_tier": true
                }
              ],
              "address": true,
              "alias_ip_range": [],
              "name": true,
              "network_ip": true,
              "subnetwork": true,
              "subnetwork_project": true
            }
          ],
          "project": true,
          "scheduling": true,
          "scratch_disk": [],
          "self_link": true,
          "service_account": [],
          "shielded_instance_config": [],
          "tags_fingerprint": true
        }
      }
    },
    {
      "address": "google_compute_instance.default[\"n2d-highcpu-224\"]",
      "mode": "managed",
      "type": "google_compute_instance",
      "name": "default",
      "index": "n2d-highcpu-224",
      "provider_name": "google",
      "change": {
        "actions": [
          "create"
        ],
        "before": null,
        "after": {
          "allow_stopping_for_update": null,
          "attached_disk": [],
          "boot_disk": [
            {
              "auto_delete": true,
              "disk_encryption_key_raw": null,
              "initialize_params": [
                {
                  "image": "debian-cloud/debian-9"
                }
              ],
              "mode": "READ_WRITE"
            }
          ],
          "can_ip_forward": false,
          "deletion_protection": false,
          "description": null,
          "disk": [],
          "enable_display": null,
          "hostname": null,
          "labels": null,
          "machine_type": "n2d-highcpu-224",
          "metadata": null,
          "metadata_startup_script": null,
          "min_cpu_platform": null,
          "name": "test-n2d-highcpu-224",
          "network_interface": [
            {
              "access_config": [
                {
                  "public_ptr_domain_name": null
                }
              ],
              "alias_ip_range": [],
              "network": "default"
            }
          ],
          "scratch_disk": [],
          "service_account": [],
          "shielded_instance_config": [],
          "tags": null,
          "timeouts": null,
          "zone": "us-central1-a"
        },
        "after_unknown": {
          "attached_disk": [],
          "boot_disk": [
            {
              "device_name": true,
              "disk_encryption_key_sha256": true,
              "initialize_params": [
                {
                  "labels": true,
                  "size": true,
                  "type": true
                }
              ],
              "kms_key_self_link": true,
              "source": true
            }
          ],
          "cpu_platform": true,
          "disk": [],
          "guest_accelerator": true,
          "id": true,
          "instance_id": true,
          "label_fingerprint": true,
          "metadata_fingerprint": true,
          "network_interface": [
            {
              "access_config": [
                {
                  "assigned_nat_ip": true,
                  "nat_ip": true,
                  "network_tier": true
                }
              ],
              "address": true,
              "alias_ip_range": [],
              "name": true,
              "network_ip": true,
              "subnetwork": true,
              "subnetwork_project": true
            }
          ],
          "project": true,
          "scheduling": true,
          "scratch_disk": [],
          "self_link": true,
          "service_account": [],
          "shielded_instance_config": [],
          "tags_fingerprint": true
        }
      }
    },
    {
      "address": "google_compute_instance.default[\"n2d-highcpu-32\"]",
      "mode": "managed",
      "type": "google_compute_instance",
      "name": "default",
      "index": "n2d-highcpu-32",
      "provider_name": "google",
      "change": {
        "actions": [
          "create"
        ],
        "before": null,
        "after": {
          "allow_stopping_for_update": null,
          "attached_disk": [],
          "boot_disk": [
            {
              "auto_delete": true,
              "disk_encryption_key_raw": null,
              "initialize_params": [
                {
                  "image": "debian-cloud/debian-9"
                }
              ],
              "mode": "READ_WRITE"
            }
          ],
          "can_ip_forward": false,
          "deletion_protection": false,
          "description": null,
          "disk": [],
          "enable_display": null,
          "hostname": null,
          "labels": null,
          "machine_type": "n2d-highcpu-32",
          "metadata": null,
          "metadata_startup_script": null,
          "min_cpu_platform": null,
          "name": "test-n2d-highcpu-32",
          "network_interface": [
            {
              "access_config": [
                {
                  "public_ptr_domain_name": null
                }
              ],
              "alias_ip_range": [],
              "network": "default"
            }
          ],
          "scratch_disk": [],
          "service_account": [],
          "shielded_instance_config": [],
          "tags": null,
          "timeouts": null,
          "zone": "us-central1-a"
        },
        "after_unknown": {
          "attached_disk": [],
          "boot_disk": [
            {
              "device_name": true,
              "disk_encryption_key_sha256": true,
              "initialize_params": [
                {
                  "labels": true,
                  "size": true,
                  "type": true
                }
              ],
              "kms_key_self_link": true,
              "source": true
            }
          ],
          "cpu_platform": true,
          "disk": [],
          "guest_accelerator": true,
          "id": true,
          "instance_id": true,
          "label_fingerprint": true,
          "metadata_fingerprint": true,
          "network_interface": [
            {
              "access_config": [
                {
                  "assigned_nat_ip": true,
                  "nat_ip": true,
                  "network_tier": true
                }
              ],
              "address": true,
              "alias_ip_range": [],
              "name": true,
              "network_ip": true,
              "subnetwork": true,
              "subnetwork_project": true
            }
          ],
          "project": true,
          "scheduling": true,
          "scratch_disk": [],
          "self_link": true,
          "service_account": [],
          "shielded_instance_config": [],
          "tags_fingerprint": true
        }
      }
    },
    {
      "address": "google_compute_instance.default[\"n2d-highcpu-4\"]",
      "mode": "managed",
      "type": "google_compute_instance",
      "name": "default",
      "index": "n2d-highcpu-4",
      "provider_name": "google",
      "change": {
        "actions": [
          "create"
        ],
        "before": null,
        "after": {
          "allow_stopping_for_update": null,
          "attached_disk": [],
          "boot_disk": [
            {
              "auto_delete": true,
              "disk_encryption_key_raw": null,
              "initialize_params": [
                {
                  "image": "debian-cloud/debian-9"
                }
              ],
              "mode": "READ_WRITE"
            }
          ],
          "can_ip_forward": false,
          "deletion_protection": false,
          "description": null,
          "disk": [],
          "enable_display": null,
          "hostname": null,
          "labels": null,
          "machine_type": "n2d-highcpu-4",
          "metadata": null,
          "metadata_startup_script": null,
          "min_cpu_platform": null,
          "name": "test-n2d-highcpu-4",
          "network_interface": [
            {
              "access_config": [
                {
                  "public_ptr_domain_name": null
                }
              ],
              "alias_ip_range": [],
              "network": "default"
            }
          ],
          "scratch_disk": [],
          "service_account": [],
          "shielded_instance_config": [],
          "tags": null,
          "timeouts": null,
          "zone": "us-central1-a"
        },
        "after_unknown": {
          "attached_disk": [],
          "boot_disk": [
            {
              "device_name": true,
              "disk_encryption_key_sha256": true,
              "initialize_params": [
                {
                  "labels": true,
                  "size": true,
                  "type": true
                }
              ],
              "kms_key_self_link": true,
              "source": true
            }
          ],
          "cpu_platform": true,
          "disk": [],
          "guest_accelerator": true,
          "id": true,
          "instance_id": true,
          "label_fingerprint": true,
          "metadata_fingerprint": true,
          "network_interface": [
            {
              "access_config": [
                {
                  "assigned_nat_ip": true,
                  "nat_ip": true,
                  "network_tier": true
                }
              ],
              "address": true,
              "alias_ip_range": [],
              "name": true,
              "network_ip": true,
              "subnetwork": true,
              "subnetwork_project": true
            }
          ],
          "project": true,
          "scheduling": true,
          "scratch_disk": [],
          "self_link": true,
          "service_account": [],
          "shielded_instance_config": [],
          "tags_fingerprint": true
        }
      }
    },
    {
      "address": "google_compute_instance.default[\"n2d-highcpu-48\"]",
      "mode": "managed",
      "type": "google_compute_instance",
      "name": "default",
      "index": "n2d-highcpu-48",
      "provider_name": "google",
      "change": {
        "actions": [
          "create"
        ],
        "before": null,
        "after": {
          "allow_stopping_for_update": null,
          "attached_disk": [],
          "boot_disk": [
            {
              "auto_delete": true,
              "disk_encryption_key_raw": null,
              "initialize_params": [
                {
                  "image": "debian-cloud/debian-9"
                }
              ],
              "mode": "READ_WRITE"
            }
          ],
          "can_ip_forward": false,
          "deletion_protection": false,
          "description": null,
          "disk": [],
          "enable_display": null,
          "hostname": null,
          "labels": null,
          "machine_type": "n2d-highcpu-48",
          "metadata": null,
          "metadata_startup_script": null,
          "min_cpu_platform": null,
          "name": "test-n2d-highcpu-48",
          "network_interface": [
            {
              "access_config": [
                {
                  "public_ptr_domain_name": null
                }
              ],
              "alias_ip_range": [],
              "network": "default"
            }
          ],
          "scratch_disk": [],
          "service_account": [],
          "shielded_instance_config": [],
          "tags": null,
          "timeouts": null,
          "zone": "us-central1-a"
        },
        "after_unknown": {
          "attached_disk": [],
          "boot_disk": [
            {
              "device_name": true,
              "disk_encryption_key_sha256": true,
              "initialize_params": [
                {
                  "labels": true,
                  "size": true,
                  "type": true
                }
              ],
              "kms_key_self_link": true,
              "source": true
            }
          ],
          "cpu_platform": true,
          "disk": [],
          "guest_accelerator": true,
          "id": true,
          "instance_id": true,
          "label_fingerprint": true,
          "metadata_fingerprint": true,
          "network_interface": [
            {
              "access_config": [
                {
                  "assigned_nat_ip": true,
                  "nat_ip": true,
                  "network_tier": true
                }
              ],
              "address": true,
              "alias_ip_range": [],
              "name": true,
              "network_ip": true,
              "subnetwork": true,
              "subnetwork_project": true
            }
          ],
          "project": true,
          "scheduling": true,
          "scratch_disk": [],
          "self_link": true,
          "service_account": [],
          "shielded_instance_config": [],
          "tags_fingerprint": true
        }
      }
    },
    {
      "address": "google_compute_instance.default[\"n2d-highcpu-64\"]",
      "mode": "managed",
      "type": "google_compute_instance",
      "name": "default",
      "index": "n2d-highcpu-64",
      "provider_name": "google",
      "change": {
        "actions": [
          "create"
        ],
        "before": null,
        "after": {
          "allow_stopping_for_update": null,
          "attached_disk": [],
          "boot_disk": [
            {
              "auto_delete": true,
              "disk_encryption_key_raw": null,
              "initialize_params": [
                {
                  "image": "debian-cloud/debian-9"
                }
              ],
              "mode": "READ_WRITE"
            }
          ],
          "can_ip_forward": false,
          "deletion_protection": false,
          "description": null,
          "disk": [],
          "enable_display": null,
          "hostname": null,
          "labels": null,
          "machine_type": "n2d-highcpu-64",
          "metadata": null,
          "metadata_startup_script": null,
          "min_cpu_platform": null,
          "name": "test-n2d-highcpu-64",
          "network_interface": [
            {
              "access_config": [
                {
                  "public_ptr_domain_name": null
                }
              ],
              "alias_ip_range": [],
              "network": "default"
            }
          ],
          "scratch_disk": [],
          "service_account": [],
          "shielded_instance_config": [],
          "tags": null,
          "timeouts": null,
          "zone": "us-central1-a"
        },
        "after_unknown": {
          "attached_disk": [],
          "boot_disk": [
            {
              "device_name": true,
              "disk_encryption_key_sha256": true,
              "initialize_params": [
                {
                  "labels": true,
                  "size": true,
                  "type": true
                }
              ],
              "kms_key_self_link": true,
              "source": true
            }
          ],
          "cpu_platform": true,
          "disk": [],
          "guest_accelerator": true,
          "id": true,
          "instance_id": true,
          "label_fingerprint": true,
          "metadata_fingerprint": true,
          "network_interface": [
            {
              "access_config": [
                {
                  "assigned_nat_ip": true,
                  "nat_ip": true,
                  "network_tier": true
                }
              ],
              "address": true,
              "alias_ip_range": [],
              "name": true,
              "network_ip": true,
              "subnetwork": true,
              "subnetwork_project": true
            }
          ],
          "project": true,
          "scheduling": true,
          "scratch_disk": [],
          "self_link": true,
          "service_account": [],
          "shielded_instance_config": [],
          "tags_fingerprint": true
        }
      }
    },
    {
      "address": "google_compute_instance.default[\"n2d-highcpu-8\"]",
      "mode": "managed",
      "type": "google_compute_instance",
      "name": "default",
      "index": "n2d-highcpu-8",
      "provider_name": "google",
      "change": {
        "actions": [
          "create"
        ],
        "before": null,
        "after": {
          "allow_stopping_for_update": null,
          "attached_disk": [],
          "boot_disk": [
            {
              "auto_delete": true,
              "disk_encryption_key_raw": null,
              "initialize_params": [
                {
                  "image": "debian-cloud/debian-9"
                }
              ],
              "mode": "READ_WRITE"
            }
          ],
          "can_ip_forward": false,
          "deletion_protection": false,
          "description": null,
          "disk": [],
          "enable_display": null,
          "hostname": null,
          "labels": null,
          "machine_type": "n2d-highcpu-8",
          "metadata": null,
          "metadata_startup_script": null,
          "min_cpu_platform": null,
          "name": "test-n2d-highcpu-8",
          "network_interface": [
            {
              "access_config": [
                {
                  "public_ptr_domain_name": null
                }
              ],
              "alias_ip_range": [],
              "network": "default"
            }
          ],
          "scratch_disk": [],
          "service_account": [],
          "shielded_instance_config": [],
          "tags": null,
          "timeouts": null,
          "zone": "us-central1-a"
        },
        "after_unknown": {
          "attached_disk": [],
          "boot_disk": [
            {
              "device_name": true,
              "disk_encryption_key_sha256": true,
              "initialize_params": [
                {
                  "labels": true,
                  "size": true,
                  "type": true
                }
              ],
              "kms_key_self_link": true,
              "source": true
            }
          ],
          "cpu_platform": true,
          "disk": [],
          "guest_accelerator": true,
          "id": true,
          "instance_id": true,
          "label_fingerprint": true,
          "metadata_fingerprint": true,
          "network_interface": [
            {
              "access_config": [
                {
                  "assigned_nat_ip": true,
                  "nat_ip": true,
                  "network_tier": true
                }
              ],
              "address": true,
              "alias_ip_range": [],
              "name": true,
              "network_ip": true,
              "subnetwork": true,
              "subnetwork_project": true
            }
          ],
          "project": true,
          "scheduling": true,
          "scratch_disk": [],
          "self_link": true,
          "service_account": [],
          "shielded_instance_config": [],
          "tags_fingerprint": true
        }
      }
    },
    {
      "address": "google_compute_instance.default[\"n2d-highcpu-80\"]",
      "mode": "managed",
      "type": "google_compute_instance",
      "name": "default",
      "index": "n2d-highcpu-80",
      "provider_name": "google",
      "change": {
        "actions": [
          "create"
        ],
        "before": null,
        "after": {
          "allow_stopping_for_update": null,
          "attached_disk": [],
          "boot_disk": [
            {
              "auto_delete": true,
              "disk_encryption_key_raw": null,
              "initialize_params": [
                {
                  "image": "debian-cloud/debian-9"
                }
              ],
              "mode": "READ_WRITE"
            }
          ],
          "can_ip_forward": false,
          "deletion_protection": false,
          "description": null,
          "disk": [],
          "enable_display": null,
          "hostname": null,
          "labels": null,
          "machine_type": "n2d-highcpu-80",
          "metadata": null,
          "metadata_startup_script": null,
          "min_cpu_platform": null,
          "name": "test-n2d-highcpu-80",
          "network_interface": [
            {
              "access_config": [
                {
                  "public_ptr_domain_name": null
                }
              ],
              "alias_ip_range": [],
              "network": "default"
            }
          ],
          "scratch_disk": [],
          "service_account": [],
          "shielded_instance_config": [],
          "tags": null,
          "timeouts": null,
          "zone": "us-central1-a"
        },
        "after_unknown": {
          "attached_disk": [],
          "boot_disk": [
            {
              "device_name": true,
              "disk_encryption_key_sha256": true,
              "initialize_params": [
                {
                  "labels": true,
                  "size": true,
                  "type": true
                }
              ],
              "kms_key_self_link": true,
              "source": true
            }
          ],
          "cpu_platform": true,
          "disk": [],
          "guest_accelerator": true,
          "id": true,
          "instance_id": true,
          "label_fingerprint": true,
          "metadata_fingerprint": true,
          "network_interface": [
            {
              "access_config": [
                {
                  "assigned_nat_ip": true,
                  "nat_ip": true,
                  "network_tier": true
                }
              ],
              "address": true,
              "alias_ip_range": [],
              "name": true,
              "network_ip": true,
              "subnetwork": true,
              "subnetwork_project": true
            }
          ],
          "project": true,
          "scheduling": true,
          "scratch_disk": [],
          "self_link": true,
          "service_account": [],
          "shielded_instance_config": [],
          "tags_fingerprint": true
        }
      }
    },
    {
      "address": "google_compute_instance.default[\"n2d-highcpu-96\"]",
      "mode": "managed",
      "type": "google_compute_instance",
      "name": "default",
      "index": "n2d-highcpu-96",
      "provider_name": "google",
      "change": {
        "actions": [
          "create"
        ],
        "before": null,
        "after": {
          "allow_stopping_for_update": null,
          "attached_disk": [],
          "boot_disk": [
            {
              "auto_delete": true,
              "disk_encryption_key_raw": null,
              "initialize_params": [
                {
                  "image": "debian-cloud/debian-9"
                }
              ],
              "mode": "READ_WRITE"
            }
          ],
          "can_ip_forward": false,
          "deletion_protection": false,
          "description": null,
          "disk": [],
          "enable_display": null,
          "hostname": null,
          "labels": null,
          "machine_type": "n2d-highcpu-96",
          "metadata": null,
          "metadata_startup_script": null,
          "min_cpu_platform": null,
          "name": "test-n2d-highcpu-96",
          "network_interface": [
            {
              "access_config": [
                {
                  "public_ptr_domain_name": null
                }
              ],
              "alias_ip_range": [],
              "network": "default"
            }
          ],
          "scratch_disk": [],
          "service_account": [],
          "shielded_instance_config": [],
          "tags": null,
          "timeouts": null,
          "zone": "us-central1-a"
        },
        "after_unknown": {
          "attached_disk": [],
          "boot_disk": [
            {
              "device_name": true,
              "disk_encryption_key_sha256": true,
              "initialize_params": [
                {
                  "labels": true,
                  "size": true,
                  "type": true
                }
              ],
              "kms_key_self_link": true,
              "source": true
            }
          ],
          "cpu_platform": true,
          "disk": [],
          "guest_accelerator": true,
          "id": true,
          "instance_id": true,
          "label_fingerprint": true,
          "metadata_fingerprint": true,
          "network_interface": [
            {
              "access_config": [
                {
                  "assigned_nat_ip": true,
                  "nat_ip": true,
                  "network_tier": true
                }
              ],
              "address": true,
              "alias_ip_range": [],
              "name": true,
              "network_ip": true,
              "subnetwork": true,
              "subnetwork_project": true
            }
          ],
          "project": true,
          "scheduling": true,
          "scratch_disk": [],
          "self_link": true,
          "service_account": [],
          "shielded_instance_config": [],
          "tags_fingerprint": true
        }
      }
    },
    {
      "address": "google_compute_instance.default[\"n2d-highmem-16\"]",
      "mode": "managed",
      "type": "google_compute_instance",
      "name": "default",
      "index": "n2d-highmem-16",
      "provider_name": "google",
      "change": {
        "actions": [
          "create"
        ],
        "before": null,
        "after": {
          "allow_stopping_for_update": null,
          "attached_disk": [],
          "boot_disk": [
            {
              "auto_delete": true,
              "disk_encryption_key_raw": null,
              "initialize_params": [
                {
                  "image": "debian-cloud/debian-9"
                }
              ],
              "mode": "READ_WRITE"
            }
          ],
          "can_ip_forward": false,
          "deletion_protection": false,
          "description": null,
          "disk": [],
          "enable_display": null,
          "hostname": null,
          "labels": null,
          "machine_type": "n2d-highmem-16",
          "metadata": null,
          "metadata_startup_script": null,
          "min_cpu_platform": null,
          "name": "test-n2d-highmem-16",
          "network_interface": [
            {
              "access_config": [
                {
                  "public_ptr_domain_name": null
                }
              ],
              "alias_ip_range": [],
              "network": "default"
            }
          ],
          "scratch_disk": [],
          "service_account": [],
          "shielded_instance_config": [],
          "tags": null,
          "timeouts": null,
          "zone": "us-central1-a"
        },
        "after_unknown": {
          "attached_disk": [],
          "boot_disk": [
            {
              "device_name": true,
              "disk_encryption_key_sha256": true,
              "initialize_params": [
                {
                  "labels": true,
                  "size": true,
                  "type": true
                }
              ],
              "kms_key_self_link": true,
              "source": true
            }
          ],
          "cpu_platform": true,
          "disk": [],
          "guest_accelerator": true,
          "id": true,
          "instance_id": true,
          "label_fingerprint": true,
          "metadata_fingerprint": true,
          "network_interface": [
            {
              "access_config": [
                {
                  "assigned_nat_ip": true,
                  "nat_ip": true,
                  "network_tier": true
                }
              ],
              "address": true,
              "alias_ip_range": [],
              "name": true,
              "network_ip": true,
              "subnetwork": true,
              "subnetwork_project": true
            }
          ],
          "project": true,
          "scheduling": true,
          "scratch_disk": [],
          "self_link": true,
          "service_account": [],
          "shielded_instance_config": [],
          "tags_fingerprint": true
        }
      }
    },
    {
      "address": "google_compute_instance.default[\"n2d-highmem-2\"]",
      "mode": "managed",
      "type": "google_compute_instance",
      "name": "default",
      "index": "n2d-highmem-2",
      "provider_name": "google",
      "change": {
        "actions": [
          "create"
        ],
        "before": null,
        "after": {
          "allow_stopping_for_update": null,
          "attached_disk": [],
          "boot_disk": [
            {
              "auto_delete": true,
              "disk_encryption_key_raw": null,
              "initialize_params": [
                {
                  "image": "debian-cloud/debian-9"
                }
              ],
              "mode": "READ_WRITE"
            }
          ],
          "can_ip_forward": false,
          "deletion_protection": false,
          "description": null,
          "disk": [],
          "enable_display": null,
          "hostname": null,
          "labels": null,
          "machine_type": "n2d-highmem-2",
          "metadata": null,
          "metadata_startup_script": null,
          "min_cpu_platform": null,
          "name": "test-n2d-highmem-2",
          "network_interface": [
            {
              "access_config": [
                {
                  "public_ptr_domain_name": null
                }
              ],
              "alias_ip_range": [],
              "network": "default"
            }
          ],
          "scratch_disk": [],
          "service_account": [],
          "shielded_instance_config": [],
          "tags": null,
          "timeouts": null,
          "zone": "us-central1-a"
        },
        "after_unknown": {
          "attached_disk": [],
          "boot_disk": [
            {
              "device_name": true,
              "disk_encryption_key_sha256": true,
              "initialize_params": [
                {
                  "labels": true,
                  "size": true,
                  "type": true
                }
              ],
              "kms_key_self_link": true,
              "source": true
            }
          ],
          "cpu_platform": true,
          "disk": [],
          "guest_accelerator": true,
          "id": true,
          "instance_id": true,
          "label_fingerprint": true,
          "metadata_fingerprint": true,
          "network_interface": [
            {
              "access_config": [
                {
                  "assigned_nat_ip": true,
                  "nat_ip": true,
                  "network_tier": true
                }
              ],
              "address": true,
              "alias_ip_range": [],
              "name": true,
              "network_ip": true,
              "subnetwork": true,
              "subnetwork_project": true
            }
          ],
          "project": true,
          "scheduling": true,
          "scratch_disk": [],
          "self_link": true,
          "service_account": [],
          "shielded_instance_config": [],
          "tags_fingerprint": true
        }
      }
    },
    {
      "address": "google_compute_instance.default[\"n2d-highmem-32\"]",
      "mode": "managed",
      "type": "google_compute_instance",
      "name": "default",
      "index": "n2d-highmem-32",
      "provider_name": "google",
      "change": {
        "actions": [
          "create"
        ],
        "before": null,
        "after": {
          "allow_stopping_for_update": null,
          "attached_disk": [],
          "boot_disk": [
            {
              "auto_delete": true,
              "disk_encryption_key_raw": null,
              "initialize_params": [
                {
                  "image": "debian-cloud/debian-9"
                }
              ],
              "mode": "READ_WRITE"
            }
          ],
          "can_ip_forward": false,
          "deletion_protection": false,
          "description": null,
          "disk": [],
          "enable_display": null,
          "hostname": null,
          "labels": null,
          "machine_type": "n2d-highmem-32",
          "metadata": null,
          "metadata_startup_script": null,
          "min_cpu_platform": null,
          "name": "test-n2d-highmem-32",
          "network_interface": [
            {
              "access_config": [
                {
                  "public_ptr_domain_name": null
                }
              ],
              "alias_ip_range": [],
              "network": "default"
            }
          ],
          "scratch_disk": [],
          "service_account": [],
          "shielded_instance_config": [],
          "tags": null,
          "timeouts": null,
          "zone": "us-central1-a"
        },
        "after_unknown": {
          "attached_disk": [],
          "boot_disk": [
            {
              "device_name": true,
              "disk_encryption_key_sha256": true,
              "initialize_params": [
                {
                  "labels": true,
                  "size": true,
                  "type": true
                }
              ],
              "kms_key_self_link": true,
              "source": true
            }
          ],
          "cpu_platform": true,
          "disk": [],
          "guest_accelerator": true,
          "id": true,
          "instance_id": true,
          "label_fingerprint": true,
          "metadata_fingerprint": true,
          "network_interface": [
            {
              "access_config": [
                {
                  "assigned_nat_ip": true,
                  "nat_ip": true,
                  "network_tier": true
                }
              ],
              "address": true,
              "alias_ip_range": [],
              "name": true,
              "network_ip": true,
              "subnetwork": true,
              "subnetwork_project": true
            }
          ],
          "project": true,
          "scheduling": true,
          "scratch_disk": [],
          "self_link": true,
          "service_account": [],
          "shielded_instance_config": [],
          "tags_fingerprint": true
        }
      }
    },
    {
      "address": "google_compute_instance.default[\"n2d-highmem-4\"]",
      "mode": "managed",
      "type": "google_compute_instance",
      "name": "default",
      "index": "n2d-highmem-4",
      "provider_name": "google",
      "change": {
        "actions": [
          "create"
        ],
        "before": null,
        "after": {
          "allow_stopping_for_update": null,
          "attached_disk": [],
          "boot_disk": [
            {
              "auto_delete": true,
              "disk_encryption_key_raw": null,
              "initialize_params": [
                {
                  "image": "debian-cloud/debian-9"
                }
              ],
              "mode": "READ_WRITE"
            }
          ],
          "can_ip_forward": false,
          "deletion_protection": false,
          "description": null,
          "disk": [],
          "enable_display": null,
          "hostname": null,
          "labels": null,
          "machine_type": "n2d-highmem-4",
          "metadata": null,
          "metadata_startup_script": null,
          "min_cpu_platform": null,
          "name": "test-n2d-highmem-4",
          "network_interface": [
            {
              "access_config": [
                {
                  "public_ptr_domain_name": null
                }
              ],
              "alias_ip_range": [],
              "network": "default"
            }
          ],
          "scratch_disk": [],
          "service_account": [],
          "shielded_instance_config": [],
          "tags": null,
          "timeouts": null,
          "zone": "us-central1-a"
        },
        "after_unknown": {
          "attached_disk": [],
          "boot_disk": [
            {
              "device_name": true,
              "disk_encryption_key_sha256": true,
              "initialize_params": [
                {
                  "labels": true,
                  "size": true,
                  "type": true
                }
              ],
              "kms_key_self_link": true,
              "source": true
            }
          ],
          "cpu_platform": true,
          "disk": [],
          "guest_accelerator": true,
          "id": true,
          "instance_id": true,
          "label_fingerprint": true,
          "metadata_fingerprint": true,
          "network_interface": [
            {
              "access_config": [
                {
                  "assigned_nat_ip": true,
                  "nat_ip": true,
                  "network_tier": true
                }
              ],
              "address": true,
              "alias_ip_range": [],
              "name": true,
              "network_ip": true,
              "subnetwork": true,
              "subnetwork_project": true
            }
          ],
          "project": true,
          "scheduling": true,
          "scratch_disk": [],
          "self_link": true,
          "service_account": [],
          "shielded_instance_config": [],
          "tags_fingerprint": true
        }
      }
    },
    {
      "address": "google_compute_instance.default[\"n2d-highmem-48\"]",
      "mode": "managed",
      "type": "google_compute_instance",
      "name": "default",
      "index": "n2d-highmem-48",
      "provider_name": "google",
      "change": {
        "actions": [
          "create"
        ],
        "before": null,
        "after": {
          "allow_stopping_for_update": null,
          "attached_disk": [],
          "boot_disk": [
            {
              "auto_delete": true,
              "disk_encryption_key_raw": null,
              "initialize_params": [
                {
                  "image": "debian-cloud/debian-9"
                }
              ],
              "mode": "READ_WRITE"
            }
          ],
          "can_ip_forward": false,
          "deletion_protection": false,
          "description": null,
          "disk": [],
          "enable_display": null,
          "hostname": null,
          "labels": null,
          "machine_type": "n2d-highmem-48",
          "metadata": null,
          "metadata_startup_script": null,
          "min_cpu_platform": null,
          "name": "test-n2d-highmem-48",
          "network_interface": [
            {
              "access_config": [
                {
                  "public_ptr_domain_name": null
                }
              ],
              "alias_ip_range": [],
              "network": "default"
            }
          ],
          "scratch_disk": [],
          "service_account": [],
          "shielded_instance_config": [],
          "tags": null,
          "timeouts": null,
          "zone": "us-central1-a"
        },
        "after_unknown": {
          "attached_disk": [],
          "boot_disk": [
            {
              "device_name": true,
              "disk_encryption_key_sha256": true,
              "initialize_params": [
                {
                  "labels": true,
                  "size": true,
                  "type": true
                }
              ],
              "kms_key_self_link": true,
              "source": true
            }
          ],
          "cpu_platform": true,
          "disk": [],
          "guest_accelerator": true,
          "id": true,
          "instance_id": true,
          "label_fingerprint": true,
          "metadata_fingerprint": true,
          "network_interface": [
            {
              "access_config": [
                {
                  "assigned_nat_ip": true,
                  "nat_ip": true,
                  "network_tier": true
                }
              ],
              "address": true,
              "alias_ip_range": [],
              "name": true,
              "network_ip": true,
              "subnetwork": true,
              "subnetwork_project": true
            }
          ],
          "project": true,
          "scheduling": true,
          "scratch_disk": [],
          "self_link": true,
          "service_account": [],
          "shielded_instance_config": [],
          "tags_fingerprint": true
        }
      }
    },
    {
      "address": "google_compute_instance.default[\"n2d-highmem-64\"]",
      "mode": "managed",
      "type": "google_compute_instance",
      "name": "default",
      "index": "n2d-highmem-64",
      "provider_name": "google",
      "change": {
        "actions": [
          "create"
        ],
        "before": null,
        "after": {
          "allow_stopping_for_update": null,
          "attached_disk": [],
          "boot_disk": [
            {
              "auto_delete": true,
              "disk_encryption_key_raw": null,
              "initialize_params": [
                {
                  "image": "debian-cloud/debian-9"
                }
              ],
              "mode": "READ_WRITE"
            }
          ],
          "can_ip_forward": false,
          "deletion_protection": false,
          "description": null,
          "disk": [],
          "enable_display": null,
          "hostname": null,
          "labels": null,
          "machine_type": "n2d-highmem-64",
          "metadata": null,
          "metadata_startup_script": null,
          "min_cpu_platform": null,
          "name": "test-n2d-highmem-64",
          "network_interface": [
            {
              "access_config": [
                {
                  "public_ptr_domain_name": null
                }
              ],
              "alias_ip_range": [],
              "network": "default"
            }
          ],
          "scratch_disk": [],
          "service_account": [],
          "shielded_instance_config": [],
          "tags": null,
          "timeouts": null,
          "zone": "us-central1-a"
        },
        "after_unknown": {
          "attached_disk": [],
          "boot_disk": [
            {
              "device_name": true,
              "disk_encryption_key_sha256": true,
              "initialize_params": [
                {
                  "labels": true,
                  "size": true,
                  "type": true
                }
              ],
              "kms_key_self_link": true,
              "source": true
            }
          ],
          "cpu_platform": true,
          "disk": [],
          "guest_accelerator": true,
          "id": true,
          "instance_id": true,
          "label_fingerprint": true,
          "metadata_fingerprint": true,
          "network_interface": [
            {
              "access_config": [
                {
                  "assigned_nat_ip": true,
                  "nat_ip": true,
                  "network_tier": true
                }
              ],
              "address": true,
              "alias_ip_range": [],
              "name": true,
              "network_ip": true,
              "subnetwork": true,
              "subnetwork_project": true
            }
          ],
          "project": true,
          "scheduling": true,
          "scratch_disk": [],
          "self_link": true,
          "service_account": [],
          "shielded_instance_config": [],
          "tags_fingerprint": true
        }
      }
    },
    {
      "address": "google_compute_instance.default[\"n2d-highmem-8\"]",
      "mode": "managed",
      "type": "google_compute_instance",
      "name": "default",
      "index": "n2d-highmem-8",
      "provider_name": "google",
      "change": {
        "actions": [
          "create"
        ],
        "before": null,
        "after": {
          "allow_stopping_for_update": null,
          "attached_disk": [],
          "boot_disk": [
            {
              "auto_delete": true,
              "disk_encryption_key_raw": null,
              "initialize_params": [
                {
                  "image": "debian-cloud/debian-9"
                }
              ],
              "mode": "READ_WRITE"
            }
          ],
          "can_ip_forward": false,
          "deletion_protection": false,
          "description": null,
          "disk": [],
          "enable_display": null,
          "hostname": null,
          "labels": null,
          "machine_type": "n2d-highmem-8",
          "metadata": null,
          "metadata_startup_script": null,
          "min_cpu_platform": null,
          "name": "test-n2d-highmem-8",
          "network_interface": [
            {
              "access_config": [
                {
                  "public_ptr_domain_name": null
                }
              ],
              "alias_ip_range": [],
              "network": "default"
            }
          ],
          "scratch_disk": [],
          "service_account": [],
          "shielded_instance_config": [],
          "tags": null,
          "timeouts": null,
          "zone": "us-central1-a"
        },
        "after_unknown": {
          "attached_disk": [],
          "boot_disk": [
            {
              "device_name": true,
              "disk_encryption_key_sha256": true,
              "initialize_params": [
                {
                  "labels": true,
                  "size": true,
                  "type": true
                }
              ],
              "kms_key_self_link": true,
              "source": true
            }
          ],
          "cpu_platform": true,
          "disk": [],
          "guest_accelerator": true,
          "id": true,
          "instance_id": true,
          "label_fingerprint": true,
          "metadata_fingerprint": true,
          "network_interface": [
            {
              "access_config": [
                {
                  "assigned_nat_ip": true,
                  "nat_ip": true,
                  "network_tier": true
                }
              ],
              "address": true,
              "alias_ip_range": [],
              "name": true,
              "network_ip": true,
              "subnetwork": true,
              "subnetwork_project": true
            }
          ],
          "project": true,
          "scheduling": true,
          "scratch_disk": [],
          "self_link": true,
          "service_account": [],
          "shielded_instance_config": [],
          "tags_fingerprint": true
        }
      }
    },
    {
      "address": "google_compute_instance.default[\"n2d-highmem-80\"]",
      "mode": "managed",
      "type": "google_compute_instance",
      "name": "default",
      "index": "n2d-highmem-80",
      "provider_name": "google",
      "change": {
        "actions": [
          "create"
        ],
        "before": null,
        "after": {
          "allow_stopping_for_update": null,
          "attached_disk": [],
          "boot_disk": [
            {
              "auto_delete": true,
              "disk_encryption_key_raw": null,
              "initialize_params": [
                {
                  "image": "debian-cloud/debian-9"
                }
              ],
              "mode": "READ_WRITE"
            }
          ],
          "can_ip_forward": false,
          "deletion_protection": false,
          "description": null,
          "disk": [],
          "enable_display": null,
          "hostname": null,
          "labels": null,
          "machine_type": "n2d-highmem-80",
          "metadata": null,
          "metadata_startup_script": null,
          "min_cpu_platform": null,
          "name": "test-n2d-highmem-80",
          "network_interface": [
            {
              "access_config": [
                {
                  "public_ptr_domain_name": null
                }
              ],
              "alias_ip_range": [],
              "network": "default"
            }
          ],
          "scratch_disk": [],
          "service_account": [],
          "shielded_instance_config": [],
          "tags": null,
          "timeouts": null,
          "zone": "us-central1-a"
        },
        "after_unknown": {
          "attached_disk": [],
          "boot_disk": [
            {
              "device_name": true,
              "disk_encryption_key_sha256": true,
              "initialize_params": [
                {
                  "labels": true,
                  "size": true,
                  "type": true
                }
              ],
              "kms_key_self_link": true,
              "source": true
            }
          ],
          "cpu_platform": true,
          "disk": [],
          "guest_accelerator": true,
          "id": true,
          "instance_id": true,
          "label_fingerprint": true,
          "metadata_fingerprint": true,
          "network_interface": [
            {
              "access_config": [
                {
                  "assigned_nat_ip": true,
                  "nat_ip": true,
                  "network_tier": true
                }
              ],
              "address": true,
              "alias_ip_range": [],
              "name": true,
              "network_ip": true,
              "subnetwork": true,
              "subnetwork_project": true
            }
          ],
          "project": true,
          "scheduling": true,
          "scratch_disk": [],
          "self_link": true,
          "service_account": [],
          "shielded_instance_config": [],
          "tags_fingerprint": true
        }
      }
    },
    {
      "address": "google_compute_instance.default[\"n2d-highmem-96\"]",
      "mode": "managed",
      "type": "google_compute_instance",
      "name": "default",
      "index": "n2d-highmem-96",
      "provider_name": "google",
      "change": {
        "actions": [
          "create"
        ],
        "before": null,
        "after": {
          "allow_stopping_for_update": null,
          "attached_disk": [],
          "boot_disk": [
            {
              "auto_delete": true,
              "disk_encryption_key_raw": null,
              "initialize_params": [
                {
                  "image": "debian-cloud/debian-9"
                }
              ],
              "mode": "READ_WRITE"
            }
          ],
          "can_ip_forward": false,
          "deletion_protection": false,
          "description": null,
          "disk": [],
          "enable_display": null,
          "hostname": null,
          "labels": null,
          "machine_type": "n2d-highmem-96",
          "metadata": null,
          "metadata_startup_script": null,
          "min_cpu_platform": null,
          "name": "test-n2d-highmem-96",
          "network_interface": [
            {
              "access_config": [
                {
                  "public_ptr_domain_name": null
                }
              ],
              "alias_ip_range": [],
              "network": "default"
            }
          ],
          "scratch_disk": [],
          "service_account": [],
          "shielded_instance_config": [],
          "tags": null,
          "timeouts": null,
          "zone": "us-central1-a"
        },
        "after_unknown": {
          "attached_disk": [],
          "boot_disk": [
            {
              "device_name": true,
              "disk_encryption_key_sha256": true,
              "initialize_params": [
                {
                  "labels": true,
                  "size": true,
                  "type": true
                }
              ],
              "kms_key_self_link": true,
              "source": true
            }
          ],
          "cpu_platform": true,
          "disk": [],
          "guest_accelerator": true,
          "id": true,
          "instance_id": true,
          "label_fingerprint": true,
          "metadata_fingerprint": true,
          "network_interface": [
            {
              "access_config": [
                {
                  "assigned_nat_ip": true,
                  "nat_ip": true,
                  "network_tier": true
                }
              ],
              "address": true,
              "alias_ip_range": [],
              "name": true,
              "network_ip": true,
              "subnetwork": true,
              "subnetwork_project": true
            }
          ],
          "project": true,
          "scheduling": true,
          "scratch_disk": [],
          "self_link": true,
          "service_account": [],
          "shielded_instance_config": [],
          "tags_fingerprint": true
        }
      }
    },
    {
      "address": "google_compute_instance.default[\"n2d-standard-128\"]",
      "mode": "managed",
      "type": "google_compute_instance",
      "name": "default",
      "index": "n2d-standard-128",
      "provider_name": "google",
      "change": {
        "actions": [
          "create"
        ],
        "before": null,
        "after": {
          "allow_stopping_for_update": null,
          "attached_disk": [],
          "boot_disk": [
            {
              "auto_delete": true,
              "disk_encryption_key_raw": null,
              "initialize_params": [
                {
                  "image": "debian-cloud/debian-9"
                }
              ],
              "mode": "READ_WRITE"
            }
          ],
          "can_ip_forward": false,
          "deletion_protection": false,
          "description": null,
          "disk": [],
          "enable_display": null,
          "hostname": null,
          "labels": null,
          "machine_type": "n2d-standard-128",
          "metadata": null,
          "metadata_startup_script": null,
          "min_cpu_platform": null,
          "name": "test-n2d-standard-128",
          "network_interface": [
            {
              "access_config": [
                {
                  "public_ptr_domain_name": null
                }
              ],
              "alias_ip_range": [],
              "network": "default"
            }
          ],
          "scratch_disk": [],
          "service_account": [],
          "shielded_instance_config": [],
          "tags": null,
          "timeouts": null,
          "zone": "us-central1-a"
        },
        "after_unknown": {
          "attached_disk": [],
          "boot_disk": [
            {
              "device_name": true,
              "disk_encryption_key_sha256": true,
              "initialize_params": [
                {
                  "labels": true,
                  "size": true,
                  "type": true
                }
              ],
              "kms_key_self_link": true,
              "source": true
            }
          ],
          "cpu_platform": true,
          "disk": [],
          "guest_accelerator": true,
          "id": true,
          "instance_id": true,
          "label_fingerprint": true,
          "metadata_fingerprint": true,
          "network_interface": [
            {
              "access_config": [
                {
                  "assigned_nat_ip": true,
                  "nat_ip": true,
                  "network_tier": true
                }
              ],
              "address": true,
              "alias_ip_range": [],
              "name": true,
              "network_ip": true,
              "subnetwork": true,
              "subnetwork_project": true
            }
          ],
          "project": true,
          "scheduling": true,
          "scratch_disk": [],
          "self_link": true,
          "service_account": [],
          "shielded_instance_config": [],
          "tags_fingerprint": true
        }
      }
    },
    {
      "address": "google_compute_instance.default[\"n2d-standard-16\"]",
      "mode": "managed",
      "type": "google_compute_instance",
      "name": "default",
      "index": "n2d-standard-16",
      "provider_name": "google",
      "change": {
        "actions": [
          "create"
        ],
        "before": null,
        "after": {
          "allow_stopping_for_update": null,
          "attached_disk": [],
          "boot_disk": [
            {
              "auto_delete": true,
              "disk_encryption_key_raw": null,
              "initialize_params": [
                {
                  "image": "debian-cloud/debian-9"
                }
              ],
              "mode": "READ_WRITE"
            }
          ],
          "can_ip_forward": false,
          "deletion_protection": false,
          "description": null,
          "disk": [],
          "enable_display": null,
          "hostname": null,
          "labels": null,
          "machine_type": "n2d-standard-16",
          "metadata": null,
          "metadata_startup_script": null,
          "min_cpu_platform": null,
          "name": "test-n2d-standard-16",
          "network_interface": [
            {
              "access_config": [
                {
                  "public_ptr_domain_name": null
                }
              ],
              "alias_ip_range": [],
              "network": "default"
            }
          ],
          "scratch_disk": [],
          "service_account": [],
          "shielded_instance_config": [],
          "tags": null,
          "timeouts": null,
          "zone": "us-central1-a"
        },
        "after_unknown": {
          "attached_disk": [],
          "boot_disk": [
            {
              "device_name": true,
              "disk_encryption_key_sha256": true,
              "initialize_params": [
                {
                  "labels": true,
                  "size": true,
                  "type": true
                }
              ],
              "kms_key_self_link": true,
              "source": true
            }
          ],
          "cpu_platform": true,
          "disk": [],
          "guest_accelerator": true,
          "id": true,
          "instance_id": true,
          "label_fingerprint": true,
          "metadata_fingerprint": true,
          "network_interface": [
            {
              "access_config": [
                {
                  "assigned_nat_ip": true,
                  "nat_ip": true,
                  "network_tier": true
                }
              ],
              "address": true,
              "alias_ip_range": [],
              "name": true,
              "network_ip": true,
              "subnetwork": true,
              "subnetwork_project": true
            }
          ],
          "project": true,
          "scheduling": true,
          "scratch_disk": [],
          "self_link": true,
          "service_account": [],
          "shielded_instance_config": [],
          "tags_fingerprint": true
        }
      }
    },
    {
      "address": "google_compute_instance.default[\"n2d-standard-2\"]",
      "mode": "managed",
      "type": "google_compute_instance",
      "name": "default",
      "index": "n2d-standard-2",
      "provider_name": "google",
      "change": {
        "actions": [
          "create"
        ],
        "before": null,
        "after": {
          "allow_stopping_for_update": null,
          "attached_disk": [],
          "boot_disk": [
            {
              "auto_delete": true,
              "disk_encryption_key_raw": null,
              "initialize_params": [
                {
                  "image": "debian-cloud/debian-9"
                }
              ],
              "mode": "READ_WRITE"
            }
          ],
          "can_ip_forward": false,
          "deletion_protection": false,
          "description": null,
          "disk": [],
          "enable_display": null,
          "hostname": null,
          "labels": null,
          "machine_type": "n2d-standard-2",
          "metadata": null,
          "metadata_startup_script": null,
          "min_cpu_platform": null,
          "name": "test-n2d-standard-2",
          "network_interface": [
            {
              "access_config": [
                {
                  "public_ptr_domain_name": null
                }
              ],
              "alias_ip_range": [],
              "network": "default"
            }
          ],
          "scratch_disk": [],
          "service_account": [],
          "shielded_instance_config": [],
          "tags": null,
          "timeouts": null,
          "zone": "us-central1-a"
        },
        "after_unknown": {
          "attached_disk": [],
          "boot_disk": [
            {
              "device_name": true,
              "disk_encryption_key_sha256": true,
              "initialize_params": [
                {
                  "labels": true,
                  "size": true,
                  "type": true
                }
              ],
              "kms_key_self_link": true,
              "source": true
            }
          ],
          "cpu_platform": true,
          "disk": [],
          "guest_accelerator": true,
          "id": true,
          "instance_id": true,
          "label_fingerprint": true,
          "metadata_fingerprint": true,
          "network_interface": [
            {
              "access_config": [
                {
                  "assigned_nat_ip": true,
                  "nat_ip": true,
                  "network_tier": true
                }
              ],
              "address": true,
              "alias_ip_range": [],
              "name": true,
              "network_ip": true,
              "subnetwork": true,
              "subnetwork_project": true
            }
          ],
          "project": true,
          "scheduling": true,
          "scratch_disk": [],
          "self_link": true,
          "service_account": [],
          "shielded_instance_config": [],
          "tags_fingerprint": true
        }
      }
    },
    {
      "address": "google_compute_instance.default[\"n2d-standard-224\"]",
      "mode": "managed",
      "type": "google_compute_instance",
      "name": "default",
      "index": "n2d-standard-224",
      "provider_name": "google",
      "change": {
        "actions": [
          "create"
        ],
        "before": null,
        "after": {
          "allow_stopping_for_update": null,
          "attached_disk": [],
          "boot_disk": [
            {
              "auto_delete": true,
              "disk_encryption_key_raw": null,
              "initialize_params": [
                {
                  "image": "debian-cloud/debian-9"
                }
              ],
              "mode": "READ_WRITE"
            }
          ],
          "can_ip_forward": false,
          "deletion_protection": false,
          "description": null,
          "disk": [],
          "enable_display": null,
          "hostname": null,
          "labels": null,
          "machine_type": "n2d-standard-224",
          "metadata": null,
          "metadata_startup_script": null,
          "min_cpu_platform": null,
          "name": "test-n2d-standard-224",
          "network_interface": [
            {
              "access_config": [
                {
                  "public_ptr_domain_name": null
                }
              ],
              "alias_ip_range": [],
              "network": "default"
            }
          ],
          "scratch_disk": [],
          "service_account": [],
          "shielded_instance_config": [],
          "tags": null,
          "timeouts": null,
          "zone": "us-central1-a"
        },
        "after_unknown": {
          "attached_disk": [],
          "boot_disk": [
            {
              "device_name": true,
              "disk_encryption_key_sha256": true,
              "initialize_params": [
                {
                  "labels": true,
                  "size": true,
                  "type": true
                }
              ],
              "kms_key_self_link": true,
              "source": true
            }
          ],
          "cpu_platform": true,
          "disk": [],
          "guest_accelerator": true,
          "id": true,
          "instance_id": true,
          "label_fingerprint": true,
          "metadata_fingerprint": true,
          "network_interface": [
            {
              "access_config": [
                {
                  "assigned_nat_ip": true,
                  "nat_ip": true,
                  "network_tier": true
                }
              ],
              "address": true,
              "alias_ip_range": [],
              "name": true,
              "network_ip": true,
              "subnetwork": true,
              "subnetwork_project": true
            }
          ],
          "project": true,
          "scheduling": true,
          "scratch_disk": [],
          "self_link": true,
          "service_account": [],
          "shielded_instance_config": [],
          "tags_fingerprint": true
        }
      }
    },
    {
      "address": "google_compute_instance.default[\"n2d-standard-32\"]",
      "mode": "managed",
      "type": "google_compute_instance",
      "name": "default",
      "index": "n2d-standard-32",
      "provider_name": "google",
      "change": {
        "actions": [
          "create"
        ],
        "before": null,
        "after": {
          "allow_stopping_for_update": null,
          "attached_disk": [],
          "boot_disk": [
            {
              "auto_delete": true,
              "disk_encryption_key_raw": null,
              "initialize_params": [
                {
                  "image": "debian-cloud/debian-9"
                }
              ],
              "mode": "READ_WRITE"
            }
          ],
          "can_ip_forward": false,
          "deletion_protection": false,
          "description": null,
          "disk": [],
          "enable_display": null,
          "hostname": null,
          "labels": null,
          "machine_type": "n2d-standard-32",
          "metadata": null,
          "metadata_startup_script": null,
          "min_cpu_platform": null,
          "name": "test-n2d-standard-32",
          "network_interface": [
            {
              "access_config": [
                {
                  "public_ptr_domain_name": null
                }
              ],
              "alias_ip_range": [],
              "network": "default"
            }
          ],
          "scratch_disk": [],
          "service_account": [],
          "shielded_instance_config": [],
          "tags": null,
          "timeouts": null,
          "zone": "us-central1-a"
        },
        "after_unknown": {
          "attached_disk": [],
          "boot_disk": [
            {
              "device_name": true,
              "disk_encryption_key_sha256": true,
              "initialize_params": [
                {
                  "labels": true,
                  "size": true,
                  "type": true
                }
              ],
              "kms_key_self_link": true,
              "source": true
            }
          ],
          "cpu_platform": true,
          "disk": [],
          "guest_accelerator": true,
          "id": true,
          "instance_id": true,
          "label_fingerprint": true,
          "metadata_fingerprint": true,
          "network_interface": [
            {
              "access_config": [
                {
                  "assigned_nat_ip": true,
                  "nat_ip": true,
                  "network_tier": true
                }
              ],
              "address": true,
              "alias_ip_range": [],
              "name": true,
              "network_ip": true,
              "subnetwork": true,
              "subnetwork_project": true
            }
          ],
          "project": true,
          "scheduling": true,
          "scratch_disk": [],
          "self_link": true,
          "service_account": [],
          "shielded_instance_config": [],
          "tags_fingerprint": true
        }
      }
    },
    {
      "address": "google_compute_instance.default[\"n2d-standard-4\"]",
      "mode": "managed",
      "type": "google_compute_instance",
      "name": "default",
      "index": "n2d-standard-4",
      "provider_name": "google",
      "change": {
        "actions": [
          "create"
        ],
        "before": null,
        "after": {
          "allow_stopping_for_update": null,
          "attached_disk": [],
          "boot_disk": [
            {
              "auto_delete": true,
              "disk_encryption_key_raw": null,
              "initialize_params": [
                {
                  "image": "debian-cloud/debian-9"
                }
              ],
              "mode": "READ_WRITE"
            }
          ],
          "can_ip_forward": false,
          "deletion_protection": false,
          "description": null,
          "disk": [],
          "enable_display": null,
          "hostname": null,
          "labels": null,
          "machine_type": "n2d-standard-4",
          "metadata": null,
          "metadata_startup_script": null,
          "min_cpu_platform": null,
          "name": "test-n2d-standard-4",
          "network_interface": [
            {
              "access_config": [
                {
                  "public_ptr_domain_name": null
                }
              ],
              "alias_ip_range": [],
              "network": "default"
            }
          ],
          "scratch_disk": [],
          "service_account": [],
          "shielded_instance_config": [],
          "tags": null,
          "timeouts": null,
          "zone": "us-central1-a"
        },
        "after_unknown": {
          "attached_disk": [],
          "boot_disk": [
            {
              "device_name": true,
              "disk_encryption_key_sha256": true,
              "initialize_params": [
                {
                  "labels": true,
                  "size": true,
                  "type": true
                }
              ],
              "kms_key_self_link": true,
              "source": true
            }
          ],
          "cpu_platform": true,
          "disk": [],
          "guest_accelerator": true,
          "id": true,
          "instance_id": true,
          "label_fingerprint": true,
          "metadata_fingerprint": true,
          "network_interface": [
            {
              "access_config": [
                {
                  "assigned_nat_ip": true,
                  "nat_ip": true,
                  "network_tier": true
                }
              ],
              "address": true,
              "alias_ip_range": [],
              "name": true,
              "network_ip": true,
              "subnetwork": true,
              "subnetwork_project": true
            }
          ],
          "project": true,
          "scheduling": true,
          "scratch_disk": [],
          "self_link": true,
          "service_account": [],
          "shielded_instance_config": [],
          "tags_fingerprint": true
        }
      }
    },
    {
      "address": "google_compute_instance.default[\"n2d-standard-48\"]",
      "mode": "managed",
      "type": "google_compute_instance",
      "name": "default",
      "index": "n2d-standard-48",
      "provider_name": "google",
      "change": {
        "actions": [
          "create"
        ],
        "before": null,
        "after": {
          "allow_stopping_for_update": null,
          "attached_disk": [],
          "boot_disk": [
            {
              "auto_delete": true,
              "disk_encryption_key_raw": null,
              "initialize_params": [
                {
                  "image": "debian-cloud/debian-9"
                }
              ],
              "mode": "READ_WRITE"
            }
          ],
          "can_ip_forward": false,
          "deletion_protection": false,
          "description": null,
          "disk": [],
          "enable_display": null,
          "hostname": null,
          "labels": null,
          "machine_type": "n2d-standard-48",
          "metadata": null,
          "metadata_startup_script": null,
          "min_cpu_platform": null,
          "name": "test-n2d-standard-48",
          "network_interface": [
            {
              "access_config": [
                {
                  "public_ptr_domain_name": null
                }
              ],
              "alias_ip_range": [],
              "network": "default"
            }
          ],
          "scratch_disk": [],
          "service_account": [],
          "shielded_instance_config": [],
          "tags": null,
          "timeouts": null,
          "zone": "us-central1-a"
        },
        "after_unknown": {
          "attached_disk": [],
          "boot_disk": [
            {
              "device_name": true,
              "disk_encryption_key_sha256": true,
              "initialize_params": [
                {
                  "labels": true,
                  "size": true,
                  "type": true
                }
              ],
              "kms_key_self_link": true,
              "source": true
            }
          ],
          "cpu_platform": true,
          "disk": [],
          "guest_accelerator": true,
          "id": true,
          "instance_id": true,
          "label_fingerprint": true,
          "metadata_fingerprint": true,
          "network_interface": [
            {
              "access_config": [
                {
                  "assigned_nat_ip": true,
                  "nat_ip": true,
                  "network_tier": true
                }
              ],
              "address": true,
              "alias_ip_range": [],
              "name": true,
              "network_ip": true,
              "subnetwork": true,
              "subnetwork_project": true
            }
          ],
          "project": true,
          "scheduling": true,
          "scratch_disk": [],
          "self_link": true,
          "service_account": [],
          "shielded_instance_config": [],
          "tags_fingerprint": true
        }
      }
    },
    {
      "address": "google_compute_instance.default[\"n2d-standard-64\"]",
      "mode": "managed",
      "type": "google_compute_instance",
      "name": "default",
      "index": "n2d-standard-64",
      "provider_name": "google",
      "change": {
        "actions": [
          "create"
        ],
        "before": null,
        "after": {
          "allow_stopping_for_update": null,
          "attached_disk": [],
          "boot_disk": [
            {
              "auto_delete": true,
              "disk_encryption_key_raw": null,
              "initialize_params": [
                {
                  "image": "debian-cloud/debian-9"
                }
              ],
              "mode": "READ_WRITE"
            }
          ],
          "can_ip_forward": false,
          "deletion_protection": false,
          "description": null,
          "disk": [],
          "enable_display": null,
          "hostname": null,
          "labels": null,
          "machine_type": "n2d-standard-64",
          "metadata": null,
          "metadata_startup_script": null,
          "min_cpu_platform": null,
          "name": "test-n2d-standard-64",
          "network_interface": [
            {
              "access_config": [
                {
                  "public_ptr_domain_name": null
                }
              ],
              "alias_ip_range": [],
              "network": "default"
            }
          ],
          "scratch_disk": [],
          "service_account": [],
          "shielded_instance_config": [],
          "tags": null,
          "timeouts": null,
          "zone": "us-central1-a"
        },
        "after_unknown": {
          "attached_disk": [],
          "boot_disk": [
            {
              "device_name": true,
              "disk_encryption_key_sha256": true,
              "initialize_params": [
                {
                  "labels": true,
                  "size": true,
                  "type": true
                }
              ],
              "kms_key_self_link": true,
              "source": true
            }
          ],
          "cpu_platform": true,
          "disk": [],
          "guest_accelerator": true,
          "id": true,
          "instance_id": true,
          "label_fingerprint": true,
          "metadata_fingerprint": true,
          "network_interface": [
            {
              "access_config": [
                {
                  "assigned_nat_ip": true,
                  "nat_ip": true,
                  "network_tier": true
                }
              ],
              "address": true,
              "alias_ip_range": [],
              "name": true,
              "network_ip": true,
              "subnetwork": true,
              "subnetwork_project": true
            }
          ],
          "project": true,
          "scheduling": true,
          "scratch_disk": [],
          "self_link": true,
          "service_account": [],
          "shielded_instance_config": [],
          "tags_fingerprint": true
        }
      }
    },
    {
      "address": "google_compute_instance.default[\"n2d-standard-8\"]",
      "mode": "managed",
      "type": "google_compute_instance",
      "name": "default",
      "index": "n2d-standard-8",
      "provider_name": "google",
      "change": {
        "actions": [
          "create"
        ],
        "before": null,
        "after": {
          "allow_stopping_for_update": null,
          "attached_disk": [],
          "boot_disk": [
            {
              "auto_delete": true,
              "disk_encryption_key_raw": null,
              "initialize_params": [
                {
                  "image": "debian-cloud/debian-9"
                }
              ],
              "mode": "READ_WRITE"
            }
          ],
          "can_ip_forward": false,
          "deletion_protection": false,
          "description": null,
          "disk": [],
          "enable_display": null,
          "hostname": null,
          "labels": null,
          "machine_type": "n2d-standard-8",
          "metadata": null,
          "metadata_startup_script": null,
          "min_cpu_platform": null,
          "name": "test-n2d-standard-8",
          "network_interface": [
            {
              "access_config": [
                {
                  "public_ptr_domain_name": null
                }
              ],
              "alias_ip_range": [],
              "network": "default"
            }
          ],
          "scratch_disk": [],
          "service_account": [],
          "shielded_instance_config": [],
          "tags": null,
          "timeouts": null,
          "zone": "us-central1-a"
        },
        "after_unknown": {
          "attached_disk": [],
          "boot_disk": [
            {
              "device_name": true,
              "disk_encryption_key_sha256": true,
              "initialize_params": [
                {
                  "labels": true,
                  "size": true,
                  "type": true
                }
              ],
              "kms_key_self_link": true,
              "source": true
            }
          ],
          "cpu_platform": true,
          "disk": [],
          "guest_accelerator": true,
          "id": true,
          "instance_id": true,
          "label_fingerprint": true,
          "metadata_fingerprint": true,
          "network_interface": [
            {
              "access_config": [
                {
                  "assigned_nat_ip": true,
                  "nat_ip": true,
                  "network_tier": true
                }
              ],
              "address": true,
              "alias_ip_range": [],
              "name": true,
              "network_ip": true,
              "subnetwork": true,
              "subnetwork_project": true
            }
          ],
          "project": true,
          "scheduling": true,
          "scratch_disk": [],
          "self_link": true,
          "service_account": [],
          "shielded_instance_config": [],
          "tags_fingerprint": true
        }
      }
    },
    {
      "address": "google_compute_instance.default[\"n2d-standard-80\"]",
      "mode": "managed",
      "type": "google_compute_instance",
      "name": "default",
      "index": "n2d-standard-80",
      "provider_name": "google",
      "change": {
        "actions": [
          "create"
        ],
        "before": null,
        "after": {
          "allow_stopping_for_update": null,
          "attached_disk": [],
          "boot_disk": [
            {
              "auto_delete": true,
              "disk_encryption_key_raw": null,
              "initialize_params": [
                {
                  "image": "debian-cloud/debian-9"
                }
              ],
              "mode": "READ_WRITE"
            }
          ],
          "can_ip_forward": false,
          "deletion_protection": false,
          "description": null,
          "disk": [],
          "enable_display": null,
          "hostname": null,
          "labels": null,
          "machine_type": "n2d-standard-80",
          "metadata": null,
          "metadata_startup_script": null,
          "min_cpu_platform": null,
          "name": "test-n2d-standard-80",
          "network_interface": [
            {
              "access_config": [
                {
                  "public_ptr_domain_name": null
                }
              ],
              "alias_ip_range": [],
              "network": "default"
            }
          ],
          "scratch_disk": [],
          "service_account": [],
          "shielded_instance_config": [],
          "tags": null,
          "timeouts": null,
          "zone": "us-central1-a"
        },
        "after_unknown": {
          "attached_disk": [],
          "boot_disk": [
            {
              "device_name": true,
              "disk_encryption_key_sha256": true,
              "initialize_params": [
                {
                  "labels": true,
                  "size": true,
                  "type": true
                }
              ],
              "kms_key_self_link": true,
              "source": true
            }
          ],
          "cpu_platform": true,
          "disk": [],
          "guest_accelerator": true,
          "id": true,
          "instance_id": true,
          "label_fingerprint": true,
          "metadata_fingerprint": true,
          "network_interface": [
            {
              "access_config": [
                {
                  "assigned_nat_ip": true,
                  "nat_ip": true,
                  "network_tier": true
                }
              ],
              "address": true,
              "alias_ip_range": [],
              "name": true,
              "network_ip": true,
              "subnetwork": true,
              "subnetwork_project": true
            }
          ],
          "project": true,
          "scheduling": true,
          "scratch_disk": [],
          "self_link": true,
          "service_account": [],
          "shielded_instance_config": [],
          "tags_fingerprint": true
        }
      }
    },
    {
      "address": "google_compute_instance.default[\"n2d-standard-96\"]",
      "mode": "managed",
      "type": "google_compute_instance",
      "name": "default",
      "index": "n2d-standard-96",
      "provider_name": "google",
      "change": {
        "actions": [
          "create"
        ],
        "before": null,
        "after": {
          "allow_stopping_for_update": null,
          "attached_disk": [],
          "boot_disk": [
            {
              "auto_delete": true,
              "disk_encryption_key_raw": null,
              "initialize_params": [
                {
                  "image": "debian-cloud/debian-9"
                }
              ],
              "mode": "READ_WRITE"
            }
          ],
          "can_ip_forward": false,
          "deletion_protection": false,
          "description": null,
          "disk": [],
          "enable_display": null,
          "hostname": null,
          "labels": null,
          "machine_type": "n2d-standard-96",
          "metadata": null,
          "metadata_startup_script": null,
          "min_cpu_platform": null,
          "name": "test-n2d-standard-96",
          "network_interface": [
            {
              "access_config": [
                {
                  "public_ptr_domain_name": null
                }
              ],
              "alias_ip_range": [],
              "network": "default"
            }
          ],
          "scratch_disk": [],
          "service_account": [],
          "shielded_instance_config": [],
          "tags": null,
          "timeouts": null,
          "zone": "us-central1-a"
        },
        "after_unknown": {
          "attached_disk": [],
          "boot_disk": [
            {
              "device_name": true,
              "disk_encryption_key_sha256": true,
              "initialize_params": [
                {
                  "labels": true,
                  "size": true,
                  "type": true
                }
              ],
              "kms_key_self_link": true,
              "source": true
            }
          ],
          "cpu_platform": true,
          "disk": [],
          "guest_accelerator": true,
          "id": true,
          "instance_id": true,
          "label_fingerprint": true,
          "metadata_fingerprint": true,
          "network_interface": [
            {
              "access_config": [
                {
                  "assigned_nat_ip": true,
                  "nat_ip": true,
                  "network_tier": true
                }
              ],
              "address": true,
              "alias_ip_range": [],
              "name": true,
              "network_ip": true,
              "subnetwork": true,
              "subnetwork_project": true
            }
          ],
          "project": true,
          "scheduling": true,
          "scratch_disk": [],
          "self_link": true,
          "service_account": [],
          "shielded_instance_config": [],
          "tags_fingerprint": true
        }
      }
    }
  ],
  "configuration": {
    "root_module": {
      "resources": [
        {
          "address": "google_compute_instance.default",
          "mode": "managed",
          "type": "google_compute_instance",
          "name": "default",
          "provider_config_key": "google",
          "expressions": {
            "boot_disk": [
              {
                "initialize_params": [
                  {
                    "image": {
                      "constant_value": "debian-cloud/debian-9"
                    }
                  }
                ]
              }
            ],
            "machine_type": {
              "references": [
                "each.value"
              ]
            },
            "name": {
              "references": [
                "each.value"
              ]
            },
            "network_interface": [
              {
                "access_config": [
                  {}
                ],
                "network": {
                  "constant_value": "default"
                }
              }
            ],
            "zone": {
              "constant_value": "us-central1-a"
            }
          },
          "schema_version": 6,
          "for_each_expression": {
            "references": [
              "local.machine_types"
            ]
          }
        }
      ]
    }
  }
}
